// !$*UTF8*$!
{
	archiveVersion = 1;
	classes = {
	};
	objectVersion = 46;
	objects = {

/* Begin PBXBuildFile section */
		3C01190713D86090004808DA /* Baddie.m in Sources */ = {isa = PBXBuildFile; fileRef = 3C01190613D86090004808DA /* Baddie.m */; };
		3C01190813D8612E004808DA /* horde-unit.json in Resources */ = {isa = PBXBuildFile; fileRef = 3C01190313D85DDF004808DA /* horde-unit.json */; };
		3C10726F13EC33BB0062986D /* seeker.json in Resources */ = {isa = PBXBuildFile; fileRef = 3C10726E13EC33BB0062986D /* seeker.json */; };
		3C10727313EC35380062986D /* Fray.m in Sources */ = {isa = PBXBuildFile; fileRef = 3C10727213EC35380062986D /* Fray.m */; };
		3C10727613EC55BE0062986D /* Arms.m in Sources */ = {isa = PBXBuildFile; fileRef = 3C10727513EC55BD0062986D /* Arms.m */; };
		3C10727913EC560D0062986D /* arms.json in Resources */ = {isa = PBXBuildFile; fileRef = 3C10727813EC560D0062986D /* arms.json */; };
		3C138B8E13CCAD9D002FC701 /* mage.json in Resources */ = {isa = PBXBuildFile; fileRef = 3C138B8D13CCAD9D002FC701 /* mage.json */; };
		3C138B8F13CCAD9D002FC701 /* mage.json in Resources */ = {isa = PBXBuildFile; fileRef = 3C138B8D13CCAD9D002FC701 /* mage.json */; };
		3C138B9213CCB15B002FC701 /* TECharacterLoader.m in Sources */ = {isa = PBXBuildFile; fileRef = 3C138B9113CCB15A002FC701 /* TECharacterLoader.m */; };
		3C138B9313CCB15B002FC701 /* TECharacterLoader.m in Sources */ = {isa = PBXBuildFile; fileRef = 3C138B9113CCB15A002FC701 /* TECharacterLoader.m */; };
		3C138B9613CCC7E0002FC701 /* TEAnimation.m in Sources */ = {isa = PBXBuildFile; fileRef = 3C138B9513CCC7E0002FC701 /* TEAnimation.m */; };
		3C138B9713CCC7E0002FC701 /* TEAnimation.m in Sources */ = {isa = PBXBuildFile; fileRef = 3C138B9513CCC7E0002FC701 /* TEAnimation.m */; };
		3C20D40E13E3ACDF00A90FEB /* bullet-splash.json in Resources */ = {isa = PBXBuildFile; fileRef = 3C20D40D13E3ACDF00A90FEB /* bullet-splash.json */; };
		3C20D41213E3AD4C00A90FEB /* BulletSplash.m in Sources */ = {isa = PBXBuildFile; fileRef = 3C20D41113E3AD4C00A90FEB /* BulletSplash.m */; };
		3C20D41513E443A400A90FEB /* TEVertexColorAnimation.m in Sources */ = {isa = PBXBuildFile; fileRef = 3C20D41413E443A400A90FEB /* TEVertexColorAnimation.m */; };
		3C20D41A13E4EAB700A90FEB /* explosion.wav in Resources */ = {isa = PBXBuildFile; fileRef = 3C20D41913E4EAB700A90FEB /* explosion.wav */; };
		3C20D41C13E4EB1F00A90FEB /* hurt2.wav in Resources */ = {isa = PBXBuildFile; fileRef = 3C20D41B13E4EB1F00A90FEB /* hurt2.wav */; };
		3C20D41F13E6003100A90FEB /* Background.m in Sources */ = {isa = PBXBuildFile; fileRef = 3C20D41E13E6002F00A90FEB /* Background.m */; };
		3C20D42213E6162600A90FEB /* FighterLife.m in Sources */ = {isa = PBXBuildFile; fileRef = 3C20D42113E6162500A90FEB /* FighterLife.m */; };
		3C20D42413E6164F00A90FEB /* fighter-life.json in Resources */ = {isa = PBXBuildFile; fileRef = 3C20D42313E6164F00A90FEB /* fighter-life.json */; };
		3C228ADE13E7082700CFE5D1 /* shot-timer.json in Resources */ = {isa = PBXBuildFile; fileRef = 3C228ADD13E7082700CFE5D1 /* shot-timer.json */; };
		3C228AE213E708F200CFE5D1 /* ShotTimer.m in Sources */ = {isa = PBXBuildFile; fileRef = 3C228AE113E708F200CFE5D1 /* ShotTimer.m */; };
		3C228AE413E7151600CFE5D1 /* extra-life-powerup.json in Resources */ = {isa = PBXBuildFile; fileRef = 3C228AE313E7151600CFE5D1 /* extra-life-powerup.json */; };
		3C228AE813E7155000CFE5D1 /* extra-shot-powerup.json in Resources */ = {isa = PBXBuildFile; fileRef = 3C228AE713E7155000CFE5D1 /* extra-shot-powerup.json */; };
		3C228AEA13E7156A00CFE5D1 /* health-powerup.json in Resources */ = {isa = PBXBuildFile; fileRef = 3C228AE913E7156A00CFE5D1 /* health-powerup.json */; };
		3C228AED13E7185600CFE5D1 /* ExtraLife.m in Sources */ = {isa = PBXBuildFile; fileRef = 3C228AEC13E7185600CFE5D1 /* ExtraLife.m */; };
		3C2DE86613D9CB9D000237D2 /* TitleScreen.m in Sources */ = {isa = PBXBuildFile; fileRef = 3C2DE86513D9CB9D000237D2 /* TitleScreen.m */; };
		3C2DE86813D9DA93000237D2 /* main-menu-background.jpg in Resources */ = {isa = PBXBuildFile; fileRef = 3C2DE86713D9DA93000237D2 /* main-menu-background.jpg */; };
		3C2DE86A13D9DAA3000237D2 /* credits.txt in Resources */ = {isa = PBXBuildFile; fileRef = 3C2DE86913D9DAA3000237D2 /* credits.txt */; };
		3C32D06B13DF956F0084582B /* fighter-hurt.wav in Resources */ = {isa = PBXBuildFile; fileRef = 3C32D06A13DF956F0084582B /* fighter-hurt.wav */; };
		3C350E8313E07316002DD35E /* TEHexagon.m in Sources */ = {isa = PBXBuildFile; fileRef = 3C350E8213E07316002DD35E /* TEHexagon.m */; };
		3C350E8713E07623002DD35E /* TERegularPolygon.m in Sources */ = {isa = PBXBuildFile; fileRef = 3C350E8613E07622002DD35E /* TERegularPolygon.m */; };
		3C350E8A13E07701002DD35E /* TEHeptagon.m in Sources */ = {isa = PBXBuildFile; fileRef = 3C350E8913E07701002DD35E /* TEHeptagon.m */; };
		3C350E9413E079A6002DD35E /* extra-bullet-powerup.json in Resources */ = {isa = PBXBuildFile; fileRef = 3C350E9313E079A6002DD35E /* extra-bullet-powerup.json */; };
		3C350E9A13E07B1F002DD35E /* Powerup.m in Sources */ = {isa = PBXBuildFile; fileRef = 3C350E9913E07B1F002DD35E /* Powerup.m */; };
		3C350E9D13E07B34002DD35E /* ExtraBullet.m in Sources */ = {isa = PBXBuildFile; fileRef = 3C350E9C13E07B33002DD35E /* ExtraBullet.m */; };
		3C350EA013E07B88002DD35E /* powerup.wav in Resources */ = {isa = PBXBuildFile; fileRef = 3C350E9F13E07B88002DD35E /* powerup.wav */; };
		3C37ED5813EF2EF800EF18A9 /* spinner.json in Resources */ = {isa = PBXBuildFile; fileRef = 3C37ED5713EF2EF800EF18A9 /* spinner.json */; };
		3C37ED5C13EF2F3700EF18A9 /* TEOctagon.m in Sources */ = {isa = PBXBuildFile; fileRef = 3C37ED5B13EF2F3700EF18A9 /* TEOctagon.m */; };
		3C37ED5F13EF302F00EF18A9 /* Spinner.m in Sources */ = {isa = PBXBuildFile; fileRef = 3C37ED5E13EF302F00EF18A9 /* Spinner.m */; };
		3C55079513CE0B8D00585C40 /* CoreMotion.framework in Frameworks */ = {isa = PBXBuildFile; fileRef = 3C55079413CE0B8D00585C40 /* CoreMotion.framework */; };
		3C55079613CE0B8D00585C40 /* CoreMotion.framework in Frameworks */ = {isa = PBXBuildFile; fileRef = 3C55079413CE0B8D00585C40 /* CoreMotion.framework */; };
		3C5507A213CE198900585C40 /* obstacle.json in Sources */ = {isa = PBXBuildFile; fileRef = 3C5507A013CE198900585C40 /* obstacle.json */; };
		3C5507A313CE19CB00585C40 /* obstacle.json in Resources */ = {isa = PBXBuildFile; fileRef = 3C5507A013CE198900585C40 /* obstacle.json */; };
		3C5507A613CE237D00585C40 /* TECollisionDetector.m in Sources */ = {isa = PBXBuildFile; fileRef = 3C5507A513CE237D00585C40 /* TECollisionDetector.m */; };
		3C5507A713CE237D00585C40 /* TECollisionDetector.m in Sources */ = {isa = PBXBuildFile; fileRef = 3C5507A513CE237D00585C40 /* TECollisionDetector.m */; };
		3C56688013D73D700011D69E /* TEAdjustedAttitude.m in Sources */ = {isa = PBXBuildFile; fileRef = 3C56687F13D73D6F0011D69E /* TEAdjustedAttitude.m */; };
		3C59AB3C13F054BC00E35FC3 /* BigArms.m in Sources */ = {isa = PBXBuildFile; fileRef = 3C59AB3B13F054BC00E35FC3 /* BigArms.m */; };
		3C59AB4213F068D900E35FC3 /* TEShuffleBag.m in Sources */ = {isa = PBXBuildFile; fileRef = 3C59AB4113F068D900E35FC3 /* TEShuffleBag.m */; };
		3C59AB4513F0699F00E35FC3 /* LevelBag.m in Sources */ = {isa = PBXBuildFile; fileRef = 3C59AB4413F0699F00E35FC3 /* LevelBag.m */; };
		3C59AB4813F06D7200E35FC3 /* BiggunBag.m in Sources */ = {isa = PBXBuildFile; fileRef = 3C59AB4713F06D7100E35FC3 /* BiggunBag.m */; };
		3C6B2A6513D47A6C00061EC7 /* TESceneController.m in Sources */ = {isa = PBXBuildFile; fileRef = 3C6B2A6413D47A6C00061EC7 /* TESceneController.m */; };
		3C6B2A6613D47A6C00061EC7 /* TESceneController.m in Sources */ = {isa = PBXBuildFile; fileRef = 3C6B2A6413D47A6C00061EC7 /* TESceneController.m */; };
		3C6E948613D74DB6000F7988 /* TEAccelerometer.m in Sources */ = {isa = PBXBuildFile; fileRef = 3C6E948513D74DB6000F7988 /* TEAccelerometer.m */; };
		3C6E948913D76D53000F7988 /* bullet.json in Resources */ = {isa = PBXBuildFile; fileRef = 3C6E948813D76D53000F7988 /* bullet.json */; };
		3C6E948C13D771A7000F7988 /* Bullet.m in Sources */ = {isa = PBXBuildFile; fileRef = 3C6E948B13D771A7000F7988 /* Bullet.m */; };
		3C70968E13E1DBC400BF4E83 /* TENumberDisplay.m in Sources */ = {isa = PBXBuildFile; fileRef = 3C70968D13E1DBC400BF4E83 /* TENumberDisplay.m */; };
		3C70969513E1DD1200BF4E83 /* TEImage.m in Sources */ = {isa = PBXBuildFile; fileRef = 3C70969413E1DD1200BF4E83 /* TEImage.m */; };
		3C7096A613E37E0600BF4E83 /* TERandomPolygon.m in Sources */ = {isa = PBXBuildFile; fileRef = 3C7096A513E37E0300BF4E83 /* TERandomPolygon.m */; };
		3C7BD27313E9C697005895AE /* Seeker.m in Sources */ = {isa = PBXBuildFile; fileRef = 3C7BD27213E9C697005895AE /* Seeker.m */; };
		3C7BD27E13E9E140005895AE /* Pause.m in Sources */ = {isa = PBXBuildFile; fileRef = 3C7BD27D13E9E140005895AE /* Pause.m */; };
		3C7BD28313EADB42005895AE /* GlowingBullet.m in Sources */ = {isa = PBXBuildFile; fileRef = 3C7BD28213EADB41005895AE /* GlowingBullet.m */; };
		3C7BD28613EB00B6005895AE /* TESprite.m in Sources */ = {isa = PBXBuildFile; fileRef = 3C7BD28513EB00B6005895AE /* TESprite.m */; };
		3C7BD28A13EB0158005895AE /* TETexture.m in Sources */ = {isa = PBXBuildFile; fileRef = 3C7BD28913EB0158005895AE /* TETexture.m */; };
		3C80617313EB142100EF4929 /* Enemy.m in Sources */ = {isa = PBXBuildFile; fileRef = 3C80617213EB142100EF4929 /* Enemy.m */; };
		3C80617513EB2D4B00EF4929 /* GameLevel.m in Sources */ = {isa = PBXBuildFile; fileRef = 3C80617413EB2D4B00EF4929 /* GameLevel.m */; };
		3C8A283213D70CBC00BB0011 /* AsteroidField.m in Sources */ = {isa = PBXBuildFile; fileRef = 3C8A283113D70CBC00BB0011 /* AsteroidField.m */; };
		3C8A283313D70CBC00BB0011 /* AsteroidField.m in Sources */ = {isa = PBXBuildFile; fileRef = 3C8A283113D70CBC00BB0011 /* AsteroidField.m */; };
		3C8A283913D70D6200BB0011 /* fighter.json in Sources */ = {isa = PBXBuildFile; fileRef = 3C8A283713D70D6200BB0011 /* fighter.json */; };
		3C8A283A13D70D9E00BB0011 /* fighter.json in Resources */ = {isa = PBXBuildFile; fileRef = 3C8A283713D70D6200BB0011 /* fighter.json */; };
		3C8F913313CDE2F300820FC5 /* TEScaleAnimation.m in Sources */ = {isa = PBXBuildFile; fileRef = 3C8F913213CDE2F300820FC5 /* TEScaleAnimation.m */; };
		3C8F913413CDE2F300820FC5 /* TEScaleAnimation.m in Sources */ = {isa = PBXBuildFile; fileRef = 3C8F913213CDE2F300820FC5 /* TEScaleAnimation.m */; };
		3C8F913813CDE2FD00820FC5 /* TERotateAnimation.m in Sources */ = {isa = PBXBuildFile; fileRef = 3C8F913713CDE2FD00820FC5 /* TERotateAnimation.m */; };
		3C8F913913CDE2FD00820FC5 /* TERotateAnimation.m in Sources */ = {isa = PBXBuildFile; fileRef = 3C8F913713CDE2FD00820FC5 /* TERotateAnimation.m */; };
		3C8F913C13CDE30900820FC5 /* TETranslateAnimation.m in Sources */ = {isa = PBXBuildFile; fileRef = 3C8F913B13CDE30900820FC5 /* TETranslateAnimation.m */; };
		3C8F913D13CDE30900820FC5 /* TETranslateAnimation.m in Sources */ = {isa = PBXBuildFile; fileRef = 3C8F913B13CDE30900820FC5 /* TETranslateAnimation.m */; };
		3C975B6B13EB654700CAEB6D /* HordeUnit.m in Sources */ = {isa = PBXBuildFile; fileRef = 3C975B6A13EB654700CAEB6D /* HordeUnit.m */; };
		3CB0483D13CBD5960029875B /* UIKit.framework in Frameworks */ = {isa = PBXBuildFile; fileRef = 3CB0483C13CBD5960029875B /* UIKit.framework */; };
		3CB0483F13CBD5960029875B /* Foundation.framework in Frameworks */ = {isa = PBXBuildFile; fileRef = 3CB0483E13CBD5960029875B /* Foundation.framework */; };
		3CB0484113CBD5960029875B /* CoreGraphics.framework in Frameworks */ = {isa = PBXBuildFile; fileRef = 3CB0484013CBD5960029875B /* CoreGraphics.framework */; };
		3CB0484713CBD5960029875B /* InfoPlist.strings in Resources */ = {isa = PBXBuildFile; fileRef = 3CB0484513CBD5960029875B /* InfoPlist.strings */; };
		3CB0484913CBD5960029875B /* main.m in Sources */ = {isa = PBXBuildFile; fileRef = 3CB0484813CBD5960029875B /* main.m */; };
		3CB0484D13CBD5960029875B /* TauGameAppDelegate.m in Sources */ = {isa = PBXBuildFile; fileRef = 3CB0484C13CBD5960029875B /* TauGameAppDelegate.m */; };
		3CB0485513CBD5970029875B /* SenTestingKit.framework in Frameworks */ = {isa = PBXBuildFile; fileRef = 3CB0485413CBD5970029875B /* SenTestingKit.framework */; };
		3CB0485613CBD5970029875B /* UIKit.framework in Frameworks */ = {isa = PBXBuildFile; fileRef = 3CB0483C13CBD5960029875B /* UIKit.framework */; };
		3CB0485713CBD5970029875B /* Foundation.framework in Frameworks */ = {isa = PBXBuildFile; fileRef = 3CB0483E13CBD5960029875B /* Foundation.framework */; };
		3CB0485813CBD5970029875B /* CoreGraphics.framework in Frameworks */ = {isa = PBXBuildFile; fileRef = 3CB0484013CBD5960029875B /* CoreGraphics.framework */; };
		3CB0486013CBD5970029875B /* InfoPlist.strings in Resources */ = {isa = PBXBuildFile; fileRef = 3CB0485E13CBD5970029875B /* InfoPlist.strings */; };
		3CB0486213CBD5970029875B /* TauGameTests.h in Resources */ = {isa = PBXBuildFile; fileRef = 3CB0486113CBD5970029875B /* TauGameTests.h */; };
		3CB0486413CBD5970029875B /* TauGameTests.m in Sources */ = {isa = PBXBuildFile; fileRef = 3CB0486313CBD5970029875B /* TauGameTests.m */; };
		3CB0487013CBD5B80029875B /* TEDrawable.m in Sources */ = {isa = PBXBuildFile; fileRef = 3CB0486F13CBD5B80029875B /* TEDrawable.m */; };
		3CB0487313CBD5C70029875B /* TENode.m in Sources */ = {isa = PBXBuildFile; fileRef = 3CB0487213CBD5C70029875B /* TENode.m */; };
		3CB0487613CBD5D20029875B /* TEShape.m in Sources */ = {isa = PBXBuildFile; fileRef = 3CB0487513CBD5D20029875B /* TEShape.m */; };
		3CB0487913CBD5DF0029875B /* TETriangle.m in Sources */ = {isa = PBXBuildFile; fileRef = 3CB0487813CBD5DF0029875B /* TETriangle.m */; };
		3CB0487C13CBD5E90029875B /* TEEllipse.m in Sources */ = {isa = PBXBuildFile; fileRef = 3CB0487B13CBD5E90029875B /* TEEllipse.m */; };
		3CB0487F13CBD5F20029875B /* TERectangle.m in Sources */ = {isa = PBXBuildFile; fileRef = 3CB0487E13CBD5F20029875B /* TERectangle.m */; };
		3CB0488213CBD5FE0029875B /* TECharacter.m in Sources */ = {isa = PBXBuildFile; fileRef = 3CB0488113CBD5FD0029875B /* TECharacter.m */; };
		3CB0488C13CBD6940029875B /* GLKit.framework in Frameworks */ = {isa = PBXBuildFile; fileRef = 3CB0488913CBD6940029875B /* GLKit.framework */; };
		3CB0488D13CBD6940029875B /* OpenGLES.framework in Frameworks */ = {isa = PBXBuildFile; fileRef = 3CB0488A13CBD6940029875B /* OpenGLES.framework */; };
		3CB0488E13CBD6940029875B /* QuartzCore.framework in Frameworks */ = {isa = PBXBuildFile; fileRef = 3CB0488B13CBD6940029875B /* QuartzCore.framework */; };
		3CB0489113CBDB440029875B /* TEScene.m in Sources */ = {isa = PBXBuildFile; fileRef = 3CB0489013CBDB440029875B /* TEScene.m */; };
		3CC22AA113EEE42400C64790 /* glow.png in Resources */ = {isa = PBXBuildFile; fileRef = 3CC22AA013EEE42400C64790 /* glow.png */; };
		3CD1F93713DDB5A600F6F035 /* TEColorAnimation.m in Sources */ = {isa = PBXBuildFile; fileRef = 3CD1F93613DDB5A600F6F035 /* TEColorAnimation.m */; };
		3CD1F93B13DDCF0000F6F035 /* hurt.wav in Resources */ = {isa = PBXBuildFile; fileRef = 3CD1F93913DDCF0000F6F035 /* hurt.wav */; };
		3CD1F93C13DDCF0000F6F035 /* shoot.wav in Resources */ = {isa = PBXBuildFile; fileRef = 3CD1F93A13DDCF0000F6F035 /* shoot.wav */; };
		3CD1F93E13DDD17200F6F035 /* AudioToolbox.framework in Frameworks */ = {isa = PBXBuildFile; fileRef = 3CD1F93D13DDD17200F6F035 /* AudioToolbox.framework */; };
		3CD1F94113DDD34100F6F035 /* TESoundManager.m in Sources */ = {isa = PBXBuildFile; fileRef = 3CD1F94013DDD33F00F6F035 /* TESoundManager.m */; };
		3CD1F94413DE311F00F6F035 /* Asteroid.m in Sources */ = {isa = PBXBuildFile; fileRef = 3CD1F94313DE311F00F6F035 /* Asteroid.m */; };
		3CD1F94713DE313A00F6F035 /* ClassicHorde.m in Sources */ = {isa = PBXBuildFile; fileRef = 3CD1F94613DE313A00F6F035 /* ClassicHorde.m */; };
		3CD1F94A13DF03CE00F6F035 /* TERandom.m in Sources */ = {isa = PBXBuildFile; fileRef = 3CD1F94913DF03CB00F6F035 /* TERandom.m */; };
		3CD1F94D13DF0E3300F6F035 /* Game.m in Sources */ = {isa = PBXBuildFile; fileRef = 3CD1F94C13DF0E3200F6F035 /* Game.m */; };
		3CD1F95313DF1FE700F6F035 /* TECollisionDetectorTest.m in Sources */ = {isa = PBXBuildFile; fileRef = 3CD1F95213DF1FE400F6F035 /* TECollisionDetectorTest.m */; };
		3CD1F95613DF55F400F6F035 /* TEPolygon.m in Sources */ = {isa = PBXBuildFile; fileRef = 3CD1F95513DF55EF00F6F035 /* TEPolygon.m */; };
		3CED2CB413F026A300254302 /* BigHordeUnit.m in Sources */ = {isa = PBXBuildFile; fileRef = 3CED2CB313F026A300254302 /* BigHordeUnit.m */; };
		3CED2CB713F0274400254302 /* Dogfight.m in Sources */ = {isa = PBXBuildFile; fileRef = 3CED2CB613F0274400254302 /* Dogfight.m */; };
		3CF3675313E723CD008A1A4A /* ExtraShot.m in Sources */ = {isa = PBXBuildFile; fileRef = 3CF3675213E723CD008A1A4A /* ExtraShot.m */; };
		3CF3675613E72FB3008A1A4A /* Fighter.m in Sources */ = {isa = PBXBuildFile; fileRef = 3CF3675513E72FB3008A1A4A /* Fighter.m */; };
		3CF3679813E99D58008A1A4A /* Starfield.m in Sources */ = {isa = PBXBuildFile; fileRef = 3CF3679713E99D58008A1A4A /* Starfield.m */; };
		3CFC90D613D72F6F00100C21 /* TauEngine.m in Sources */ = {isa = PBXBuildFile; fileRef = 3CFC90D513D72F6F00100C21 /* TauEngine.m */; };
/* End PBXBuildFile section */

/* Begin PBXContainerItemProxy section */
		3CB0485913CBD5970029875B /* PBXContainerItemProxy */ = {
			isa = PBXContainerItemProxy;
			containerPortal = 3CB0482F13CBD5960029875B /* Project object */;
			proxyType = 1;
			remoteGlobalIDString = 3CB0483713CBD5960029875B;
			remoteInfo = TauGame;
		};
/* End PBXContainerItemProxy section */

/* Begin PBXFileReference section */
		3C01190313D85DDF004808DA /* horde-unit.json */ = {isa = PBXFileReference; lastKnownFileType = text.json; path = "horde-unit.json"; sourceTree = "<group>"; };
		3C01190513D86090004808DA /* Baddie.h */ = {isa = PBXFileReference; fileEncoding = 4; lastKnownFileType = sourcecode.c.h; path = Baddie.h; sourceTree = "<group>"; };
		3C01190613D86090004808DA /* Baddie.m */ = {isa = PBXFileReference; fileEncoding = 4; lastKnownFileType = sourcecode.c.objc; path = Baddie.m; sourceTree = "<group>"; };
		3C10726E13EC33BB0062986D /* seeker.json */ = {isa = PBXFileReference; fileEncoding = 4; lastKnownFileType = text.json; path = seeker.json; sourceTree = "<group>"; };
		3C10727113EC35380062986D /* Fray.h */ = {isa = PBXFileReference; fileEncoding = 4; lastKnownFileType = sourcecode.c.h; path = Fray.h; sourceTree = "<group>"; };
		3C10727213EC35380062986D /* Fray.m */ = {isa = PBXFileReference; fileEncoding = 4; lastKnownFileType = sourcecode.c.objc; path = Fray.m; sourceTree = "<group>"; };
		3C10727413EC55BD0062986D /* Arms.h */ = {isa = PBXFileReference; fileEncoding = 4; lastKnownFileType = sourcecode.c.h; path = Arms.h; sourceTree = "<group>"; };
		3C10727513EC55BD0062986D /* Arms.m */ = {isa = PBXFileReference; fileEncoding = 4; lastKnownFileType = sourcecode.c.objc; path = Arms.m; sourceTree = "<group>"; };
		3C10727813EC560D0062986D /* arms.json */ = {isa = PBXFileReference; fileEncoding = 4; lastKnownFileType = text.json; path = arms.json; sourceTree = "<group>"; };
		3C10727A13EC6AE10062986D /* GriddedGameLevel.h */ = {isa = PBXFileReference; fileEncoding = 4; lastKnownFileType = sourcecode.c.h; path = GriddedGameLevel.h; sourceTree = "<group>"; };
		3C138B8D13CCAD9D002FC701 /* mage.json */ = {isa = PBXFileReference; fileEncoding = 4; lastKnownFileType = text.json; path = mage.json; sourceTree = "<group>"; };
		3C138B9013CCB15A002FC701 /* TECharacterLoader.h */ = {isa = PBXFileReference; fileEncoding = 4; lastKnownFileType = sourcecode.c.h; path = TECharacterLoader.h; sourceTree = "<group>"; };
		3C138B9113CCB15A002FC701 /* TECharacterLoader.m */ = {isa = PBXFileReference; fileEncoding = 4; lastKnownFileType = sourcecode.c.objc; path = TECharacterLoader.m; sourceTree = "<group>"; };
		3C138B9413CCC7DF002FC701 /* TEAnimation.h */ = {isa = PBXFileReference; fileEncoding = 4; lastKnownFileType = sourcecode.c.h; path = TEAnimation.h; sourceTree = "<group>"; };
		3C138B9513CCC7E0002FC701 /* TEAnimation.m */ = {isa = PBXFileReference; fileEncoding = 4; lastKnownFileType = sourcecode.c.objc; path = TEAnimation.m; sourceTree = "<group>"; };
		3C20D40D13E3ACDF00A90FEB /* bullet-splash.json */ = {isa = PBXFileReference; fileEncoding = 4; lastKnownFileType = text.json; path = "bullet-splash.json"; sourceTree = "<group>"; };
		3C20D41013E3AD4C00A90FEB /* BulletSplash.h */ = {isa = PBXFileReference; fileEncoding = 4; lastKnownFileType = sourcecode.c.h; path = BulletSplash.h; sourceTree = "<group>"; };
		3C20D41113E3AD4C00A90FEB /* BulletSplash.m */ = {isa = PBXFileReference; fileEncoding = 4; lastKnownFileType = sourcecode.c.objc; path = BulletSplash.m; sourceTree = "<group>"; };
		3C20D41313E443A400A90FEB /* TEVertexColorAnimation.h */ = {isa = PBXFileReference; fileEncoding = 4; lastKnownFileType = sourcecode.c.h; path = TEVertexColorAnimation.h; sourceTree = "<group>"; };
		3C20D41413E443A400A90FEB /* TEVertexColorAnimation.m */ = {isa = PBXFileReference; fileEncoding = 4; lastKnownFileType = sourcecode.c.objc; path = TEVertexColorAnimation.m; sourceTree = "<group>"; };
		3C20D41913E4EAB700A90FEB /* explosion.wav */ = {isa = PBXFileReference; lastKnownFileType = audio.wav; path = explosion.wav; sourceTree = "<group>"; };
		3C20D41B13E4EB1F00A90FEB /* hurt2.wav */ = {isa = PBXFileReference; lastKnownFileType = audio.wav; path = hurt2.wav; sourceTree = "<group>"; };
		3C20D41D13E6002E00A90FEB /* Background.h */ = {isa = PBXFileReference; fileEncoding = 4; lastKnownFileType = sourcecode.c.h; path = Background.h; sourceTree = "<group>"; };
		3C20D41E13E6002F00A90FEB /* Background.m */ = {isa = PBXFileReference; fileEncoding = 4; lastKnownFileType = sourcecode.c.objc; path = Background.m; sourceTree = "<group>"; };
		3C20D42013E6162400A90FEB /* FighterLife.h */ = {isa = PBXFileReference; fileEncoding = 4; lastKnownFileType = sourcecode.c.h; path = FighterLife.h; sourceTree = "<group>"; };
		3C20D42113E6162500A90FEB /* FighterLife.m */ = {isa = PBXFileReference; fileEncoding = 4; lastKnownFileType = sourcecode.c.objc; path = FighterLife.m; sourceTree = "<group>"; };
		3C20D42313E6164F00A90FEB /* fighter-life.json */ = {isa = PBXFileReference; fileEncoding = 4; lastKnownFileType = text.json; path = "fighter-life.json"; sourceTree = "<group>"; };
		3C228ADD13E7082700CFE5D1 /* shot-timer.json */ = {isa = PBXFileReference; fileEncoding = 4; lastKnownFileType = text.json; path = "shot-timer.json"; sourceTree = "<group>"; };
		3C228AE013E708F200CFE5D1 /* ShotTimer.h */ = {isa = PBXFileReference; fileEncoding = 4; lastKnownFileType = sourcecode.c.h; path = ShotTimer.h; sourceTree = "<group>"; };
		3C228AE113E708F200CFE5D1 /* ShotTimer.m */ = {isa = PBXFileReference; fileEncoding = 4; lastKnownFileType = sourcecode.c.objc; path = ShotTimer.m; sourceTree = "<group>"; };
		3C228AE313E7151600CFE5D1 /* extra-life-powerup.json */ = {isa = PBXFileReference; fileEncoding = 4; lastKnownFileType = text.json; path = "extra-life-powerup.json"; sourceTree = "<group>"; };
		3C228AE713E7155000CFE5D1 /* extra-shot-powerup.json */ = {isa = PBXFileReference; fileEncoding = 4; lastKnownFileType = text.json; path = "extra-shot-powerup.json"; sourceTree = "<group>"; };
		3C228AE913E7156A00CFE5D1 /* health-powerup.json */ = {isa = PBXFileReference; fileEncoding = 4; lastKnownFileType = text.json; path = "health-powerup.json"; sourceTree = "<group>"; };
		3C228AEB13E7185600CFE5D1 /* ExtraLife.h */ = {isa = PBXFileReference; fileEncoding = 4; lastKnownFileType = sourcecode.c.h; path = ExtraLife.h; sourceTree = "<group>"; };
		3C228AEC13E7185600CFE5D1 /* ExtraLife.m */ = {isa = PBXFileReference; fileEncoding = 4; lastKnownFileType = sourcecode.c.objc; path = ExtraLife.m; sourceTree = "<group>"; };
		3C2DE86413D9CB9D000237D2 /* TitleScreen.h */ = {isa = PBXFileReference; fileEncoding = 4; lastKnownFileType = sourcecode.c.h; path = TitleScreen.h; sourceTree = "<group>"; };
		3C2DE86513D9CB9D000237D2 /* TitleScreen.m */ = {isa = PBXFileReference; fileEncoding = 4; lastKnownFileType = sourcecode.c.objc; path = TitleScreen.m; sourceTree = "<group>"; };
		3C2DE86713D9DA93000237D2 /* main-menu-background.jpg */ = {isa = PBXFileReference; lastKnownFileType = image.jpeg; path = "main-menu-background.jpg"; sourceTree = "<group>"; };
		3C2DE86913D9DAA3000237D2 /* credits.txt */ = {isa = PBXFileReference; fileEncoding = 4; lastKnownFileType = text; path = credits.txt; sourceTree = "<group>"; };
		3C32D06A13DF956F0084582B /* fighter-hurt.wav */ = {isa = PBXFileReference; lastKnownFileType = audio.wav; path = "fighter-hurt.wav"; sourceTree = "<group>"; };
		3C350E8113E07316002DD35E /* TEHexagon.h */ = {isa = PBXFileReference; fileEncoding = 4; lastKnownFileType = sourcecode.c.h; path = TEHexagon.h; sourceTree = "<group>"; };
		3C350E8213E07316002DD35E /* TEHexagon.m */ = {isa = PBXFileReference; fileEncoding = 4; lastKnownFileType = sourcecode.c.objc; path = TEHexagon.m; sourceTree = "<group>"; };
		3C350E8513E07622002DD35E /* TERegularPolygon.h */ = {isa = PBXFileReference; fileEncoding = 4; lastKnownFileType = sourcecode.c.h; path = TERegularPolygon.h; sourceTree = "<group>"; };
		3C350E8613E07622002DD35E /* TERegularPolygon.m */ = {isa = PBXFileReference; fileEncoding = 4; lastKnownFileType = sourcecode.c.objc; path = TERegularPolygon.m; sourceTree = "<group>"; };
		3C350E8813E07701002DD35E /* TEHeptagon.h */ = {isa = PBXFileReference; fileEncoding = 4; lastKnownFileType = sourcecode.c.h; path = TEHeptagon.h; sourceTree = "<group>"; };
		3C350E8913E07701002DD35E /* TEHeptagon.m */ = {isa = PBXFileReference; fileEncoding = 4; lastKnownFileType = sourcecode.c.objc; path = TEHeptagon.m; sourceTree = "<group>"; };
		3C350E9313E079A6002DD35E /* extra-bullet-powerup.json */ = {isa = PBXFileReference; fileEncoding = 4; lastKnownFileType = text.json; path = "extra-bullet-powerup.json"; sourceTree = "<group>"; };
		3C350E9813E07B1E002DD35E /* Powerup.h */ = {isa = PBXFileReference; fileEncoding = 4; lastKnownFileType = sourcecode.c.h; path = Powerup.h; sourceTree = "<group>"; };
		3C350E9913E07B1F002DD35E /* Powerup.m */ = {isa = PBXFileReference; fileEncoding = 4; lastKnownFileType = sourcecode.c.objc; path = Powerup.m; sourceTree = "<group>"; };
		3C350E9B13E07B33002DD35E /* ExtraBullet.h */ = {isa = PBXFileReference; fileEncoding = 4; lastKnownFileType = sourcecode.c.h; path = ExtraBullet.h; sourceTree = "<group>"; };
		3C350E9C13E07B33002DD35E /* ExtraBullet.m */ = {isa = PBXFileReference; fileEncoding = 4; lastKnownFileType = sourcecode.c.objc; path = ExtraBullet.m; sourceTree = "<group>"; };
		3C350E9F13E07B88002DD35E /* powerup.wav */ = {isa = PBXFileReference; lastKnownFileType = audio.wav; path = powerup.wav; sourceTree = "<group>"; };
		3C37ED5713EF2EF800EF18A9 /* spinner.json */ = {isa = PBXFileReference; fileEncoding = 4; lastKnownFileType = text.json; path = spinner.json; sourceTree = "<group>"; };
		3C37ED5A13EF2F3700EF18A9 /* TEOctagon.h */ = {isa = PBXFileReference; fileEncoding = 4; lastKnownFileType = sourcecode.c.h; path = TEOctagon.h; sourceTree = "<group>"; };
		3C37ED5B13EF2F3700EF18A9 /* TEOctagon.m */ = {isa = PBXFileReference; fileEncoding = 4; lastKnownFileType = sourcecode.c.objc; path = TEOctagon.m; sourceTree = "<group>"; };
		3C37ED5D13EF302F00EF18A9 /* Spinner.h */ = {isa = PBXFileReference; fileEncoding = 4; lastKnownFileType = sourcecode.c.h; path = Spinner.h; sourceTree = "<group>"; };
		3C37ED5E13EF302F00EF18A9 /* Spinner.m */ = {isa = PBXFileReference; fileEncoding = 4; lastKnownFileType = sourcecode.c.objc; path = Spinner.m; sourceTree = "<group>"; };
		3C55079413CE0B8D00585C40 /* CoreMotion.framework */ = {isa = PBXFileReference; lastKnownFileType = wrapper.framework; name = CoreMotion.framework; path = System/Library/Frameworks/CoreMotion.framework; sourceTree = SDKROOT; };
		3C5507A013CE198900585C40 /* obstacle.json */ = {isa = PBXFileReference; fileEncoding = 4; lastKnownFileType = text.json; path = obstacle.json; sourceTree = "<group>"; };
		3C5507A413CE237D00585C40 /* TECollisionDetector.h */ = {isa = PBXFileReference; fileEncoding = 4; lastKnownFileType = sourcecode.c.h; path = TECollisionDetector.h; sourceTree = "<group>"; };
		3C5507A513CE237D00585C40 /* TECollisionDetector.m */ = {isa = PBXFileReference; fileEncoding = 4; lastKnownFileType = sourcecode.c.objc; path = TECollisionDetector.m; sourceTree = "<group>"; };
		3C56687E13D73D6F0011D69E /* TEAdjustedAttitude.h */ = {isa = PBXFileReference; fileEncoding = 4; lastKnownFileType = sourcecode.c.h; path = TEAdjustedAttitude.h; sourceTree = "<group>"; };
		3C56687F13D73D6F0011D69E /* TEAdjustedAttitude.m */ = {isa = PBXFileReference; fileEncoding = 4; lastKnownFileType = sourcecode.c.objc; path = TEAdjustedAttitude.m; sourceTree = "<group>"; };
		3C59AB3A13F054BC00E35FC3 /* BigArms.h */ = {isa = PBXFileReference; fileEncoding = 4; lastKnownFileType = sourcecode.c.h; path = BigArms.h; sourceTree = "<group>"; };
		3C59AB3B13F054BC00E35FC3 /* BigArms.m */ = {isa = PBXFileReference; fileEncoding = 4; lastKnownFileType = sourcecode.c.objc; path = BigArms.m; sourceTree = "<group>"; };
		3C59AB4013F068D800E35FC3 /* TEShuffleBag.h */ = {isa = PBXFileReference; fileEncoding = 4; lastKnownFileType = sourcecode.c.h; path = TEShuffleBag.h; sourceTree = "<group>"; };
		3C59AB4113F068D900E35FC3 /* TEShuffleBag.m */ = {isa = PBXFileReference; fileEncoding = 4; lastKnownFileType = sourcecode.c.objc; path = TEShuffleBag.m; sourceTree = "<group>"; };
		3C59AB4313F0699F00E35FC3 /* LevelBag.h */ = {isa = PBXFileReference; fileEncoding = 4; lastKnownFileType = sourcecode.c.h; path = LevelBag.h; sourceTree = "<group>"; };
		3C59AB4413F0699F00E35FC3 /* LevelBag.m */ = {isa = PBXFileReference; fileEncoding = 4; lastKnownFileType = sourcecode.c.objc; path = LevelBag.m; sourceTree = "<group>"; };
		3C59AB4613F06D7100E35FC3 /* BiggunBag.h */ = {isa = PBXFileReference; fileEncoding = 4; lastKnownFileType = sourcecode.c.h; path = BiggunBag.h; sourceTree = "<group>"; };
		3C59AB4713F06D7100E35FC3 /* BiggunBag.m */ = {isa = PBXFileReference; fileEncoding = 4; lastKnownFileType = sourcecode.c.objc; path = BiggunBag.m; sourceTree = "<group>"; };
		3C6B2A6313D47A6C00061EC7 /* TESceneController.h */ = {isa = PBXFileReference; fileEncoding = 4; lastKnownFileType = sourcecode.c.h; path = TESceneController.h; sourceTree = "<group>"; };
		3C6B2A6413D47A6C00061EC7 /* TESceneController.m */ = {isa = PBXFileReference; fileEncoding = 4; lastKnownFileType = sourcecode.c.objc; path = TESceneController.m; sourceTree = "<group>"; };
		3C6E948413D74DB6000F7988 /* TEAccelerometer.h */ = {isa = PBXFileReference; fileEncoding = 4; lastKnownFileType = sourcecode.c.h; path = TEAccelerometer.h; sourceTree = "<group>"; };
		3C6E948513D74DB6000F7988 /* TEAccelerometer.m */ = {isa = PBXFileReference; fileEncoding = 4; lastKnownFileType = sourcecode.c.objc; path = TEAccelerometer.m; sourceTree = "<group>"; };
		3C6E948813D76D53000F7988 /* bullet.json */ = {isa = PBXFileReference; fileEncoding = 4; lastKnownFileType = text.json; path = bullet.json; sourceTree = "<group>"; };
		3C6E948A13D771A7000F7988 /* Bullet.h */ = {isa = PBXFileReference; fileEncoding = 4; lastKnownFileType = sourcecode.c.h; path = Bullet.h; sourceTree = "<group>"; };
		3C6E948B13D771A7000F7988 /* Bullet.m */ = {isa = PBXFileReference; fileEncoding = 4; lastKnownFileType = sourcecode.c.objc; path = Bullet.m; sourceTree = "<group>"; };
		3C70968C13E1DBC400BF4E83 /* TENumberDisplay.h */ = {isa = PBXFileReference; fileEncoding = 4; lastKnownFileType = sourcecode.c.h; path = TENumberDisplay.h; sourceTree = "<group>"; };
		3C70968D13E1DBC400BF4E83 /* TENumberDisplay.m */ = {isa = PBXFileReference; fileEncoding = 4; lastKnownFileType = sourcecode.c.objc; path = TENumberDisplay.m; sourceTree = "<group>"; };
		3C70969313E1DD1200BF4E83 /* TEImage.h */ = {isa = PBXFileReference; fileEncoding = 4; lastKnownFileType = sourcecode.c.h; path = TEImage.h; sourceTree = "<group>"; };
		3C70969413E1DD1200BF4E83 /* TEImage.m */ = {isa = PBXFileReference; fileEncoding = 4; lastKnownFileType = sourcecode.c.objc; path = TEImage.m; sourceTree = "<group>"; };
		3C7096A413E37E0100BF4E83 /* TERandomPolygon.h */ = {isa = PBXFileReference; fileEncoding = 4; lastKnownFileType = sourcecode.c.h; path = TERandomPolygon.h; sourceTree = "<group>"; };
		3C7096A513E37E0300BF4E83 /* TERandomPolygon.m */ = {isa = PBXFileReference; fileEncoding = 4; lastKnownFileType = sourcecode.c.objc; path = TERandomPolygon.m; sourceTree = "<group>"; };
		3C7BD27113E9C696005895AE /* Seeker.h */ = {isa = PBXFileReference; fileEncoding = 4; lastKnownFileType = sourcecode.c.h; path = Seeker.h; sourceTree = "<group>"; };
		3C7BD27213E9C697005895AE /* Seeker.m */ = {isa = PBXFileReference; fileEncoding = 4; lastKnownFileType = sourcecode.c.objc; path = Seeker.m; sourceTree = "<group>"; };
		3C7BD27C13E9E13F005895AE /* Pause.h */ = {isa = PBXFileReference; fileEncoding = 4; lastKnownFileType = sourcecode.c.h; path = Pause.h; sourceTree = "<group>"; };
		3C7BD27D13E9E140005895AE /* Pause.m */ = {isa = PBXFileReference; fileEncoding = 4; lastKnownFileType = sourcecode.c.objc; path = Pause.m; sourceTree = "<group>"; };
		3C7BD28113EADB41005895AE /* GlowingBullet.h */ = {isa = PBXFileReference; fileEncoding = 4; lastKnownFileType = sourcecode.c.h; path = GlowingBullet.h; sourceTree = "<group>"; };
		3C7BD28213EADB41005895AE /* GlowingBullet.m */ = {isa = PBXFileReference; fileEncoding = 4; lastKnownFileType = sourcecode.c.objc; path = GlowingBullet.m; sourceTree = "<group>"; };
		3C7BD28413EB00B5005895AE /* TESprite.h */ = {isa = PBXFileReference; fileEncoding = 4; lastKnownFileType = sourcecode.c.h; path = TESprite.h; sourceTree = "<group>"; };
		3C7BD28513EB00B6005895AE /* TESprite.m */ = {isa = PBXFileReference; fileEncoding = 4; lastKnownFileType = sourcecode.c.objc; path = TESprite.m; sourceTree = "<group>"; };
		3C7BD28813EB0158005895AE /* TETexture.h */ = {isa = PBXFileReference; fileEncoding = 4; lastKnownFileType = sourcecode.c.h; path = TETexture.h; sourceTree = "<group>"; };
		3C7BD28913EB0158005895AE /* TETexture.m */ = {isa = PBXFileReference; fileEncoding = 4; lastKnownFileType = sourcecode.c.objc; path = TETexture.m; sourceTree = "<group>"; };
		3C80617013EB10F700EF4929 /* GameLevel.h */ = {isa = PBXFileReference; fileEncoding = 4; lastKnownFileType = sourcecode.c.h; path = GameLevel.h; sourceTree = "<group>"; };
		3C80617113EB142100EF4929 /* Enemy.h */ = {isa = PBXFileReference; fileEncoding = 4; lastKnownFileType = sourcecode.c.h; path = Enemy.h; sourceTree = "<group>"; };
		3C80617213EB142100EF4929 /* Enemy.m */ = {isa = PBXFileReference; fileEncoding = 4; lastKnownFileType = sourcecode.c.objc; path = Enemy.m; sourceTree = "<group>"; };
		3C80617413EB2D4B00EF4929 /* GameLevel.m */ = {isa = PBXFileReference; fileEncoding = 4; lastKnownFileType = sourcecode.c.objc; path = GameLevel.m; sourceTree = "<group>"; };
		3C8A282613D70B4200BB0011 /* Fighter.h */ = {isa = PBXFileReference; fileEncoding = 4; lastKnownFileType = sourcecode.c.h; path = Fighter.h; sourceTree = "<group>"; };
		3C8A283013D70CBC00BB0011 /* AsteroidField.h */ = {isa = PBXFileReference; fileEncoding = 4; lastKnownFileType = sourcecode.c.h; path = AsteroidField.h; sourceTree = "<group>"; };
		3C8A283113D70CBC00BB0011 /* AsteroidField.m */ = {isa = PBXFileReference; fileEncoding = 4; lastKnownFileType = sourcecode.c.objc; path = AsteroidField.m; sourceTree = "<group>"; };
		3C8A283713D70D6200BB0011 /* fighter.json */ = {isa = PBXFileReference; fileEncoding = 4; lastKnownFileType = text.json; path = fighter.json; sourceTree = "<group>"; };
		3C8F913113CDE2F300820FC5 /* TEScaleAnimation.h */ = {isa = PBXFileReference; fileEncoding = 4; lastKnownFileType = sourcecode.c.h; path = TEScaleAnimation.h; sourceTree = "<group>"; };
		3C8F913213CDE2F300820FC5 /* TEScaleAnimation.m */ = {isa = PBXFileReference; fileEncoding = 4; lastKnownFileType = sourcecode.c.objc; path = TEScaleAnimation.m; sourceTree = "<group>"; };
		3C8F913613CDE2FD00820FC5 /* TERotateAnimation.h */ = {isa = PBXFileReference; fileEncoding = 4; lastKnownFileType = sourcecode.c.h; path = TERotateAnimation.h; sourceTree = "<group>"; };
		3C8F913713CDE2FD00820FC5 /* TERotateAnimation.m */ = {isa = PBXFileReference; fileEncoding = 4; lastKnownFileType = sourcecode.c.objc; path = TERotateAnimation.m; sourceTree = "<group>"; };
		3C8F913A13CDE30900820FC5 /* TETranslateAnimation.h */ = {isa = PBXFileReference; fileEncoding = 4; lastKnownFileType = sourcecode.c.h; path = TETranslateAnimation.h; sourceTree = "<group>"; };
		3C8F913B13CDE30900820FC5 /* TETranslateAnimation.m */ = {isa = PBXFileReference; fileEncoding = 4; lastKnownFileType = sourcecode.c.objc; path = TETranslateAnimation.m; sourceTree = "<group>"; };
		3C975B6913EB654700CAEB6D /* HordeUnit.h */ = {isa = PBXFileReference; fileEncoding = 4; lastKnownFileType = sourcecode.c.h; path = HordeUnit.h; sourceTree = "<group>"; };
		3C975B6A13EB654700CAEB6D /* HordeUnit.m */ = {isa = PBXFileReference; fileEncoding = 4; lastKnownFileType = sourcecode.c.objc; path = HordeUnit.m; sourceTree = "<group>"; };
		3CB0483813CBD5960029875B /* Galaxy Wild.app */ = {isa = PBXFileReference; explicitFileType = wrapper.application; includeInIndex = 0; path = "Galaxy Wild.app"; sourceTree = BUILT_PRODUCTS_DIR; };
		3CB0483C13CBD5960029875B /* UIKit.framework */ = {isa = PBXFileReference; lastKnownFileType = wrapper.framework; name = UIKit.framework; path = System/Library/Frameworks/UIKit.framework; sourceTree = SDKROOT; };
		3CB0483E13CBD5960029875B /* Foundation.framework */ = {isa = PBXFileReference; lastKnownFileType = wrapper.framework; name = Foundation.framework; path = System/Library/Frameworks/Foundation.framework; sourceTree = SDKROOT; };
		3CB0484013CBD5960029875B /* CoreGraphics.framework */ = {isa = PBXFileReference; lastKnownFileType = wrapper.framework; name = CoreGraphics.framework; path = System/Library/Frameworks/CoreGraphics.framework; sourceTree = SDKROOT; };
		3CB0484413CBD5960029875B /* TauGame-Info.plist */ = {isa = PBXFileReference; lastKnownFileType = text.plist.xml; path = "TauGame-Info.plist"; sourceTree = "<group>"; };
		3CB0484613CBD5960029875B /* en */ = {isa = PBXFileReference; lastKnownFileType = text.plist.strings; name = en; path = en.lproj/InfoPlist.strings; sourceTree = "<group>"; };
		3CB0484813CBD5960029875B /* main.m */ = {isa = PBXFileReference; lastKnownFileType = sourcecode.c.objc; path = main.m; sourceTree = "<group>"; };
		3CB0484A13CBD5960029875B /* TauGame-Prefix.pch */ = {isa = PBXFileReference; lastKnownFileType = sourcecode.c.h; path = "TauGame-Prefix.pch"; sourceTree = "<group>"; };
		3CB0484B13CBD5960029875B /* TauGameAppDelegate.h */ = {isa = PBXFileReference; lastKnownFileType = sourcecode.c.h; path = TauGameAppDelegate.h; sourceTree = "<group>"; };
		3CB0484C13CBD5960029875B /* TauGameAppDelegate.m */ = {isa = PBXFileReference; lastKnownFileType = sourcecode.c.objc; path = TauGameAppDelegate.m; sourceTree = "<group>"; };
		3CB0485313CBD5970029875B /* TauGameTests.octest */ = {isa = PBXFileReference; explicitFileType = wrapper.cfbundle; includeInIndex = 0; path = TauGameTests.octest; sourceTree = BUILT_PRODUCTS_DIR; };
		3CB0485413CBD5970029875B /* SenTestingKit.framework */ = {isa = PBXFileReference; lastKnownFileType = wrapper.framework; name = SenTestingKit.framework; path = Library/Frameworks/SenTestingKit.framework; sourceTree = DEVELOPER_DIR; };
		3CB0485D13CBD5970029875B /* TauGameTests-Info.plist */ = {isa = PBXFileReference; lastKnownFileType = text.plist.xml; path = "TauGameTests-Info.plist"; sourceTree = "<group>"; };
		3CB0485F13CBD5970029875B /* en */ = {isa = PBXFileReference; lastKnownFileType = text.plist.strings; name = en; path = en.lproj/InfoPlist.strings; sourceTree = "<group>"; };
		3CB0486113CBD5970029875B /* TauGameTests.h */ = {isa = PBXFileReference; lastKnownFileType = sourcecode.c.h; path = TauGameTests.h; sourceTree = "<group>"; };
		3CB0486313CBD5970029875B /* TauGameTests.m */ = {isa = PBXFileReference; lastKnownFileType = sourcecode.c.objc; path = TauGameTests.m; sourceTree = "<group>"; };
		3CB0486E13CBD5B80029875B /* TEDrawable.h */ = {isa = PBXFileReference; fileEncoding = 4; lastKnownFileType = sourcecode.c.h; path = TEDrawable.h; sourceTree = "<group>"; };
		3CB0486F13CBD5B80029875B /* TEDrawable.m */ = {isa = PBXFileReference; fileEncoding = 4; lastKnownFileType = sourcecode.c.objc; path = TEDrawable.m; sourceTree = "<group>"; };
		3CB0487113CBD5C70029875B /* TENode.h */ = {isa = PBXFileReference; fileEncoding = 4; lastKnownFileType = sourcecode.c.h; path = TENode.h; sourceTree = "<group>"; };
		3CB0487213CBD5C70029875B /* TENode.m */ = {isa = PBXFileReference; fileEncoding = 4; lastKnownFileType = sourcecode.c.objc; path = TENode.m; sourceTree = "<group>"; };
		3CB0487413CBD5D20029875B /* TEShape.h */ = {isa = PBXFileReference; fileEncoding = 4; lastKnownFileType = sourcecode.c.h; path = TEShape.h; sourceTree = "<group>"; };
		3CB0487513CBD5D20029875B /* TEShape.m */ = {isa = PBXFileReference; fileEncoding = 4; lastKnownFileType = sourcecode.c.objc; path = TEShape.m; sourceTree = "<group>"; };
		3CB0487713CBD5DF0029875B /* TETriangle.h */ = {isa = PBXFileReference; fileEncoding = 4; lastKnownFileType = sourcecode.c.h; path = TETriangle.h; sourceTree = "<group>"; };
		3CB0487813CBD5DF0029875B /* TETriangle.m */ = {isa = PBXFileReference; fileEncoding = 4; lastKnownFileType = sourcecode.c.objc; path = TETriangle.m; sourceTree = "<group>"; };
		3CB0487A13CBD5E90029875B /* TEEllipse.h */ = {isa = PBXFileReference; fileEncoding = 4; lastKnownFileType = sourcecode.c.h; path = TEEllipse.h; sourceTree = "<group>"; };
		3CB0487B13CBD5E90029875B /* TEEllipse.m */ = {isa = PBXFileReference; fileEncoding = 4; lastKnownFileType = sourcecode.c.objc; path = TEEllipse.m; sourceTree = "<group>"; };
		3CB0487D13CBD5F20029875B /* TERectangle.h */ = {isa = PBXFileReference; fileEncoding = 4; lastKnownFileType = sourcecode.c.h; path = TERectangle.h; sourceTree = "<group>"; };
		3CB0487E13CBD5F20029875B /* TERectangle.m */ = {isa = PBXFileReference; fileEncoding = 4; lastKnownFileType = sourcecode.c.objc; path = TERectangle.m; sourceTree = "<group>"; };
		3CB0488013CBD5FD0029875B /* TECharacter.h */ = {isa = PBXFileReference; fileEncoding = 4; lastKnownFileType = sourcecode.c.h; path = TECharacter.h; sourceTree = "<group>"; };
		3CB0488113CBD5FD0029875B /* TECharacter.m */ = {isa = PBXFileReference; fileEncoding = 4; lastKnownFileType = sourcecode.c.objc; path = TECharacter.m; sourceTree = "<group>"; };
		3CB0488613CBD6670029875B /* TauEngine.h */ = {isa = PBXFileReference; fileEncoding = 4; lastKnownFileType = sourcecode.c.h; path = TauEngine.h; sourceTree = "<group>"; };
		3CB0488913CBD6940029875B /* GLKit.framework */ = {isa = PBXFileReference; lastKnownFileType = wrapper.framework; name = GLKit.framework; path = System/Library/Frameworks/GLKit.framework; sourceTree = SDKROOT; };
		3CB0488A13CBD6940029875B /* OpenGLES.framework */ = {isa = PBXFileReference; lastKnownFileType = wrapper.framework; name = OpenGLES.framework; path = System/Library/Frameworks/OpenGLES.framework; sourceTree = SDKROOT; };
		3CB0488B13CBD6940029875B /* QuartzCore.framework */ = {isa = PBXFileReference; lastKnownFileType = wrapper.framework; name = QuartzCore.framework; path = System/Library/Frameworks/QuartzCore.framework; sourceTree = SDKROOT; };
		3CB0488F13CBDB440029875B /* TEScene.h */ = {isa = PBXFileReference; fileEncoding = 4; lastKnownFileType = sourcecode.c.h; path = TEScene.h; sourceTree = "<group>"; };
		3CB0489013CBDB440029875B /* TEScene.m */ = {isa = PBXFileReference; fileEncoding = 4; lastKnownFileType = sourcecode.c.objc; path = TEScene.m; sourceTree = "<group>"; };
		3CC22AA013EEE42400C64790 /* glow.png */ = {isa = PBXFileReference; lastKnownFileType = image.png; path = glow.png; sourceTree = "<group>"; };
		3CD1F93513DDB5A600F6F035 /* TEColorAnimation.h */ = {isa = PBXFileReference; fileEncoding = 4; lastKnownFileType = sourcecode.c.h; path = TEColorAnimation.h; sourceTree = "<group>"; };
		3CD1F93613DDB5A600F6F035 /* TEColorAnimation.m */ = {isa = PBXFileReference; fileEncoding = 4; lastKnownFileType = sourcecode.c.objc; path = TEColorAnimation.m; sourceTree = "<group>"; };
		3CD1F93913DDCF0000F6F035 /* hurt.wav */ = {isa = PBXFileReference; lastKnownFileType = audio.wav; path = hurt.wav; sourceTree = "<group>"; };
		3CD1F93A13DDCF0000F6F035 /* shoot.wav */ = {isa = PBXFileReference; lastKnownFileType = audio.wav; path = shoot.wav; sourceTree = "<group>"; };
		3CD1F93D13DDD17200F6F035 /* AudioToolbox.framework */ = {isa = PBXFileReference; lastKnownFileType = wrapper.framework; name = AudioToolbox.framework; path = System/Library/Frameworks/AudioToolbox.framework; sourceTree = SDKROOT; };
		3CD1F93F13DDD33E00F6F035 /* TESoundManager.h */ = {isa = PBXFileReference; fileEncoding = 4; lastKnownFileType = sourcecode.c.h; path = TESoundManager.h; sourceTree = "<group>"; };
		3CD1F94013DDD33F00F6F035 /* TESoundManager.m */ = {isa = PBXFileReference; fileEncoding = 4; lastKnownFileType = sourcecode.c.objc; path = TESoundManager.m; sourceTree = "<group>"; };
		3CD1F94213DE311F00F6F035 /* Asteroid.h */ = {isa = PBXFileReference; fileEncoding = 4; lastKnownFileType = sourcecode.c.h; path = Asteroid.h; sourceTree = "<group>"; };
		3CD1F94313DE311F00F6F035 /* Asteroid.m */ = {isa = PBXFileReference; fileEncoding = 4; lastKnownFileType = sourcecode.c.objc; path = Asteroid.m; sourceTree = "<group>"; };
		3CD1F94513DE313A00F6F035 /* ClassicHorde.h */ = {isa = PBXFileReference; fileEncoding = 4; lastKnownFileType = sourcecode.c.h; path = ClassicHorde.h; sourceTree = "<group>"; };
		3CD1F94613DE313A00F6F035 /* ClassicHorde.m */ = {isa = PBXFileReference; fileEncoding = 4; lastKnownFileType = sourcecode.c.objc; path = ClassicHorde.m; sourceTree = "<group>"; };
		3CD1F94813DF03C600F6F035 /* TERandom.h */ = {isa = PBXFileReference; fileEncoding = 4; lastKnownFileType = sourcecode.c.h; path = TERandom.h; sourceTree = "<group>"; };
		3CD1F94913DF03CB00F6F035 /* TERandom.m */ = {isa = PBXFileReference; fileEncoding = 4; lastKnownFileType = sourcecode.c.objc; path = TERandom.m; sourceTree = "<group>"; };
		3CD1F94B13DF0E3200F6F035 /* Game.h */ = {isa = PBXFileReference; fileEncoding = 4; lastKnownFileType = sourcecode.c.h; path = Game.h; sourceTree = "<group>"; };
		3CD1F94C13DF0E3200F6F035 /* Game.m */ = {isa = PBXFileReference; fileEncoding = 4; lastKnownFileType = sourcecode.c.objc; path = Game.m; sourceTree = "<group>"; };
		3CD1F95113DF1FE200F6F035 /* TECollisionDetectorTest.h */ = {isa = PBXFileReference; fileEncoding = 4; lastKnownFileType = sourcecode.c.h; path = TECollisionDetectorTest.h; sourceTree = "<group>"; };
		3CD1F95213DF1FE400F6F035 /* TECollisionDetectorTest.m */ = {isa = PBXFileReference; fileEncoding = 4; lastKnownFileType = sourcecode.c.objc; path = TECollisionDetectorTest.m; sourceTree = "<group>"; };
		3CD1F95413DF55EC00F6F035 /* TEPolygon.h */ = {isa = PBXFileReference; fileEncoding = 4; lastKnownFileType = sourcecode.c.h; path = TEPolygon.h; sourceTree = "<group>"; };
		3CD1F95513DF55EF00F6F035 /* TEPolygon.m */ = {isa = PBXFileReference; fileEncoding = 4; lastKnownFileType = sourcecode.c.objc; path = TEPolygon.m; sourceTree = "<group>"; };
		3CED2CB213F026A300254302 /* BigHordeUnit.h */ = {isa = PBXFileReference; fileEncoding = 4; lastKnownFileType = sourcecode.c.h; path = BigHordeUnit.h; sourceTree = "<group>"; };
		3CED2CB313F026A300254302 /* BigHordeUnit.m */ = {isa = PBXFileReference; fileEncoding = 4; lastKnownFileType = sourcecode.c.objc; path = BigHordeUnit.m; sourceTree = "<group>"; };
		3CED2CB513F0274400254302 /* Dogfight.h */ = {isa = PBXFileReference; fileEncoding = 4; lastKnownFileType = sourcecode.c.h; path = Dogfight.h; sourceTree = "<group>"; };
		3CED2CB613F0274400254302 /* Dogfight.m */ = {isa = PBXFileReference; fileEncoding = 4; lastKnownFileType = sourcecode.c.objc; path = Dogfight.m; sourceTree = "<group>"; };
		3CF3675113E723CD008A1A4A /* ExtraShot.h */ = {isa = PBXFileReference; fileEncoding = 4; lastKnownFileType = sourcecode.c.h; path = ExtraShot.h; sourceTree = "<group>"; };
		3CF3675213E723CD008A1A4A /* ExtraShot.m */ = {isa = PBXFileReference; fileEncoding = 4; lastKnownFileType = sourcecode.c.objc; path = ExtraShot.m; sourceTree = "<group>"; };
		3CF3675513E72FB3008A1A4A /* Fighter.m */ = {isa = PBXFileReference; fileEncoding = 4; lastKnownFileType = sourcecode.c.objc; path = Fighter.m; sourceTree = "<group>"; };
		3CF3679613E99D58008A1A4A /* Starfield.h */ = {isa = PBXFileReference; fileEncoding = 4; lastKnownFileType = sourcecode.c.h; path = Starfield.h; sourceTree = "<group>"; };
		3CF3679713E99D58008A1A4A /* Starfield.m */ = {isa = PBXFileReference; fileEncoding = 4; lastKnownFileType = sourcecode.c.objc; path = Starfield.m; sourceTree = "<group>"; };
		3CFC90D513D72F6F00100C21 /* TauEngine.m */ = {isa = PBXFileReference; fileEncoding = 4; lastKnownFileType = sourcecode.c.objc; path = TauEngine.m; sourceTree = "<group>"; };
/* End PBXFileReference section */

/* Begin PBXFrameworksBuildPhase section */
		3CB0483513CBD5960029875B /* Frameworks */ = {
			isa = PBXFrameworksBuildPhase;
			buildActionMask = 2147483647;
			files = (
				3CD1F93E13DDD17200F6F035 /* AudioToolbox.framework in Frameworks */,
				3CB0483D13CBD5960029875B /* UIKit.framework in Frameworks */,
				3CB0483F13CBD5960029875B /* Foundation.framework in Frameworks */,
				3CB0484113CBD5960029875B /* CoreGraphics.framework in Frameworks */,
				3CB0488C13CBD6940029875B /* GLKit.framework in Frameworks */,
				3CB0488D13CBD6940029875B /* OpenGLES.framework in Frameworks */,
				3CB0488E13CBD6940029875B /* QuartzCore.framework in Frameworks */,
				3C55079513CE0B8D00585C40 /* CoreMotion.framework in Frameworks */,
			);
			runOnlyForDeploymentPostprocessing = 0;
		};
		3CB0484F13CBD5970029875B /* Frameworks */ = {
			isa = PBXFrameworksBuildPhase;
			buildActionMask = 2147483647;
			files = (
				3CB0485513CBD5970029875B /* SenTestingKit.framework in Frameworks */,
				3CB0485613CBD5970029875B /* UIKit.framework in Frameworks */,
				3CB0485713CBD5970029875B /* Foundation.framework in Frameworks */,
				3CB0485813CBD5970029875B /* CoreGraphics.framework in Frameworks */,
				3C55079613CE0B8D00585C40 /* CoreMotion.framework in Frameworks */,
			);
			runOnlyForDeploymentPostprocessing = 0;
		};
/* End PBXFrameworksBuildPhase section */

/* Begin PBXGroup section */
		3C10727713EC55D30062986D /* Enemies */ = {
			isa = PBXGroup;
			children = (
				3C80617113EB142100EF4929 /* Enemy.h */,
				3C80617213EB142100EF4929 /* Enemy.m */,
				3CD1F94213DE311F00F6F035 /* Asteroid.h */,
				3CD1F94313DE311F00F6F035 /* Asteroid.m */,
				3C01190513D86090004808DA /* Baddie.h */,
				3C01190613D86090004808DA /* Baddie.m */,
				3C975B6913EB654700CAEB6D /* HordeUnit.h */,
				3C975B6A13EB654700CAEB6D /* HordeUnit.m */,
				3C7BD27113E9C696005895AE /* Seeker.h */,
				3C7BD27213E9C697005895AE /* Seeker.m */,
				3C10727413EC55BD0062986D /* Arms.h */,
				3C10727513EC55BD0062986D /* Arms.m */,
				3C37ED5D13EF302F00EF18A9 /* Spinner.h */,
				3C37ED5E13EF302F00EF18A9 /* Spinner.m */,
				3CED2CB013F0268B00254302 /* Bigguns */,
			);
			name = Enemies;
			sourceTree = "<group>";
		};
		3C138B8C13CCAD94002FC701 /* Character Files */ = {
			isa = PBXGroup;
			children = (
				3C138B8D13CCAD9D002FC701 /* mage.json */,
				3C5507A013CE198900585C40 /* obstacle.json */,
				3C8A283713D70D6200BB0011 /* fighter.json */,
				3C6E948813D76D53000F7988 /* bullet.json */,
				3C01190313D85DDF004808DA /* horde-unit.json */,
				3C10726E13EC33BB0062986D /* seeker.json */,
				3C37ED5713EF2EF800EF18A9 /* spinner.json */,
				3C10727813EC560D0062986D /* arms.json */,
				3C350E9313E079A6002DD35E /* extra-bullet-powerup.json */,
				3C228AE713E7155000CFE5D1 /* extra-shot-powerup.json */,
				3C228AE913E7156A00CFE5D1 /* health-powerup.json */,
				3C228AE313E7151600CFE5D1 /* extra-life-powerup.json */,
				3C20D40D13E3ACDF00A90FEB /* bullet-splash.json */,
				3C20D42313E6164F00A90FEB /* fighter-life.json */,
				3C228ADD13E7082700CFE5D1 /* shot-timer.json */,
			);
			name = "Character Files";
			sourceTree = "<group>";
		};
		3C350E8B13E0770D002DD35E /* Shapes */ = {
			isa = PBXGroup;
			children = (
				3CB0487413CBD5D20029875B /* TEShape.h */,
				3CB0487513CBD5D20029875B /* TEShape.m */,
				3CD1F95413DF55EC00F6F035 /* TEPolygon.h */,
				3CD1F95513DF55EF00F6F035 /* TEPolygon.m */,
				3CB0487713CBD5DF0029875B /* TETriangle.h */,
				3CB0487813CBD5DF0029875B /* TETriangle.m */,
				3CB0487D13CBD5F20029875B /* TERectangle.h */,
				3CB0487E13CBD5F20029875B /* TERectangle.m */,
				3C350E8513E07622002DD35E /* TERegularPolygon.h */,
				3C350E8613E07622002DD35E /* TERegularPolygon.m */,
				3C7096A413E37E0100BF4E83 /* TERandomPolygon.h */,
				3C7096A513E37E0300BF4E83 /* TERandomPolygon.m */,
				3C350E8113E07316002DD35E /* TEHexagon.h */,
				3C350E8213E07316002DD35E /* TEHexagon.m */,
				3C350E8813E07701002DD35E /* TEHeptagon.h */,
				3C350E8913E07701002DD35E /* TEHeptagon.m */,
				3C37ED5A13EF2F3700EF18A9 /* TEOctagon.h */,
				3C37ED5B13EF2F3700EF18A9 /* TEOctagon.m */,
				3CB0487A13CBD5E90029875B /* TEEllipse.h */,
				3CB0487B13CBD5E90029875B /* TEEllipse.m */,
			);
			name = Shapes;
			sourceTree = "<group>";
		};
		3C350E8C13E07746002DD35E /* Animations */ = {
			isa = PBXGroup;
			children = (
				3C138B9413CCC7DF002FC701 /* TEAnimation.h */,
				3C138B9513CCC7E0002FC701 /* TEAnimation.m */,
				3C8F913113CDE2F300820FC5 /* TEScaleAnimation.h */,
				3C8F913213CDE2F300820FC5 /* TEScaleAnimation.m */,
				3C8F913613CDE2FD00820FC5 /* TERotateAnimation.h */,
				3C8F913713CDE2FD00820FC5 /* TERotateAnimation.m */,
				3C8F913A13CDE30900820FC5 /* TETranslateAnimation.h */,
				3C8F913B13CDE30900820FC5 /* TETranslateAnimation.m */,
				3CD1F93513DDB5A600F6F035 /* TEColorAnimation.h */,
				3CD1F93613DDB5A600F6F035 /* TEColorAnimation.m */,
				3C20D41313E443A400A90FEB /* TEVertexColorAnimation.h */,
				3C20D41413E443A400A90FEB /* TEVertexColorAnimation.m */,
			);
			name = Animations;
			sourceTree = "<group>";
		};
		3C350E8D13E07757002DD35E /* Characters */ = {
			isa = PBXGroup;
			children = (
				3CB0487113CBD5C70029875B /* TENode.h */,
				3CB0487213CBD5C70029875B /* TENode.m */,
				3CB0488013CBD5FD0029875B /* TECharacter.h */,
				3CB0488113CBD5FD0029875B /* TECharacter.m */,
				3C138B9013CCB15A002FC701 /* TECharacterLoader.h */,
				3C138B9113CCB15A002FC701 /* TECharacterLoader.m */,
			);
			name = Characters;
			sourceTree = "<group>";
		};
		3C350E8E13E07772002DD35E /* Collision Detection */ = {
			isa = PBXGroup;
			children = (
				3C5507A413CE237D00585C40 /* TECollisionDetector.h */,
				3C5507A513CE237D00585C40 /* TECollisionDetector.m */,
				3CD1F95113DF1FE200F6F035 /* TECollisionDetectorTest.h */,
				3CD1F95213DF1FE400F6F035 /* TECollisionDetectorTest.m */,
			);
			name = "Collision Detection";
			sourceTree = "<group>";
		};
		3C350E8F13E07788002DD35E /* Scenes */ = {
			isa = PBXGroup;
			children = (
				3C6B2A6313D47A6C00061EC7 /* TESceneController.h */,
				3C6B2A6413D47A6C00061EC7 /* TESceneController.m */,
				3CB0488F13CBDB440029875B /* TEScene.h */,
				3CB0489013CBDB440029875B /* TEScene.m */,
			);
			name = Scenes;
			sourceTree = "<group>";
		};
		3C350E9013E07790002DD35E /* Motion */ = {
			isa = PBXGroup;
			children = (
				3C56687E13D73D6F0011D69E /* TEAdjustedAttitude.h */,
				3C56687F13D73D6F0011D69E /* TEAdjustedAttitude.m */,
				3C6E948413D74DB6000F7988 /* TEAccelerometer.h */,
				3C6E948513D74DB6000F7988 /* TEAccelerometer.m */,
			);
			name = Motion;
			sourceTree = "<group>";
		};
		3C350E9113E0779D002DD35E /* Sound */ = {
			isa = PBXGroup;
			children = (
				3CD1F93F13DDD33E00F6F035 /* TESoundManager.h */,
				3CD1F94013DDD33F00F6F035 /* TESoundManager.m */,
			);
			name = Sound;
			sourceTree = "<group>";
		};
		3C350E9213E077C4002DD35E /* Utils */ = {
			isa = PBXGroup;
			children = (
				3CD1F94813DF03C600F6F035 /* TERandom.h */,
				3CD1F94913DF03CB00F6F035 /* TERandom.m */,
				3C59AB4013F068D800E35FC3 /* TEShuffleBag.h */,
				3C59AB4113F068D900E35FC3 /* TEShuffleBag.m */,
				3C70969313E1DD1200BF4E83 /* TEImage.h */,
				3C70969413E1DD1200BF4E83 /* TEImage.m */,
				3C7BD28813EB0158005895AE /* TETexture.h */,
				3C7BD28913EB0158005895AE /* TETexture.m */,
			);
			name = Utils;
			sourceTree = "<group>";
		};
		3C350E9E13E07B38002DD35E /* Powerups */ = {
			isa = PBXGroup;
			children = (
				3C350E9813E07B1E002DD35E /* Powerup.h */,
				3C350E9913E07B1F002DD35E /* Powerup.m */,
				3C350E9B13E07B33002DD35E /* ExtraBullet.h */,
				3C350E9C13E07B33002DD35E /* ExtraBullet.m */,
				3C228AEB13E7185600CFE5D1 /* ExtraLife.h */,
				3C228AEC13E7185600CFE5D1 /* ExtraLife.m */,
				3CF3675113E723CD008A1A4A /* ExtraShot.h */,
				3CF3675213E723CD008A1A4A /* ExtraShot.m */,
			);
			name = Powerups;
			sourceTree = "<group>";
		};
		3C70968F13E1DCB300BF4E83 /* Text */ = {
			isa = PBXGroup;
			children = (
				3C70968C13E1DBC400BF4E83 /* TENumberDisplay.h */,
				3C70968D13E1DBC400BF4E83 /* TENumberDisplay.m */,
			);
			name = Text;
			sourceTree = "<group>";
		};
		3C70969613E1EEB600BF4E83 /* Drawables */ = {
			isa = PBXGroup;
			children = (
				3CB0486E13CBD5B80029875B /* TEDrawable.h */,
				3CB0486F13CBD5B80029875B /* TEDrawable.m */,
				3C350E8B13E0770D002DD35E /* Shapes */,
				3C70968F13E1DCB300BF4E83 /* Text */,
				3C7BD28713EB00BB005895AE /* Sprites */,
			);
			name = Drawables;
			sourceTree = "<group>";
		};
		3C7BD27413E9C6A9005895AE /* Weapons */ = {
			isa = PBXGroup;
			children = (
				3C6E948A13D771A7000F7988 /* Bullet.h */,
				3C6E948B13D771A7000F7988 /* Bullet.m */,
				3C7BD28113EADB41005895AE /* GlowingBullet.h */,
				3C7BD28213EADB41005895AE /* GlowingBullet.m */,
			);
			name = Weapons;
			sourceTree = "<group>";
		};
		3C7BD27513E9C6B7005895AE /* Effects */ = {
			isa = PBXGroup;
			children = (
				3C20D41013E3AD4C00A90FEB /* BulletSplash.h */,
				3C20D41113E3AD4C00A90FEB /* BulletSplash.m */,
			);
			name = Effects;
			sourceTree = "<group>";
		};
		3C7BD28713EB00BB005895AE /* Sprites */ = {
			isa = PBXGroup;
			children = (
				3C7BD28413EB00B5005895AE /* TESprite.h */,
				3C7BD28513EB00B6005895AE /* TESprite.m */,
			);
			name = Sprites;
			sourceTree = "<group>";
		};
		3C80616F13EB10E100EF4929 /* Levels */ = {
			isa = PBXGroup;
			children = (
				3C59AB4313F0699F00E35FC3 /* LevelBag.h */,
				3C59AB4413F0699F00E35FC3 /* LevelBag.m */,
				3C80617013EB10F700EF4929 /* GameLevel.h */,
				3C80617413EB2D4B00EF4929 /* GameLevel.m */,
				3C10727A13EC6AE10062986D /* GriddedGameLevel.h */,
				3C8A283013D70CBC00BB0011 /* AsteroidField.h */,
				3C8A283113D70CBC00BB0011 /* AsteroidField.m */,
				3CD1F94513DE313A00F6F035 /* ClassicHorde.h */,
				3CD1F94613DE313A00F6F035 /* ClassicHorde.m */,
				3C10727113EC35380062986D /* Fray.h */,
				3C10727213EC35380062986D /* Fray.m */,
				3CED2CB513F0274400254302 /* Dogfight.h */,
				3CED2CB613F0274400254302 /* Dogfight.m */,
			);
			name = Levels;
			sourceTree = "<group>";
		};
		3C8A282413D70AC300BB0011 /* Fighter */ = {
			isa = PBXGroup;
			children = (
				3C8A282B13D70C7E00BB0011 /* Scenes */,
				3C80616F13EB10E100EF4929 /* Levels */,
				3C8A282A13D70C7300BB0011 /* Characters */,
				3C138B8C13CCAD94002FC701 /* Character Files */,
				3CD1F93813DDCEE600F6F035 /* Sounds */,
			);
			name = Fighter;
			sourceTree = "<group>";
		};
		3C8A282A13D70C7300BB0011 /* Characters */ = {
			isa = PBXGroup;
			children = (
				3C8A282613D70B4200BB0011 /* Fighter.h */,
				3CF3675513E72FB3008A1A4A /* Fighter.m */,
				3C10727713EC55D30062986D /* Enemies */,
				3CF3679513E99D18008A1A4A /* HUD */,
				3C7BD27413E9C6A9005895AE /* Weapons */,
				3C350E9E13E07B38002DD35E /* Powerups */,
				3C7BD27513E9C6B7005895AE /* Effects */,
				3CF3679413E99CFC008A1A4A /* Background */,
			);
			name = Characters;
			sourceTree = "<group>";
		};
		3C8A282B13D70C7E00BB0011 /* Scenes */ = {
			isa = PBXGroup;
			children = (
				3C2DE86413D9CB9D000237D2 /* TitleScreen.h */,
				3C2DE86513D9CB9D000237D2 /* TitleScreen.m */,
				3CD1F94B13DF0E3200F6F035 /* Game.h */,
				3CD1F94C13DF0E3200F6F035 /* Game.m */,
				3C7BD27C13E9E13F005895AE /* Pause.h */,
				3C7BD27D13E9E140005895AE /* Pause.m */,
			);
			name = Scenes;
			sourceTree = "<group>";
		};
		3CB0482D13CBD5960029875B = {
			isa = PBXGroup;
			children = (
				3CB0484213CBD5960029875B /* TauGame */,
				3CB0485B13CBD5970029875B /* TauGameTests */,
				3CB0483B13CBD5960029875B /* Frameworks */,
				3CB0483913CBD5960029875B /* Products */,
			);
			indentWidth = 2;
			sourceTree = "<group>";
			tabWidth = 2;
			wrapsLines = 0;
		};
		3CB0483913CBD5960029875B /* Products */ = {
			isa = PBXGroup;
			children = (
				3CB0483813CBD5960029875B /* Galaxy Wild.app */,
				3CB0485313CBD5970029875B /* TauGameTests.octest */,
			);
			name = Products;
			sourceTree = "<group>";
		};
		3CB0483B13CBD5960029875B /* Frameworks */ = {
			isa = PBXGroup;
			children = (
				3CD1F93D13DDD17200F6F035 /* AudioToolbox.framework */,
				3C55079413CE0B8D00585C40 /* CoreMotion.framework */,
				3CB0488913CBD6940029875B /* GLKit.framework */,
				3CB0488A13CBD6940029875B /* OpenGLES.framework */,
				3CB0488B13CBD6940029875B /* QuartzCore.framework */,
				3CB0483C13CBD5960029875B /* UIKit.framework */,
				3CB0483E13CBD5960029875B /* Foundation.framework */,
				3CB0484013CBD5960029875B /* CoreGraphics.framework */,
				3CB0485413CBD5970029875B /* SenTestingKit.framework */,
			);
			name = Frameworks;
			sourceTree = "<group>";
		};
		3CB0484213CBD5960029875B /* TauGame */ = {
			isa = PBXGroup;
			children = (
				3CB0486D13CBD5A10029875B /* TauEngine */,
				3C8A282413D70AC300BB0011 /* Fighter */,
				3CB0484B13CBD5960029875B /* TauGameAppDelegate.h */,
				3CB0484C13CBD5960029875B /* TauGameAppDelegate.m */,
				3CB0484313CBD5960029875B /* Supporting Files */,
			);
			path = TauGame;
			sourceTree = "<group>";
		};
		3CB0484313CBD5960029875B /* Supporting Files */ = {
			isa = PBXGroup;
			children = (
				3CC22AA013EEE42400C64790 /* glow.png */,
				3C2DE86713D9DA93000237D2 /* main-menu-background.jpg */,
				3CB0484413CBD5960029875B /* TauGame-Info.plist */,
				3CB0484513CBD5960029875B /* InfoPlist.strings */,
				3CB0484813CBD5960029875B /* main.m */,
				3CB0484A13CBD5960029875B /* TauGame-Prefix.pch */,
				3C2DE86913D9DAA3000237D2 /* credits.txt */,
			);
			name = "Supporting Files";
			sourceTree = "<group>";
		};
		3CB0485B13CBD5970029875B /* TauGameTests */ = {
			isa = PBXGroup;
			children = (
				3CB0486113CBD5970029875B /* TauGameTests.h */,
				3CB0486313CBD5970029875B /* TauGameTests.m */,
				3CB0485C13CBD5970029875B /* Supporting Files */,
			);
			path = TauGameTests;
			sourceTree = "<group>";
		};
		3CB0485C13CBD5970029875B /* Supporting Files */ = {
			isa = PBXGroup;
			children = (
				3CB0485D13CBD5970029875B /* TauGameTests-Info.plist */,
				3CB0485E13CBD5970029875B /* InfoPlist.strings */,
			);
			name = "Supporting Files";
			sourceTree = "<group>";
		};
		3CB0486D13CBD5A10029875B /* TauEngine */ = {
			isa = PBXGroup;
			children = (
				3CB0488613CBD6670029875B /* TauEngine.h */,
				3CFC90D513D72F6F00100C21 /* TauEngine.m */,
				3C350E8D13E07757002DD35E /* Characters */,
				3C70969613E1EEB600BF4E83 /* Drawables */,
				3C350E8C13E07746002DD35E /* Animations */,
				3C350E8E13E07772002DD35E /* Collision Detection */,
				3C350E8F13E07788002DD35E /* Scenes */,
				3C350E9013E07790002DD35E /* Motion */,
				3C350E9113E0779D002DD35E /* Sound */,
				3C350E9213E077C4002DD35E /* Utils */,
			);
			name = TauEngine;
			sourceTree = "<group>";
		};
		3CD1F93813DDCEE600F6F035 /* Sounds */ = {
			isa = PBXGroup;
			children = (
				3C20D41B13E4EB1F00A90FEB /* hurt2.wav */,
				3C20D41913E4EAB700A90FEB /* explosion.wav */,
				3C350E9F13E07B88002DD35E /* powerup.wav */,
				3C32D06A13DF956F0084582B /* fighter-hurt.wav */,
				3CD1F93913DDCF0000F6F035 /* hurt.wav */,
				3CD1F93A13DDCF0000F6F035 /* shoot.wav */,
			);
			name = Sounds;
			sourceTree = "<group>";
		};
		3CED2CB013F0268B00254302 /* Bigguns */ = {
			isa = PBXGroup;
			children = (
				3CED2CB213F026A300254302 /* BigHordeUnit.h */,
				3CED2CB313F026A300254302 /* BigHordeUnit.m */,
				3C59AB3A13F054BC00E35FC3 /* BigArms.h */,
				3C59AB3B13F054BC00E35FC3 /* BigArms.m */,
				3C59AB4613F06D7100E35FC3 /* BiggunBag.h */,
				3C59AB4713F06D7100E35FC3 /* BiggunBag.m */,
			);
			name = Bigguns;
			sourceTree = "<group>";
		};
		3CF3679413E99CFC008A1A4A /* Background */ = {
			isa = PBXGroup;
			children = (
				3C20D41D13E6002E00A90FEB /* Background.h */,
				3C20D41E13E6002F00A90FEB /* Background.m */,
				3CF3679613E99D58008A1A4A /* Starfield.h */,
				3CF3679713E99D58008A1A4A /* Starfield.m */,
			);
			name = Background;
			sourceTree = "<group>";
		};
		3CF3679513E99D18008A1A4A /* HUD */ = {
			isa = PBXGroup;
			children = (
				3C20D42013E6162400A90FEB /* FighterLife.h */,
				3C20D42113E6162500A90FEB /* FighterLife.m */,
				3C228AE013E708F200CFE5D1 /* ShotTimer.h */,
				3C228AE113E708F200CFE5D1 /* ShotTimer.m */,
			);
			name = HUD;
			sourceTree = "<group>";
		};
/* End PBXGroup section */

/* Begin PBXNativeTarget section */
		3CB0483713CBD5960029875B /* TauGame */ = {
			isa = PBXNativeTarget;
			buildConfigurationList = 3CB0486713CBD5970029875B /* Build configuration list for PBXNativeTarget "TauGame" */;
			buildPhases = (
				3CB0483413CBD5960029875B /* Sources */,
				3CB0483513CBD5960029875B /* Frameworks */,
				3CB0483613CBD5960029875B /* Resources */,
			);
			buildRules = (
			);
			dependencies = (
			);
			name = TauGame;
			productName = TauGame;
			productReference = 3CB0483813CBD5960029875B /* Galaxy Wild.app */;
			productType = "com.apple.product-type.application";
		};
		3CB0485213CBD5970029875B /* TauGameTests */ = {
			isa = PBXNativeTarget;
			buildConfigurationList = 3CB0486A13CBD5970029875B /* Build configuration list for PBXNativeTarget "TauGameTests" */;
			buildPhases = (
				3CB0484E13CBD5970029875B /* Sources */,
				3CB0484F13CBD5970029875B /* Frameworks */,
				3CB0485013CBD5970029875B /* Resources */,
				3CB0485113CBD5970029875B /* ShellScript */,
			);
			buildRules = (
			);
			dependencies = (
				3CB0485A13CBD5970029875B /* PBXTargetDependency */,
			);
			name = TauGameTests;
			productName = TauGameTests;
			productReference = 3CB0485313CBD5970029875B /* TauGameTests.octest */;
			productType = "com.apple.product-type.bundle";
		};
/* End PBXNativeTarget section */

/* Begin PBXProject section */
		3CB0482F13CBD5960029875B /* Project object */ = {
			isa = PBXProject;
			attributes = {
				LastUpgradeCheck = 0420;
				ORGANIZATIONNAME = "Ian Terrell";
			};
			buildConfigurationList = 3CB0483213CBD5960029875B /* Build configuration list for PBXProject "TauGame" */;
			compatibilityVersion = "Xcode 3.2";
			developmentRegion = English;
			hasScannedForEncodings = 0;
			knownRegions = (
				en,
			);
			mainGroup = 3CB0482D13CBD5960029875B;
			productRefGroup = 3CB0483913CBD5960029875B /* Products */;
			projectDirPath = "";
			projectRoot = "";
			targets = (
				3CB0483713CBD5960029875B /* TauGame */,
				3CB0485213CBD5970029875B /* TauGameTests */,
			);
		};
/* End PBXProject section */

/* Begin PBXResourcesBuildPhase section */
		3CB0483613CBD5960029875B /* Resources */ = {
			isa = PBXResourcesBuildPhase;
			buildActionMask = 2147483647;
			files = (
				3C01190813D8612E004808DA /* horde-unit.json in Resources */,
				3C8A283A13D70D9E00BB0011 /* fighter.json in Resources */,
				3C5507A313CE19CB00585C40 /* obstacle.json in Resources */,
				3CB0484713CBD5960029875B /* InfoPlist.strings in Resources */,
				3C138B8E13CCAD9D002FC701 /* mage.json in Resources */,
				3C6E948913D76D53000F7988 /* bullet.json in Resources */,
				3C2DE86813D9DA93000237D2 /* main-menu-background.jpg in Resources */,
				3C2DE86A13D9DAA3000237D2 /* credits.txt in Resources */,
				3CD1F93B13DDCF0000F6F035 /* hurt.wav in Resources */,
				3CD1F93C13DDCF0000F6F035 /* shoot.wav in Resources */,
				3C32D06B13DF956F0084582B /* fighter-hurt.wav in Resources */,
				3C350E9413E079A6002DD35E /* extra-bullet-powerup.json in Resources */,
				3C350EA013E07B88002DD35E /* powerup.wav in Resources */,
				3C20D40E13E3ACDF00A90FEB /* bullet-splash.json in Resources */,
				3C20D41A13E4EAB700A90FEB /* explosion.wav in Resources */,
				3C20D41C13E4EB1F00A90FEB /* hurt2.wav in Resources */,
				3C20D42413E6164F00A90FEB /* fighter-life.json in Resources */,
				3C228ADE13E7082700CFE5D1 /* shot-timer.json in Resources */,
				3C228AE413E7151600CFE5D1 /* extra-life-powerup.json in Resources */,
				3C228AE813E7155000CFE5D1 /* extra-shot-powerup.json in Resources */,
				3C228AEA13E7156A00CFE5D1 /* health-powerup.json in Resources */,
				3C10726F13EC33BB0062986D /* seeker.json in Resources */,
				3C10727913EC560D0062986D /* arms.json in Resources */,
				3CC22AA113EEE42400C64790 /* glow.png in Resources */,
				3C37ED5813EF2EF800EF18A9 /* spinner.json in Resources */,
			);
			runOnlyForDeploymentPostprocessing = 0;
		};
		3CB0485013CBD5970029875B /* Resources */ = {
			isa = PBXResourcesBuildPhase;
			buildActionMask = 2147483647;
			files = (
				3CB0486013CBD5970029875B /* InfoPlist.strings in Resources */,
				3CB0486213CBD5970029875B /* TauGameTests.h in Resources */,
				3C138B8F13CCAD9D002FC701 /* mage.json in Resources */,
			);
			runOnlyForDeploymentPostprocessing = 0;
		};
/* End PBXResourcesBuildPhase section */

/* Begin PBXShellScriptBuildPhase section */
		3CB0485113CBD5970029875B /* ShellScript */ = {
			isa = PBXShellScriptBuildPhase;
			buildActionMask = 2147483647;
			files = (
			);
			inputPaths = (
			);
			outputPaths = (
			);
			runOnlyForDeploymentPostprocessing = 0;
			shellPath = /bin/sh;
			shellScript = "# Run the unit tests in this test bundle.\n\"${SYSTEM_DEVELOPER_DIR}/Tools/RunUnitTests\"\n";
		};
/* End PBXShellScriptBuildPhase section */

/* Begin PBXSourcesBuildPhase section */
		3CB0483413CBD5960029875B /* Sources */ = {
			isa = PBXSourcesBuildPhase;
			buildActionMask = 2147483647;
			files = (
				3CB0484913CBD5960029875B /* main.m in Sources */,
				3CB0484D13CBD5960029875B /* TauGameAppDelegate.m in Sources */,
				3CB0487013CBD5B80029875B /* TEDrawable.m in Sources */,
				3CB0487313CBD5C70029875B /* TENode.m in Sources */,
				3CB0487613CBD5D20029875B /* TEShape.m in Sources */,
				3CB0487913CBD5DF0029875B /* TETriangle.m in Sources */,
				3CB0487C13CBD5E90029875B /* TEEllipse.m in Sources */,
				3CB0487F13CBD5F20029875B /* TERectangle.m in Sources */,
				3CB0488213CBD5FE0029875B /* TECharacter.m in Sources */,
				3CB0489113CBDB440029875B /* TEScene.m in Sources */,
				3C138B9213CCB15B002FC701 /* TECharacterLoader.m in Sources */,
				3C138B9613CCC7E0002FC701 /* TEAnimation.m in Sources */,
				3C8F913313CDE2F300820FC5 /* TEScaleAnimation.m in Sources */,
				3C8F913813CDE2FD00820FC5 /* TERotateAnimation.m in Sources */,
				3C8F913C13CDE30900820FC5 /* TETranslateAnimation.m in Sources */,
				3C5507A613CE237D00585C40 /* TECollisionDetector.m in Sources */,
				3C6B2A6513D47A6C00061EC7 /* TESceneController.m in Sources */,
				3C8A283213D70CBC00BB0011 /* AsteroidField.m in Sources */,
				3CFC90D613D72F6F00100C21 /* TauEngine.m in Sources */,
				3C56688013D73D700011D69E /* TEAdjustedAttitude.m in Sources */,
				3C6E948613D74DB6000F7988 /* TEAccelerometer.m in Sources */,
				3C6E948C13D771A7000F7988 /* Bullet.m in Sources */,
				3C01190713D86090004808DA /* Baddie.m in Sources */,
				3C2DE86613D9CB9D000237D2 /* TitleScreen.m in Sources */,
				3CD1F93713DDB5A600F6F035 /* TEColorAnimation.m in Sources */,
				3CD1F94113DDD34100F6F035 /* TESoundManager.m in Sources */,
				3CD1F94413DE311F00F6F035 /* Asteroid.m in Sources */,
				3CD1F94713DE313A00F6F035 /* ClassicHorde.m in Sources */,
				3CD1F94A13DF03CE00F6F035 /* TERandom.m in Sources */,
				3CD1F94D13DF0E3300F6F035 /* Game.m in Sources */,
				3CD1F95313DF1FE700F6F035 /* TECollisionDetectorTest.m in Sources */,
				3CD1F95613DF55F400F6F035 /* TEPolygon.m in Sources */,
				3C350E8313E07316002DD35E /* TEHexagon.m in Sources */,
				3C350E8713E07623002DD35E /* TERegularPolygon.m in Sources */,
				3C350E8A13E07701002DD35E /* TEHeptagon.m in Sources */,
				3C350E9A13E07B1F002DD35E /* Powerup.m in Sources */,
				3C350E9D13E07B34002DD35E /* ExtraBullet.m in Sources */,
				3C70968E13E1DBC400BF4E83 /* TENumberDisplay.m in Sources */,
				3C70969513E1DD1200BF4E83 /* TEImage.m in Sources */,
				3C7096A613E37E0600BF4E83 /* TERandomPolygon.m in Sources */,
				3C20D41213E3AD4C00A90FEB /* BulletSplash.m in Sources */,
				3C20D41513E443A400A90FEB /* TEVertexColorAnimation.m in Sources */,
				3C20D41F13E6003100A90FEB /* Background.m in Sources */,
				3C20D42213E6162600A90FEB /* FighterLife.m in Sources */,
				3C228AE213E708F200CFE5D1 /* ShotTimer.m in Sources */,
				3C228AED13E7185600CFE5D1 /* ExtraLife.m in Sources */,
				3CF3675313E723CD008A1A4A /* ExtraShot.m in Sources */,
				3CF3675613E72FB3008A1A4A /* Fighter.m in Sources */,
				3CF3679813E99D58008A1A4A /* Starfield.m in Sources */,
				3C7BD27313E9C697005895AE /* Seeker.m in Sources */,
				3C7BD27E13E9E140005895AE /* Pause.m in Sources */,
				3C7BD28313EADB42005895AE /* GlowingBullet.m in Sources */,
				3C7BD28613EB00B6005895AE /* TESprite.m in Sources */,
				3C7BD28A13EB0158005895AE /* TETexture.m in Sources */,
				3C80617313EB142100EF4929 /* Enemy.m in Sources */,
				3C80617513EB2D4B00EF4929 /* GameLevel.m in Sources */,
				3C975B6B13EB654700CAEB6D /* HordeUnit.m in Sources */,
				3C10727313EC35380062986D /* Fray.m in Sources */,
				3C10727613EC55BE0062986D /* Arms.m in Sources */,
				3C37ED5C13EF2F3700EF18A9 /* TEOctagon.m in Sources */,
				3C37ED5F13EF302F00EF18A9 /* Spinner.m in Sources */,
				3CED2CB413F026A300254302 /* BigHordeUnit.m in Sources */,
				3CED2CB713F0274400254302 /* Dogfight.m in Sources */,
				3C59AB3C13F054BC00E35FC3 /* BigArms.m in Sources */,
				3C59AB4213F068D900E35FC3 /* TEShuffleBag.m in Sources */,
				3C59AB4513F0699F00E35FC3 /* LevelBag.m in Sources */,
				3C59AB4813F06D7200E35FC3 /* BiggunBag.m in Sources */,
			);
			runOnlyForDeploymentPostprocessing = 0;
		};
		3CB0484E13CBD5970029875B /* Sources */ = {
			isa = PBXSourcesBuildPhase;
			buildActionMask = 2147483647;
			files = (
				3CB0486413CBD5970029875B /* TauGameTests.m in Sources */,
				3C138B9313CCB15B002FC701 /* TECharacterLoader.m in Sources */,
				3C138B9713CCC7E0002FC701 /* TEAnimation.m in Sources */,
				3C8F913413CDE2F300820FC5 /* TEScaleAnimation.m in Sources */,
				3C8F913913CDE2FD00820FC5 /* TERotateAnimation.m in Sources */,
				3C8F913D13CDE30900820FC5 /* TETranslateAnimation.m in Sources */,
				3C5507A213CE198900585C40 /* obstacle.json in Sources */,
				3C5507A713CE237D00585C40 /* TECollisionDetector.m in Sources */,
				3C6B2A6613D47A6C00061EC7 /* TESceneController.m in Sources */,
				3C8A283313D70CBC00BB0011 /* AsteroidField.m in Sources */,
				3C8A283913D70D6200BB0011 /* fighter.json in Sources */,
			);
			runOnlyForDeploymentPostprocessing = 0;
		};
/* End PBXSourcesBuildPhase section */

/* Begin PBXTargetDependency section */
		3CB0485A13CBD5970029875B /* PBXTargetDependency */ = {
			isa = PBXTargetDependency;
			target = 3CB0483713CBD5960029875B /* TauGame */;
			targetProxy = 3CB0485913CBD5970029875B /* PBXContainerItemProxy */;
		};
/* End PBXTargetDependency section */

/* Begin PBXVariantGroup section */
		3CB0484513CBD5960029875B /* InfoPlist.strings */ = {
			isa = PBXVariantGroup;
			children = (
				3CB0484613CBD5960029875B /* en */,
			);
			name = InfoPlist.strings;
			sourceTree = "<group>";
		};
		3CB0485E13CBD5970029875B /* InfoPlist.strings */ = {
			isa = PBXVariantGroup;
			children = (
				3CB0485F13CBD5970029875B /* en */,
			);
			name = InfoPlist.strings;
			sourceTree = "<group>";
		};
/* End PBXVariantGroup section */

/* Begin XCBuildConfiguration section */
		3CB0486513CBD5970029875B /* Debug */ = {
			isa = XCBuildConfiguration;
			buildSettings = {
				ALWAYS_SEARCH_USER_PATHS = NO;
				ARCHS = "$(ARCHS_STANDARD_32_BIT)";
				CLANG_ENABLE_OBJC_ARC = YES;
				"CODE_SIGN_IDENTITY[sdk=iphoneos*]" = "iPhone Developer";
				COPY_PHASE_STRIP = NO;
				GCC_C_LANGUAGE_STANDARD = gnu99;
				GCC_DYNAMIC_NO_PIC = NO;
				GCC_OPTIMIZATION_LEVEL = 0;
				GCC_PREPROCESSOR_DEFINITIONS = (
					"DEBUG=1",
					"$(inherited)",
				);
				GCC_SYMBOLS_PRIVATE_EXTERN = NO;
				GCC_VERSION = com.apple.compilers.llvm.clang.1_0;
				GCC_WARN_ABOUT_MISSING_PROTOTYPES = YES;
				GCC_WARN_ABOUT_RETURN_TYPE = YES;
				GCC_WARN_UNUSED_VARIABLE = YES;
				IPHONEOS_DEPLOYMENT_TARGET = 5.0;
				SDKROOT = iphoneos;
				TARGETED_DEVICE_FAMILY = "1,2";
			};
			name = Debug;
		};
		3CB0486613CBD5970029875B /* Release */ = {
			isa = XCBuildConfiguration;
			buildSettings = {
				ALWAYS_SEARCH_USER_PATHS = NO;
				ARCHS = "$(ARCHS_STANDARD_32_BIT)";
				CLANG_ENABLE_OBJC_ARC = YES;
				"CODE_SIGN_IDENTITY[sdk=iphoneos*]" = "iPhone Developer";
				COPY_PHASE_STRIP = YES;
				GCC_C_LANGUAGE_STANDARD = gnu99;
				GCC_VERSION = com.apple.compilers.llvm.clang.1_0;
				GCC_WARN_ABOUT_MISSING_PROTOTYPES = YES;
				GCC_WARN_ABOUT_RETURN_TYPE = YES;
				GCC_WARN_UNUSED_VARIABLE = YES;
				IPHONEOS_DEPLOYMENT_TARGET = 5.0;
				OTHER_CFLAGS = "-DNS_BLOCK_ASSERTIONS=1";
				SDKROOT = iphoneos;
				TARGETED_DEVICE_FAMILY = "1,2";
				VALIDATE_PRODUCT = YES;
			};
			name = Release;
		};
		3CB0486813CBD5970029875B /* Debug */ = {
			isa = XCBuildConfiguration;
			buildSettings = {
				CLANG_CXX_LANGUAGE_STANDARD = "compiler-default";
				CLANG_CXX_LIBRARY = "compiler-default";
				CLANG_WARN_OBJCPP_ARC_ABI = YES;
				GCC_PRECOMPILE_PREFIX_HEADER = YES;
				GCC_PREFIX_HEADER = "TauGame/TauGame-Prefix.pch";
				GCC_VERSION = com.apple.compilers.llvm.clang.1_0;
				HEADER_SEARCH_PATHS = (
					"libs/**",
					"./**",
				);
				INFOPLIST_FILE = "TauGame/TauGame-Info.plist";
				PRODUCT_NAME = "Galaxy Wild";
				WRAPPER_EXTENSION = app;
			};
			name = Debug;
		};
		3CB0486913CBD5970029875B /* Release */ = {
			isa = XCBuildConfiguration;
			buildSettings = {
				CLANG_CXX_LANGUAGE_STANDARD = "compiler-default";
				CLANG_CXX_LIBRARY = "compiler-default";
				CLANG_WARN_OBJCPP_ARC_ABI = YES;
				GCC_PRECOMPILE_PREFIX_HEADER = YES;
				GCC_PREFIX_HEADER = "TauGame/TauGame-Prefix.pch";
				GCC_VERSION = com.apple.compilers.llvm.clang.1_0;
				HEADER_SEARCH_PATHS = (
					"libs/**",
					"./**",
				);
				INFOPLIST_FILE = "TauGame/TauGame-Info.plist";
				PRODUCT_NAME = "Galaxy Wild";
				WRAPPER_EXTENSION = app;
			};
			name = Release;
		};
		3CB0486B13CBD5970029875B /* Debug */ = {
			isa = XCBuildConfiguration;
			buildSettings = {
				BUNDLE_LOADER = "$(BUILT_PRODUCTS_DIR)/TauGame.app/TauGame";
				FRAMEWORK_SEARCH_PATHS = (
					"$(SDKROOT)/Developer/Library/Frameworks",
					"$(DEVELOPER_LIBRARY_DIR)/Frameworks",
				);
				GCC_PRECOMPILE_PREFIX_HEADER = YES;
				GCC_PREFIX_HEADER = "TauGame/TauGame-Prefix.pch";
				INFOPLIST_FILE = "TauGameTests/TauGameTests-Info.plist";
				PRODUCT_NAME = "$(TARGET_NAME)";
				TEST_HOST = "$(BUNDLE_LOADER)";
				WRAPPER_EXTENSION = octest;
			};
			name = Debug;
		};
		3CB0486C13CBD5970029875B /* Release */ = {
			isa = XCBuildConfiguration;
			buildSettings = {
				BUNDLE_LOADER = "$(BUILT_PRODUCTS_DIR)/TauGame.app/TauGame";
				FRAMEWORK_SEARCH_PATHS = (
					"$(SDKROOT)/Developer/Library/Frameworks",
					"$(DEVELOPER_LIBRARY_DIR)/Frameworks",
				);
				GCC_PRECOMPILE_PREFIX_HEADER = YES;
				GCC_PREFIX_HEADER = "TauGame/TauGame-Prefix.pch";
				INFOPLIST_FILE = "TauGameTests/TauGameTests-Info.plist";
				PRODUCT_NAME = "$(TARGET_NAME)";
				TEST_HOST = "$(BUNDLE_LOADER)";
				WRAPPER_EXTENSION = octest;
			};
			name = Release;
		};
/* End XCBuildConfiguration section */

/* Begin XCConfigurationList section */
		3CB0483213CBD5960029875B /* Build configuration list for PBXProject "TauGame" */ = {
			isa = XCConfigurationList;
			buildConfigurations = (
				3CB0486513CBD5970029875B /* Debug */,
				3CB0486613CBD5970029875B /* Release */,
			);
			defaultConfigurationIsVisible = 0;
			defaultConfigurationName = Release;
		};
		3CB0486713CBD5970029875B /* Build configuration list for PBXNativeTarget "TauGame" */ = {
			isa = XCConfigurationList;
			buildConfigurations = (
				3CB0486813CBD5970029875B /* Debug */,
				3CB0486913CBD5970029875B /* Release */,
			);
			defaultConfigurationIsVisible = 0;
			defaultConfigurationName = Release;
		};
		3CB0486A13CBD5970029875B /* Build configuration list for PBXNativeTarget "TauGameTests" */ = {
			isa = XCConfigurationList;
			buildConfigurations = (
				3CB0486B13CBD5970029875B /* Debug */,
				3CB0486C13CBD5970029875B /* Release */,
			);
			defaultConfigurationIsVisible = 0;
			defaultConfigurationName = Release;
		};
/* End XCConfigurationList section */
	};
	rootObject = 3CB0482F13CBD5960029875B /* Project object */;
}
