// !$*UTF8*$!
{
	archiveVersion = 1;
	classes = {
	};
	objectVersion = 46;
	objects = {

/* Begin PBXBuildFile section */
		3C01190713D86090004808DA /* Baddie.m in Sources */ = {isa = PBXBuildFile; fileRef = 3C01190613D86090004808DA /* Baddie.m */; };
		3C01190813D8612E004808DA /* baddie.json in Resources */ = {isa = PBXBuildFile; fileRef = 3C01190313D85DDF004808DA /* baddie.json */; };
		3C138B8E13CCAD9D002FC701 /* mage.json in Resources */ = {isa = PBXBuildFile; fileRef = 3C138B8D13CCAD9D002FC701 /* mage.json */; };
		3C138B8F13CCAD9D002FC701 /* mage.json in Resources */ = {isa = PBXBuildFile; fileRef = 3C138B8D13CCAD9D002FC701 /* mage.json */; };
		3C138B9213CCB15B002FC701 /* TECharacterLoader.mm in Sources */ = {isa = PBXBuildFile; fileRef = 3C138B9113CCB15A002FC701 /* TECharacterLoader.mm */; };
		3C138B9313CCB15B002FC701 /* TECharacterLoader.mm in Sources */ = {isa = PBXBuildFile; fileRef = 3C138B9113CCB15A002FC701 /* TECharacterLoader.mm */; };
		3C138B9613CCC7E0002FC701 /* TEAnimation.m in Sources */ = {isa = PBXBuildFile; fileRef = 3C138B9513CCC7E0002FC701 /* TEAnimation.m */; };
		3C138B9713CCC7E0002FC701 /* TEAnimation.m in Sources */ = {isa = PBXBuildFile; fileRef = 3C138B9513CCC7E0002FC701 /* TEAnimation.m */; };
		3C2DE86613D9CB9D000237D2 /* MainMenuViewController.m in Sources */ = {isa = PBXBuildFile; fileRef = 3C2DE86513D9CB9D000237D2 /* MainMenuViewController.m */; };
		3C2DE86813D9DA93000237D2 /* main-menu-background.jpg in Resources */ = {isa = PBXBuildFile; fileRef = 3C2DE86713D9DA93000237D2 /* main-menu-background.jpg */; };
		3C2DE86A13D9DAA3000237D2 /* credits.txt in Resources */ = {isa = PBXBuildFile; fileRef = 3C2DE86913D9DAA3000237D2 /* credits.txt */; };
		3C55074E13CE093100585C40 /* b2BroadPhase.cpp in Sources */ = {isa = PBXBuildFile; fileRef = 3C55070213CE093100585C40 /* b2BroadPhase.cpp */; };
		3C55074F13CE093100585C40 /* b2BroadPhase.cpp in Sources */ = {isa = PBXBuildFile; fileRef = 3C55070213CE093100585C40 /* b2BroadPhase.cpp */; };
		3C55075013CE093100585C40 /* b2CollideCircle.cpp in Sources */ = {isa = PBXBuildFile; fileRef = 3C55070413CE093100585C40 /* b2CollideCircle.cpp */; };
		3C55075113CE093100585C40 /* b2CollideCircle.cpp in Sources */ = {isa = PBXBuildFile; fileRef = 3C55070413CE093100585C40 /* b2CollideCircle.cpp */; };
		3C55075213CE093100585C40 /* b2CollidePolygon.cpp in Sources */ = {isa = PBXBuildFile; fileRef = 3C55070513CE093100585C40 /* b2CollidePolygon.cpp */; };
		3C55075313CE093100585C40 /* b2CollidePolygon.cpp in Sources */ = {isa = PBXBuildFile; fileRef = 3C55070513CE093100585C40 /* b2CollidePolygon.cpp */; };
		3C55075413CE093100585C40 /* b2Collision.cpp in Sources */ = {isa = PBXBuildFile; fileRef = 3C55070613CE093100585C40 /* b2Collision.cpp */; };
		3C55075513CE093100585C40 /* b2Collision.cpp in Sources */ = {isa = PBXBuildFile; fileRef = 3C55070613CE093100585C40 /* b2Collision.cpp */; };
		3C55075613CE093100585C40 /* b2Distance.cpp in Sources */ = {isa = PBXBuildFile; fileRef = 3C55070813CE093100585C40 /* b2Distance.cpp */; };
		3C55075713CE093100585C40 /* b2Distance.cpp in Sources */ = {isa = PBXBuildFile; fileRef = 3C55070813CE093100585C40 /* b2Distance.cpp */; };
		3C55075813CE093100585C40 /* b2DynamicTree.cpp in Sources */ = {isa = PBXBuildFile; fileRef = 3C55070A13CE093100585C40 /* b2DynamicTree.cpp */; };
		3C55075913CE093100585C40 /* b2DynamicTree.cpp in Sources */ = {isa = PBXBuildFile; fileRef = 3C55070A13CE093100585C40 /* b2DynamicTree.cpp */; };
		3C55075A13CE093100585C40 /* b2TimeOfImpact.cpp in Sources */ = {isa = PBXBuildFile; fileRef = 3C55070C13CE093100585C40 /* b2TimeOfImpact.cpp */; };
		3C55075B13CE093100585C40 /* b2TimeOfImpact.cpp in Sources */ = {isa = PBXBuildFile; fileRef = 3C55070C13CE093100585C40 /* b2TimeOfImpact.cpp */; };
		3C55075C13CE093100585C40 /* b2CircleShape.cpp in Sources */ = {isa = PBXBuildFile; fileRef = 3C55070F13CE093100585C40 /* b2CircleShape.cpp */; };
		3C55075D13CE093100585C40 /* b2CircleShape.cpp in Sources */ = {isa = PBXBuildFile; fileRef = 3C55070F13CE093100585C40 /* b2CircleShape.cpp */; };
		3C55075E13CE093100585C40 /* b2PolygonShape.cpp in Sources */ = {isa = PBXBuildFile; fileRef = 3C55071113CE093100585C40 /* b2PolygonShape.cpp */; };
		3C55075F13CE093100585C40 /* b2PolygonShape.cpp in Sources */ = {isa = PBXBuildFile; fileRef = 3C55071113CE093100585C40 /* b2PolygonShape.cpp */; };
		3C55076013CE093100585C40 /* b2BlockAllocator.cpp in Sources */ = {isa = PBXBuildFile; fileRef = 3C55071513CE093100585C40 /* b2BlockAllocator.cpp */; };
		3C55076113CE093100585C40 /* b2BlockAllocator.cpp in Sources */ = {isa = PBXBuildFile; fileRef = 3C55071513CE093100585C40 /* b2BlockAllocator.cpp */; };
		3C55076213CE093100585C40 /* b2Math.cpp in Sources */ = {isa = PBXBuildFile; fileRef = 3C55071713CE093100585C40 /* b2Math.cpp */; };
		3C55076313CE093100585C40 /* b2Math.cpp in Sources */ = {isa = PBXBuildFile; fileRef = 3C55071713CE093100585C40 /* b2Math.cpp */; };
		3C55076413CE093100585C40 /* b2Settings.cpp in Sources */ = {isa = PBXBuildFile; fileRef = 3C55071913CE093100585C40 /* b2Settings.cpp */; };
		3C55076513CE093100585C40 /* b2Settings.cpp in Sources */ = {isa = PBXBuildFile; fileRef = 3C55071913CE093100585C40 /* b2Settings.cpp */; };
		3C55076613CE093100585C40 /* b2StackAllocator.cpp in Sources */ = {isa = PBXBuildFile; fileRef = 3C55071B13CE093100585C40 /* b2StackAllocator.cpp */; };
		3C55076713CE093100585C40 /* b2StackAllocator.cpp in Sources */ = {isa = PBXBuildFile; fileRef = 3C55071B13CE093100585C40 /* b2StackAllocator.cpp */; };
		3C55076813CE093100585C40 /* b2Body.cpp in Sources */ = {isa = PBXBuildFile; fileRef = 3C55071E13CE093100585C40 /* b2Body.cpp */; };
		3C55076913CE093100585C40 /* b2Body.cpp in Sources */ = {isa = PBXBuildFile; fileRef = 3C55071E13CE093100585C40 /* b2Body.cpp */; };
		3C55076A13CE093100585C40 /* b2ContactManager.cpp in Sources */ = {isa = PBXBuildFile; fileRef = 3C55072013CE093100585C40 /* b2ContactManager.cpp */; };
		3C55076B13CE093100585C40 /* b2ContactManager.cpp in Sources */ = {isa = PBXBuildFile; fileRef = 3C55072013CE093100585C40 /* b2ContactManager.cpp */; };
		3C55076C13CE093100585C40 /* b2Fixture.cpp in Sources */ = {isa = PBXBuildFile; fileRef = 3C55072213CE093100585C40 /* b2Fixture.cpp */; };
		3C55076D13CE093100585C40 /* b2Fixture.cpp in Sources */ = {isa = PBXBuildFile; fileRef = 3C55072213CE093100585C40 /* b2Fixture.cpp */; };
		3C55076E13CE093100585C40 /* b2Island.cpp in Sources */ = {isa = PBXBuildFile; fileRef = 3C55072413CE093100585C40 /* b2Island.cpp */; };
		3C55076F13CE093100585C40 /* b2Island.cpp in Sources */ = {isa = PBXBuildFile; fileRef = 3C55072413CE093100585C40 /* b2Island.cpp */; };
		3C55077013CE093100585C40 /* b2World.cpp in Sources */ = {isa = PBXBuildFile; fileRef = 3C55072713CE093100585C40 /* b2World.cpp */; };
		3C55077113CE093100585C40 /* b2World.cpp in Sources */ = {isa = PBXBuildFile; fileRef = 3C55072713CE093100585C40 /* b2World.cpp */; };
		3C55077213CE093100585C40 /* b2WorldCallbacks.cpp in Sources */ = {isa = PBXBuildFile; fileRef = 3C55072913CE093100585C40 /* b2WorldCallbacks.cpp */; };
		3C55077313CE093100585C40 /* b2WorldCallbacks.cpp in Sources */ = {isa = PBXBuildFile; fileRef = 3C55072913CE093100585C40 /* b2WorldCallbacks.cpp */; };
		3C55077413CE093100585C40 /* b2CircleContact.cpp in Sources */ = {isa = PBXBuildFile; fileRef = 3C55072C13CE093100585C40 /* b2CircleContact.cpp */; };
		3C55077513CE093100585C40 /* b2CircleContact.cpp in Sources */ = {isa = PBXBuildFile; fileRef = 3C55072C13CE093100585C40 /* b2CircleContact.cpp */; };
		3C55077613CE093100585C40 /* b2Contact.cpp in Sources */ = {isa = PBXBuildFile; fileRef = 3C55072E13CE093100585C40 /* b2Contact.cpp */; };
		3C55077713CE093100585C40 /* b2Contact.cpp in Sources */ = {isa = PBXBuildFile; fileRef = 3C55072E13CE093100585C40 /* b2Contact.cpp */; };
		3C55077813CE093100585C40 /* b2ContactSolver.cpp in Sources */ = {isa = PBXBuildFile; fileRef = 3C55073013CE093100585C40 /* b2ContactSolver.cpp */; };
		3C55077913CE093100585C40 /* b2ContactSolver.cpp in Sources */ = {isa = PBXBuildFile; fileRef = 3C55073013CE093100585C40 /* b2ContactSolver.cpp */; };
		3C55077A13CE093100585C40 /* b2PolygonAndCircleContact.cpp in Sources */ = {isa = PBXBuildFile; fileRef = 3C55073313CE093100585C40 /* b2PolygonAndCircleContact.cpp */; };
		3C55077B13CE093100585C40 /* b2PolygonAndCircleContact.cpp in Sources */ = {isa = PBXBuildFile; fileRef = 3C55073313CE093100585C40 /* b2PolygonAndCircleContact.cpp */; };
		3C55077C13CE093100585C40 /* b2PolygonContact.cpp in Sources */ = {isa = PBXBuildFile; fileRef = 3C55073513CE093100585C40 /* b2PolygonContact.cpp */; };
		3C55077D13CE093100585C40 /* b2PolygonContact.cpp in Sources */ = {isa = PBXBuildFile; fileRef = 3C55073513CE093100585C40 /* b2PolygonContact.cpp */; };
		3C55077E13CE093100585C40 /* b2TOISolver.cpp in Sources */ = {isa = PBXBuildFile; fileRef = 3C55073713CE093100585C40 /* b2TOISolver.cpp */; };
		3C55077F13CE093100585C40 /* b2TOISolver.cpp in Sources */ = {isa = PBXBuildFile; fileRef = 3C55073713CE093100585C40 /* b2TOISolver.cpp */; };
		3C55078013CE093100585C40 /* b2DistanceJoint.cpp in Sources */ = {isa = PBXBuildFile; fileRef = 3C55073A13CE093100585C40 /* b2DistanceJoint.cpp */; };
		3C55078113CE093100585C40 /* b2DistanceJoint.cpp in Sources */ = {isa = PBXBuildFile; fileRef = 3C55073A13CE093100585C40 /* b2DistanceJoint.cpp */; };
		3C55078213CE093100585C40 /* b2FrictionJoint.cpp in Sources */ = {isa = PBXBuildFile; fileRef = 3C55073C13CE093100585C40 /* b2FrictionJoint.cpp */; };
		3C55078313CE093100585C40 /* b2FrictionJoint.cpp in Sources */ = {isa = PBXBuildFile; fileRef = 3C55073C13CE093100585C40 /* b2FrictionJoint.cpp */; };
		3C55078413CE093100585C40 /* b2GearJoint.cpp in Sources */ = {isa = PBXBuildFile; fileRef = 3C55073E13CE093100585C40 /* b2GearJoint.cpp */; };
		3C55078513CE093100585C40 /* b2GearJoint.cpp in Sources */ = {isa = PBXBuildFile; fileRef = 3C55073E13CE093100585C40 /* b2GearJoint.cpp */; };
		3C55078613CE093100585C40 /* b2Joint.cpp in Sources */ = {isa = PBXBuildFile; fileRef = 3C55074013CE093100585C40 /* b2Joint.cpp */; };
		3C55078713CE093100585C40 /* b2Joint.cpp in Sources */ = {isa = PBXBuildFile; fileRef = 3C55074013CE093100585C40 /* b2Joint.cpp */; };
		3C55078813CE093100585C40 /* b2LineJoint.cpp in Sources */ = {isa = PBXBuildFile; fileRef = 3C55074213CE093100585C40 /* b2LineJoint.cpp */; };
		3C55078913CE093100585C40 /* b2LineJoint.cpp in Sources */ = {isa = PBXBuildFile; fileRef = 3C55074213CE093100585C40 /* b2LineJoint.cpp */; };
		3C55078A13CE093100585C40 /* b2MouseJoint.cpp in Sources */ = {isa = PBXBuildFile; fileRef = 3C55074413CE093100585C40 /* b2MouseJoint.cpp */; };
		3C55078B13CE093100585C40 /* b2MouseJoint.cpp in Sources */ = {isa = PBXBuildFile; fileRef = 3C55074413CE093100585C40 /* b2MouseJoint.cpp */; };
		3C55078C13CE093100585C40 /* b2PrismaticJoint.cpp in Sources */ = {isa = PBXBuildFile; fileRef = 3C55074613CE093100585C40 /* b2PrismaticJoint.cpp */; };
		3C55078D13CE093100585C40 /* b2PrismaticJoint.cpp in Sources */ = {isa = PBXBuildFile; fileRef = 3C55074613CE093100585C40 /* b2PrismaticJoint.cpp */; };
		3C55078E13CE093100585C40 /* b2PulleyJoint.cpp in Sources */ = {isa = PBXBuildFile; fileRef = 3C55074813CE093100585C40 /* b2PulleyJoint.cpp */; };
		3C55078F13CE093100585C40 /* b2PulleyJoint.cpp in Sources */ = {isa = PBXBuildFile; fileRef = 3C55074813CE093100585C40 /* b2PulleyJoint.cpp */; };
		3C55079013CE093100585C40 /* b2RevoluteJoint.cpp in Sources */ = {isa = PBXBuildFile; fileRef = 3C55074A13CE093100585C40 /* b2RevoluteJoint.cpp */; };
		3C55079113CE093100585C40 /* b2RevoluteJoint.cpp in Sources */ = {isa = PBXBuildFile; fileRef = 3C55074A13CE093100585C40 /* b2RevoluteJoint.cpp */; };
		3C55079213CE093100585C40 /* b2WeldJoint.cpp in Sources */ = {isa = PBXBuildFile; fileRef = 3C55074C13CE093100585C40 /* b2WeldJoint.cpp */; };
		3C55079313CE093100585C40 /* b2WeldJoint.cpp in Sources */ = {isa = PBXBuildFile; fileRef = 3C55074C13CE093100585C40 /* b2WeldJoint.cpp */; };
		3C55079513CE0B8D00585C40 /* CoreMotion.framework in Frameworks */ = {isa = PBXBuildFile; fileRef = 3C55079413CE0B8D00585C40 /* CoreMotion.framework */; };
		3C55079613CE0B8D00585C40 /* CoreMotion.framework in Frameworks */ = {isa = PBXBuildFile; fileRef = 3C55079413CE0B8D00585C40 /* CoreMotion.framework */; };
		3C5507A213CE198900585C40 /* obstacle.json in Sources */ = {isa = PBXBuildFile; fileRef = 3C5507A013CE198900585C40 /* obstacle.json */; };
		3C5507A313CE19CB00585C40 /* obstacle.json in Resources */ = {isa = PBXBuildFile; fileRef = 3C5507A013CE198900585C40 /* obstacle.json */; };
		3C5507A613CE237D00585C40 /* TECollisionDetector.mm in Sources */ = {isa = PBXBuildFile; fileRef = 3C5507A513CE237D00585C40 /* TECollisionDetector.mm */; };
		3C5507A713CE237D00585C40 /* TECollisionDetector.mm in Sources */ = {isa = PBXBuildFile; fileRef = 3C5507A513CE237D00585C40 /* TECollisionDetector.mm */; };
		3C56688013D73D700011D69E /* TEAdjustedAttitude.m in Sources */ = {isa = PBXBuildFile; fileRef = 3C56687F13D73D6F0011D69E /* TEAdjustedAttitude.m */; };
		3C6B2A6513D47A6C00061EC7 /* TESceneController.m in Sources */ = {isa = PBXBuildFile; fileRef = 3C6B2A6413D47A6C00061EC7 /* TESceneController.m */; };
		3C6B2A6613D47A6C00061EC7 /* TESceneController.m in Sources */ = {isa = PBXBuildFile; fileRef = 3C6B2A6413D47A6C00061EC7 /* TESceneController.m */; };
		3C6E948613D74DB6000F7988 /* TEAccelerometer.m in Sources */ = {isa = PBXBuildFile; fileRef = 3C6E948513D74DB6000F7988 /* TEAccelerometer.m */; };
		3C6E948913D76D53000F7988 /* bullet.json in Resources */ = {isa = PBXBuildFile; fileRef = 3C6E948813D76D53000F7988 /* bullet.json */; };
		3C6E948C13D771A7000F7988 /* Bullet.m in Sources */ = {isa = PBXBuildFile; fileRef = 3C6E948B13D771A7000F7988 /* Bullet.m */; };
		3C8A282813D70B4200BB0011 /* Fighter.m in Sources */ = {isa = PBXBuildFile; fileRef = 3C8A282713D70B4200BB0011 /* Fighter.m */; };
		3C8A282913D70B4200BB0011 /* Fighter.m in Sources */ = {isa = PBXBuildFile; fileRef = 3C8A282713D70B4200BB0011 /* Fighter.m */; };
		3C8A283213D70CBC00BB0011 /* AsteroidField.m in Sources */ = {isa = PBXBuildFile; fileRef = 3C8A283113D70CBC00BB0011 /* AsteroidField.m */; };
		3C8A283313D70CBC00BB0011 /* AsteroidField.m in Sources */ = {isa = PBXBuildFile; fileRef = 3C8A283113D70CBC00BB0011 /* AsteroidField.m */; };
		3C8A283913D70D6200BB0011 /* fighter.json in Sources */ = {isa = PBXBuildFile; fileRef = 3C8A283713D70D6200BB0011 /* fighter.json */; };
		3C8A283A13D70D9E00BB0011 /* fighter.json in Resources */ = {isa = PBXBuildFile; fileRef = 3C8A283713D70D6200BB0011 /* fighter.json */; };
		3C8F913313CDE2F300820FC5 /* TEScaleAnimation.m in Sources */ = {isa = PBXBuildFile; fileRef = 3C8F913213CDE2F300820FC5 /* TEScaleAnimation.m */; };
		3C8F913413CDE2F300820FC5 /* TEScaleAnimation.m in Sources */ = {isa = PBXBuildFile; fileRef = 3C8F913213CDE2F300820FC5 /* TEScaleAnimation.m */; };
		3C8F913813CDE2FD00820FC5 /* TERotateAnimation.m in Sources */ = {isa = PBXBuildFile; fileRef = 3C8F913713CDE2FD00820FC5 /* TERotateAnimation.m */; };
		3C8F913913CDE2FD00820FC5 /* TERotateAnimation.m in Sources */ = {isa = PBXBuildFile; fileRef = 3C8F913713CDE2FD00820FC5 /* TERotateAnimation.m */; };
		3C8F913C13CDE30900820FC5 /* TETranslateAnimation.m in Sources */ = {isa = PBXBuildFile; fileRef = 3C8F913B13CDE30900820FC5 /* TETranslateAnimation.m */; };
		3C8F913D13CDE30900820FC5 /* TETranslateAnimation.m in Sources */ = {isa = PBXBuildFile; fileRef = 3C8F913B13CDE30900820FC5 /* TETranslateAnimation.m */; };
		3CB0483D13CBD5960029875B /* UIKit.framework in Frameworks */ = {isa = PBXBuildFile; fileRef = 3CB0483C13CBD5960029875B /* UIKit.framework */; };
		3CB0483F13CBD5960029875B /* Foundation.framework in Frameworks */ = {isa = PBXBuildFile; fileRef = 3CB0483E13CBD5960029875B /* Foundation.framework */; };
		3CB0484113CBD5960029875B /* CoreGraphics.framework in Frameworks */ = {isa = PBXBuildFile; fileRef = 3CB0484013CBD5960029875B /* CoreGraphics.framework */; };
		3CB0484713CBD5960029875B /* InfoPlist.strings in Resources */ = {isa = PBXBuildFile; fileRef = 3CB0484513CBD5960029875B /* InfoPlist.strings */; };
		3CB0484913CBD5960029875B /* main.m in Sources */ = {isa = PBXBuildFile; fileRef = 3CB0484813CBD5960029875B /* main.m */; };
		3CB0484D13CBD5960029875B /* TauGameAppDelegate.m in Sources */ = {isa = PBXBuildFile; fileRef = 3CB0484C13CBD5960029875B /* TauGameAppDelegate.m */; };
		3CB0485513CBD5970029875B /* SenTestingKit.framework in Frameworks */ = {isa = PBXBuildFile; fileRef = 3CB0485413CBD5970029875B /* SenTestingKit.framework */; };
		3CB0485613CBD5970029875B /* UIKit.framework in Frameworks */ = {isa = PBXBuildFile; fileRef = 3CB0483C13CBD5960029875B /* UIKit.framework */; };
		3CB0485713CBD5970029875B /* Foundation.framework in Frameworks */ = {isa = PBXBuildFile; fileRef = 3CB0483E13CBD5960029875B /* Foundation.framework */; };
		3CB0485813CBD5970029875B /* CoreGraphics.framework in Frameworks */ = {isa = PBXBuildFile; fileRef = 3CB0484013CBD5960029875B /* CoreGraphics.framework */; };
		3CB0486013CBD5970029875B /* InfoPlist.strings in Resources */ = {isa = PBXBuildFile; fileRef = 3CB0485E13CBD5970029875B /* InfoPlist.strings */; };
		3CB0486213CBD5970029875B /* TauGameTests.h in Resources */ = {isa = PBXBuildFile; fileRef = 3CB0486113CBD5970029875B /* TauGameTests.h */; };
		3CB0486413CBD5970029875B /* TauGameTests.m in Sources */ = {isa = PBXBuildFile; fileRef = 3CB0486313CBD5970029875B /* TauGameTests.m */; };
		3CB0487013CBD5B80029875B /* TEDrawable.m in Sources */ = {isa = PBXBuildFile; fileRef = 3CB0486F13CBD5B80029875B /* TEDrawable.m */; };
		3CB0487313CBD5C70029875B /* TENode.mm in Sources */ = {isa = PBXBuildFile; fileRef = 3CB0487213CBD5C70029875B /* TENode.mm */; };
		3CB0487613CBD5D20029875B /* TEShape.m in Sources */ = {isa = PBXBuildFile; fileRef = 3CB0487513CBD5D20029875B /* TEShape.m */; };
		3CB0487913CBD5DF0029875B /* TETriangle.m in Sources */ = {isa = PBXBuildFile; fileRef = 3CB0487813CBD5DF0029875B /* TETriangle.m */; };
		3CB0487C13CBD5E90029875B /* TEEllipse.m in Sources */ = {isa = PBXBuildFile; fileRef = 3CB0487B13CBD5E90029875B /* TEEllipse.m */; };
		3CB0487F13CBD5F20029875B /* TERectangle.m in Sources */ = {isa = PBXBuildFile; fileRef = 3CB0487E13CBD5F20029875B /* TERectangle.m */; };
		3CB0488213CBD5FE0029875B /* TECharacter.m in Sources */ = {isa = PBXBuildFile; fileRef = 3CB0488113CBD5FD0029875B /* TECharacter.m */; };
		3CB0488C13CBD6940029875B /* GLKit.framework in Frameworks */ = {isa = PBXBuildFile; fileRef = 3CB0488913CBD6940029875B /* GLKit.framework */; };
		3CB0488D13CBD6940029875B /* OpenGLES.framework in Frameworks */ = {isa = PBXBuildFile; fileRef = 3CB0488A13CBD6940029875B /* OpenGLES.framework */; };
		3CB0488E13CBD6940029875B /* QuartzCore.framework in Frameworks */ = {isa = PBXBuildFile; fileRef = 3CB0488B13CBD6940029875B /* QuartzCore.framework */; };
		3CB0489113CBDB440029875B /* TEScene.m in Sources */ = {isa = PBXBuildFile; fileRef = 3CB0489013CBDB440029875B /* TEScene.m */; };
		3CFC90D613D72F6F00100C21 /* TauEngine.m in Sources */ = {isa = PBXBuildFile; fileRef = 3CFC90D513D72F6F00100C21 /* TauEngine.m */; };
/* End PBXBuildFile section */

/* Begin PBXContainerItemProxy section */
		3CB0485913CBD5970029875B /* PBXContainerItemProxy */ = {
			isa = PBXContainerItemProxy;
			containerPortal = 3CB0482F13CBD5960029875B /* Project object */;
			proxyType = 1;
			remoteGlobalIDString = 3CB0483713CBD5960029875B;
			remoteInfo = TauGame;
		};
/* End PBXContainerItemProxy section */

/* Begin PBXFileReference section */
		3C01190313D85DDF004808DA /* baddie.json */ = {isa = PBXFileReference; lastKnownFileType = text.json; path = baddie.json; sourceTree = "<group>"; };
		3C01190513D86090004808DA /* Baddie.h */ = {isa = PBXFileReference; fileEncoding = 4; lastKnownFileType = sourcecode.c.h; path = Baddie.h; sourceTree = "<group>"; };
		3C01190613D86090004808DA /* Baddie.m */ = {isa = PBXFileReference; fileEncoding = 4; lastKnownFileType = sourcecode.c.objc; path = Baddie.m; sourceTree = "<group>"; };
		3C138B8D13CCAD9D002FC701 /* mage.json */ = {isa = PBXFileReference; fileEncoding = 4; lastKnownFileType = text.json; path = mage.json; sourceTree = "<group>"; };
		3C138B9013CCB15A002FC701 /* TECharacterLoader.h */ = {isa = PBXFileReference; fileEncoding = 4; lastKnownFileType = sourcecode.c.h; path = TECharacterLoader.h; sourceTree = "<group>"; };
		3C138B9113CCB15A002FC701 /* TECharacterLoader.mm */ = {isa = PBXFileReference; fileEncoding = 4; lastKnownFileType = sourcecode.cpp.objcpp; path = TECharacterLoader.mm; sourceTree = "<group>"; };
		3C138B9413CCC7DF002FC701 /* TEAnimation.h */ = {isa = PBXFileReference; fileEncoding = 4; lastKnownFileType = sourcecode.c.h; path = TEAnimation.h; sourceTree = "<group>"; };
		3C138B9513CCC7E0002FC701 /* TEAnimation.m */ = {isa = PBXFileReference; fileEncoding = 4; lastKnownFileType = sourcecode.c.objc; path = TEAnimation.m; sourceTree = "<group>"; };
		3C2DE86413D9CB9D000237D2 /* MainMenuViewController.h */ = {isa = PBXFileReference; fileEncoding = 4; lastKnownFileType = sourcecode.c.h; path = MainMenuViewController.h; sourceTree = "<group>"; };
		3C2DE86513D9CB9D000237D2 /* MainMenuViewController.m */ = {isa = PBXFileReference; fileEncoding = 4; lastKnownFileType = sourcecode.c.objc; path = MainMenuViewController.m; sourceTree = "<group>"; };
		3C2DE86713D9DA93000237D2 /* main-menu-background.jpg */ = {isa = PBXFileReference; lastKnownFileType = image.jpeg; path = "main-menu-background.jpg"; sourceTree = "<group>"; };
		3C2DE86913D9DAA3000237D2 /* credits.txt */ = {isa = PBXFileReference; fileEncoding = 4; lastKnownFileType = text; path = credits.txt; sourceTree = "<group>"; };
		3C55070013CE093100585C40 /* Box2D.h */ = {isa = PBXFileReference; fileEncoding = 4; lastKnownFileType = sourcecode.c.h; path = Box2D.h; sourceTree = "<group>"; };
		3C55070213CE093100585C40 /* b2BroadPhase.cpp */ = {isa = PBXFileReference; fileEncoding = 4; lastKnownFileType = sourcecode.cpp.cpp; path = b2BroadPhase.cpp; sourceTree = "<group>"; };
		3C55070313CE093100585C40 /* b2BroadPhase.h */ = {isa = PBXFileReference; fileEncoding = 4; lastKnownFileType = sourcecode.c.h; path = b2BroadPhase.h; sourceTree = "<group>"; };
		3C55070413CE093100585C40 /* b2CollideCircle.cpp */ = {isa = PBXFileReference; fileEncoding = 4; lastKnownFileType = sourcecode.cpp.cpp; path = b2CollideCircle.cpp; sourceTree = "<group>"; };
		3C55070513CE093100585C40 /* b2CollidePolygon.cpp */ = {isa = PBXFileReference; fileEncoding = 4; lastKnownFileType = sourcecode.cpp.cpp; path = b2CollidePolygon.cpp; sourceTree = "<group>"; };
		3C55070613CE093100585C40 /* b2Collision.cpp */ = {isa = PBXFileReference; fileEncoding = 4; lastKnownFileType = sourcecode.cpp.cpp; path = b2Collision.cpp; sourceTree = "<group>"; };
		3C55070713CE093100585C40 /* b2Collision.h */ = {isa = PBXFileReference; fileEncoding = 4; lastKnownFileType = sourcecode.c.h; path = b2Collision.h; sourceTree = "<group>"; };
		3C55070813CE093100585C40 /* b2Distance.cpp */ = {isa = PBXFileReference; fileEncoding = 4; lastKnownFileType = sourcecode.cpp.cpp; path = b2Distance.cpp; sourceTree = "<group>"; };
		3C55070913CE093100585C40 /* b2Distance.h */ = {isa = PBXFileReference; fileEncoding = 4; lastKnownFileType = sourcecode.c.h; path = b2Distance.h; sourceTree = "<group>"; };
		3C55070A13CE093100585C40 /* b2DynamicTree.cpp */ = {isa = PBXFileReference; fileEncoding = 4; lastKnownFileType = sourcecode.cpp.cpp; path = b2DynamicTree.cpp; sourceTree = "<group>"; };
		3C55070B13CE093100585C40 /* b2DynamicTree.h */ = {isa = PBXFileReference; fileEncoding = 4; lastKnownFileType = sourcecode.c.h; path = b2DynamicTree.h; sourceTree = "<group>"; };
		3C55070C13CE093100585C40 /* b2TimeOfImpact.cpp */ = {isa = PBXFileReference; fileEncoding = 4; lastKnownFileType = sourcecode.cpp.cpp; path = b2TimeOfImpact.cpp; sourceTree = "<group>"; };
		3C55070D13CE093100585C40 /* b2TimeOfImpact.h */ = {isa = PBXFileReference; fileEncoding = 4; lastKnownFileType = sourcecode.c.h; path = b2TimeOfImpact.h; sourceTree = "<group>"; };
		3C55070F13CE093100585C40 /* b2CircleShape.cpp */ = {isa = PBXFileReference; fileEncoding = 4; lastKnownFileType = sourcecode.cpp.cpp; path = b2CircleShape.cpp; sourceTree = "<group>"; };
		3C55071013CE093100585C40 /* b2CircleShape.h */ = {isa = PBXFileReference; fileEncoding = 4; lastKnownFileType = sourcecode.c.h; path = b2CircleShape.h; sourceTree = "<group>"; };
		3C55071113CE093100585C40 /* b2PolygonShape.cpp */ = {isa = PBXFileReference; fileEncoding = 4; lastKnownFileType = sourcecode.cpp.cpp; path = b2PolygonShape.cpp; sourceTree = "<group>"; };
		3C55071213CE093100585C40 /* b2PolygonShape.h */ = {isa = PBXFileReference; fileEncoding = 4; lastKnownFileType = sourcecode.c.h; path = b2PolygonShape.h; sourceTree = "<group>"; };
		3C55071313CE093100585C40 /* b2Shape.h */ = {isa = PBXFileReference; fileEncoding = 4; lastKnownFileType = sourcecode.c.h; path = b2Shape.h; sourceTree = "<group>"; };
		3C55071513CE093100585C40 /* b2BlockAllocator.cpp */ = {isa = PBXFileReference; fileEncoding = 4; lastKnownFileType = sourcecode.cpp.cpp; path = b2BlockAllocator.cpp; sourceTree = "<group>"; };
		3C55071613CE093100585C40 /* b2BlockAllocator.h */ = {isa = PBXFileReference; fileEncoding = 4; lastKnownFileType = sourcecode.c.h; path = b2BlockAllocator.h; sourceTree = "<group>"; };
		3C55071713CE093100585C40 /* b2Math.cpp */ = {isa = PBXFileReference; fileEncoding = 4; lastKnownFileType = sourcecode.cpp.cpp; path = b2Math.cpp; sourceTree = "<group>"; };
		3C55071813CE093100585C40 /* b2Math.h */ = {isa = PBXFileReference; fileEncoding = 4; lastKnownFileType = sourcecode.c.h; path = b2Math.h; sourceTree = "<group>"; };
		3C55071913CE093100585C40 /* b2Settings.cpp */ = {isa = PBXFileReference; fileEncoding = 4; lastKnownFileType = sourcecode.cpp.cpp; path = b2Settings.cpp; sourceTree = "<group>"; };
		3C55071A13CE093100585C40 /* b2Settings.h */ = {isa = PBXFileReference; fileEncoding = 4; lastKnownFileType = sourcecode.c.h; path = b2Settings.h; sourceTree = "<group>"; };
		3C55071B13CE093100585C40 /* b2StackAllocator.cpp */ = {isa = PBXFileReference; fileEncoding = 4; lastKnownFileType = sourcecode.cpp.cpp; path = b2StackAllocator.cpp; sourceTree = "<group>"; };
		3C55071C13CE093100585C40 /* b2StackAllocator.h */ = {isa = PBXFileReference; fileEncoding = 4; lastKnownFileType = sourcecode.c.h; path = b2StackAllocator.h; sourceTree = "<group>"; };
		3C55071E13CE093100585C40 /* b2Body.cpp */ = {isa = PBXFileReference; fileEncoding = 4; lastKnownFileType = sourcecode.cpp.cpp; path = b2Body.cpp; sourceTree = "<group>"; };
		3C55071F13CE093100585C40 /* b2Body.h */ = {isa = PBXFileReference; fileEncoding = 4; lastKnownFileType = sourcecode.c.h; path = b2Body.h; sourceTree = "<group>"; };
		3C55072013CE093100585C40 /* b2ContactManager.cpp */ = {isa = PBXFileReference; fileEncoding = 4; lastKnownFileType = sourcecode.cpp.cpp; path = b2ContactManager.cpp; sourceTree = "<group>"; };
		3C55072113CE093100585C40 /* b2ContactManager.h */ = {isa = PBXFileReference; fileEncoding = 4; lastKnownFileType = sourcecode.c.h; path = b2ContactManager.h; sourceTree = "<group>"; };
		3C55072213CE093100585C40 /* b2Fixture.cpp */ = {isa = PBXFileReference; fileEncoding = 4; lastKnownFileType = sourcecode.cpp.cpp; path = b2Fixture.cpp; sourceTree = "<group>"; };
		3C55072313CE093100585C40 /* b2Fixture.h */ = {isa = PBXFileReference; fileEncoding = 4; lastKnownFileType = sourcecode.c.h; path = b2Fixture.h; sourceTree = "<group>"; };
		3C55072413CE093100585C40 /* b2Island.cpp */ = {isa = PBXFileReference; fileEncoding = 4; lastKnownFileType = sourcecode.cpp.cpp; path = b2Island.cpp; sourceTree = "<group>"; };
		3C55072513CE093100585C40 /* b2Island.h */ = {isa = PBXFileReference; fileEncoding = 4; lastKnownFileType = sourcecode.c.h; path = b2Island.h; sourceTree = "<group>"; };
		3C55072613CE093100585C40 /* b2TimeStep.h */ = {isa = PBXFileReference; fileEncoding = 4; lastKnownFileType = sourcecode.c.h; path = b2TimeStep.h; sourceTree = "<group>"; };
		3C55072713CE093100585C40 /* b2World.cpp */ = {isa = PBXFileReference; fileEncoding = 4; lastKnownFileType = sourcecode.cpp.cpp; path = b2World.cpp; sourceTree = "<group>"; };
		3C55072813CE093100585C40 /* b2World.h */ = {isa = PBXFileReference; fileEncoding = 4; lastKnownFileType = sourcecode.c.h; path = b2World.h; sourceTree = "<group>"; };
		3C55072913CE093100585C40 /* b2WorldCallbacks.cpp */ = {isa = PBXFileReference; fileEncoding = 4; lastKnownFileType = sourcecode.cpp.cpp; path = b2WorldCallbacks.cpp; sourceTree = "<group>"; };
		3C55072A13CE093100585C40 /* b2WorldCallbacks.h */ = {isa = PBXFileReference; fileEncoding = 4; lastKnownFileType = sourcecode.c.h; path = b2WorldCallbacks.h; sourceTree = "<group>"; };
		3C55072C13CE093100585C40 /* b2CircleContact.cpp */ = {isa = PBXFileReference; fileEncoding = 4; lastKnownFileType = sourcecode.cpp.cpp; path = b2CircleContact.cpp; sourceTree = "<group>"; };
		3C55072D13CE093100585C40 /* b2CircleContact.h */ = {isa = PBXFileReference; fileEncoding = 4; lastKnownFileType = sourcecode.c.h; path = b2CircleContact.h; sourceTree = "<group>"; };
		3C55072E13CE093100585C40 /* b2Contact.cpp */ = {isa = PBXFileReference; fileEncoding = 4; lastKnownFileType = sourcecode.cpp.cpp; path = b2Contact.cpp; sourceTree = "<group>"; };
		3C55072F13CE093100585C40 /* b2Contact.h */ = {isa = PBXFileReference; fileEncoding = 4; lastKnownFileType = sourcecode.c.h; path = b2Contact.h; sourceTree = "<group>"; };
		3C55073013CE093100585C40 /* b2ContactSolver.cpp */ = {isa = PBXFileReference; fileEncoding = 4; lastKnownFileType = sourcecode.cpp.cpp; path = b2ContactSolver.cpp; sourceTree = "<group>"; };
		3C55073113CE093100585C40 /* b2ContactSolver.h */ = {isa = PBXFileReference; fileEncoding = 4; lastKnownFileType = sourcecode.c.h; path = b2ContactSolver.h; sourceTree = "<group>"; };
		3C55073213CE093100585C40 /* b2NullContact.h */ = {isa = PBXFileReference; fileEncoding = 4; lastKnownFileType = sourcecode.c.h; path = b2NullContact.h; sourceTree = "<group>"; };
		3C55073313CE093100585C40 /* b2PolygonAndCircleContact.cpp */ = {isa = PBXFileReference; fileEncoding = 4; lastKnownFileType = sourcecode.cpp.cpp; path = b2PolygonAndCircleContact.cpp; sourceTree = "<group>"; };
		3C55073413CE093100585C40 /* b2PolygonAndCircleContact.h */ = {isa = PBXFileReference; fileEncoding = 4; lastKnownFileType = sourcecode.c.h; path = b2PolygonAndCircleContact.h; sourceTree = "<group>"; };
		3C55073513CE093100585C40 /* b2PolygonContact.cpp */ = {isa = PBXFileReference; fileEncoding = 4; lastKnownFileType = sourcecode.cpp.cpp; path = b2PolygonContact.cpp; sourceTree = "<group>"; };
		3C55073613CE093100585C40 /* b2PolygonContact.h */ = {isa = PBXFileReference; fileEncoding = 4; lastKnownFileType = sourcecode.c.h; path = b2PolygonContact.h; sourceTree = "<group>"; };
		3C55073713CE093100585C40 /* b2TOISolver.cpp */ = {isa = PBXFileReference; fileEncoding = 4; lastKnownFileType = sourcecode.cpp.cpp; path = b2TOISolver.cpp; sourceTree = "<group>"; };
		3C55073813CE093100585C40 /* b2TOISolver.h */ = {isa = PBXFileReference; fileEncoding = 4; lastKnownFileType = sourcecode.c.h; path = b2TOISolver.h; sourceTree = "<group>"; };
		3C55073A13CE093100585C40 /* b2DistanceJoint.cpp */ = {isa = PBXFileReference; fileEncoding = 4; lastKnownFileType = sourcecode.cpp.cpp; path = b2DistanceJoint.cpp; sourceTree = "<group>"; };
		3C55073B13CE093100585C40 /* b2DistanceJoint.h */ = {isa = PBXFileReference; fileEncoding = 4; lastKnownFileType = sourcecode.c.h; path = b2DistanceJoint.h; sourceTree = "<group>"; };
		3C55073C13CE093100585C40 /* b2FrictionJoint.cpp */ = {isa = PBXFileReference; fileEncoding = 4; lastKnownFileType = sourcecode.cpp.cpp; path = b2FrictionJoint.cpp; sourceTree = "<group>"; };
		3C55073D13CE093100585C40 /* b2FrictionJoint.h */ = {isa = PBXFileReference; fileEncoding = 4; lastKnownFileType = sourcecode.c.h; path = b2FrictionJoint.h; sourceTree = "<group>"; };
		3C55073E13CE093100585C40 /* b2GearJoint.cpp */ = {isa = PBXFileReference; fileEncoding = 4; lastKnownFileType = sourcecode.cpp.cpp; path = b2GearJoint.cpp; sourceTree = "<group>"; };
		3C55073F13CE093100585C40 /* b2GearJoint.h */ = {isa = PBXFileReference; fileEncoding = 4; lastKnownFileType = sourcecode.c.h; path = b2GearJoint.h; sourceTree = "<group>"; };
		3C55074013CE093100585C40 /* b2Joint.cpp */ = {isa = PBXFileReference; fileEncoding = 4; lastKnownFileType = sourcecode.cpp.cpp; path = b2Joint.cpp; sourceTree = "<group>"; };
		3C55074113CE093100585C40 /* b2Joint.h */ = {isa = PBXFileReference; fileEncoding = 4; lastKnownFileType = sourcecode.c.h; path = b2Joint.h; sourceTree = "<group>"; };
		3C55074213CE093100585C40 /* b2LineJoint.cpp */ = {isa = PBXFileReference; fileEncoding = 4; lastKnownFileType = sourcecode.cpp.cpp; path = b2LineJoint.cpp; sourceTree = "<group>"; };
		3C55074313CE093100585C40 /* b2LineJoint.h */ = {isa = PBXFileReference; fileEncoding = 4; lastKnownFileType = sourcecode.c.h; path = b2LineJoint.h; sourceTree = "<group>"; };
		3C55074413CE093100585C40 /* b2MouseJoint.cpp */ = {isa = PBXFileReference; fileEncoding = 4; lastKnownFileType = sourcecode.cpp.cpp; path = b2MouseJoint.cpp; sourceTree = "<group>"; };
		3C55074513CE093100585C40 /* b2MouseJoint.h */ = {isa = PBXFileReference; fileEncoding = 4; lastKnownFileType = sourcecode.c.h; path = b2MouseJoint.h; sourceTree = "<group>"; };
		3C55074613CE093100585C40 /* b2PrismaticJoint.cpp */ = {isa = PBXFileReference; fileEncoding = 4; lastKnownFileType = sourcecode.cpp.cpp; path = b2PrismaticJoint.cpp; sourceTree = "<group>"; };
		3C55074713CE093100585C40 /* b2PrismaticJoint.h */ = {isa = PBXFileReference; fileEncoding = 4; lastKnownFileType = sourcecode.c.h; path = b2PrismaticJoint.h; sourceTree = "<group>"; };
		3C55074813CE093100585C40 /* b2PulleyJoint.cpp */ = {isa = PBXFileReference; fileEncoding = 4; lastKnownFileType = sourcecode.cpp.cpp; path = b2PulleyJoint.cpp; sourceTree = "<group>"; };
		3C55074913CE093100585C40 /* b2PulleyJoint.h */ = {isa = PBXFileReference; fileEncoding = 4; lastKnownFileType = sourcecode.c.h; path = b2PulleyJoint.h; sourceTree = "<group>"; };
		3C55074A13CE093100585C40 /* b2RevoluteJoint.cpp */ = {isa = PBXFileReference; fileEncoding = 4; lastKnownFileType = sourcecode.cpp.cpp; path = b2RevoluteJoint.cpp; sourceTree = "<group>"; };
		3C55074B13CE093100585C40 /* b2RevoluteJoint.h */ = {isa = PBXFileReference; fileEncoding = 4; lastKnownFileType = sourcecode.c.h; path = b2RevoluteJoint.h; sourceTree = "<group>"; };
		3C55074C13CE093100585C40 /* b2WeldJoint.cpp */ = {isa = PBXFileReference; fileEncoding = 4; lastKnownFileType = sourcecode.cpp.cpp; path = b2WeldJoint.cpp; sourceTree = "<group>"; };
		3C55074D13CE093100585C40 /* b2WeldJoint.h */ = {isa = PBXFileReference; fileEncoding = 4; lastKnownFileType = sourcecode.c.h; path = b2WeldJoint.h; sourceTree = "<group>"; };
		3C55079413CE0B8D00585C40 /* CoreMotion.framework */ = {isa = PBXFileReference; lastKnownFileType = wrapper.framework; name = CoreMotion.framework; path = System/Library/Frameworks/CoreMotion.framework; sourceTree = SDKROOT; };
		3C5507A013CE198900585C40 /* obstacle.json */ = {isa = PBXFileReference; fileEncoding = 4; lastKnownFileType = text.json; path = obstacle.json; sourceTree = "<group>"; };
		3C5507A413CE237D00585C40 /* TECollisionDetector.h */ = {isa = PBXFileReference; fileEncoding = 4; lastKnownFileType = sourcecode.c.h; path = TECollisionDetector.h; sourceTree = "<group>"; };
		3C5507A513CE237D00585C40 /* TECollisionDetector.mm */ = {isa = PBXFileReference; fileEncoding = 4; lastKnownFileType = sourcecode.cpp.objcpp; path = TECollisionDetector.mm; sourceTree = "<group>"; };
		3C56687E13D73D6F0011D69E /* TEAdjustedAttitude.h */ = {isa = PBXFileReference; fileEncoding = 4; lastKnownFileType = sourcecode.c.h; path = TEAdjustedAttitude.h; sourceTree = "<group>"; };
		3C56687F13D73D6F0011D69E /* TEAdjustedAttitude.m */ = {isa = PBXFileReference; fileEncoding = 4; lastKnownFileType = sourcecode.c.objc; path = TEAdjustedAttitude.m; sourceTree = "<group>"; };
		3C6B2A6313D47A6C00061EC7 /* TESceneController.h */ = {isa = PBXFileReference; fileEncoding = 4; lastKnownFileType = sourcecode.c.h; path = TESceneController.h; sourceTree = "<group>"; };
		3C6B2A6413D47A6C00061EC7 /* TESceneController.m */ = {isa = PBXFileReference; fileEncoding = 4; lastKnownFileType = sourcecode.c.objc; path = TESceneController.m; sourceTree = "<group>"; };
		3C6E948413D74DB6000F7988 /* TEAccelerometer.h */ = {isa = PBXFileReference; fileEncoding = 4; lastKnownFileType = sourcecode.c.h; path = TEAccelerometer.h; sourceTree = "<group>"; };
		3C6E948513D74DB6000F7988 /* TEAccelerometer.m */ = {isa = PBXFileReference; fileEncoding = 4; lastKnownFileType = sourcecode.c.objc; path = TEAccelerometer.m; sourceTree = "<group>"; };
		3C6E948813D76D53000F7988 /* bullet.json */ = {isa = PBXFileReference; fileEncoding = 4; lastKnownFileType = text.json; path = bullet.json; sourceTree = "<group>"; };
		3C6E948A13D771A7000F7988 /* Bullet.h */ = {isa = PBXFileReference; fileEncoding = 4; lastKnownFileType = sourcecode.c.h; path = Bullet.h; sourceTree = "<group>"; };
		3C6E948B13D771A7000F7988 /* Bullet.m */ = {isa = PBXFileReference; fileEncoding = 4; lastKnownFileType = sourcecode.c.objc; path = Bullet.m; sourceTree = "<group>"; };
		3C8A282613D70B4200BB0011 /* Fighter.h */ = {isa = PBXFileReference; fileEncoding = 4; lastKnownFileType = sourcecode.c.h; path = Fighter.h; sourceTree = "<group>"; };
		3C8A282713D70B4200BB0011 /* Fighter.m */ = {isa = PBXFileReference; fileEncoding = 4; lastKnownFileType = sourcecode.c.objc; path = Fighter.m; sourceTree = "<group>"; };
		3C8A283013D70CBC00BB0011 /* AsteroidField.h */ = {isa = PBXFileReference; fileEncoding = 4; lastKnownFileType = sourcecode.c.h; path = AsteroidField.h; sourceTree = "<group>"; };
		3C8A283113D70CBC00BB0011 /* AsteroidField.m */ = {isa = PBXFileReference; fileEncoding = 4; lastKnownFileType = sourcecode.c.objc; path = AsteroidField.m; sourceTree = "<group>"; };
		3C8A283713D70D6200BB0011 /* fighter.json */ = {isa = PBXFileReference; fileEncoding = 4; lastKnownFileType = text.json; path = fighter.json; sourceTree = "<group>"; };
		3C8F913113CDE2F300820FC5 /* TEScaleAnimation.h */ = {isa = PBXFileReference; fileEncoding = 4; lastKnownFileType = sourcecode.c.h; path = TEScaleAnimation.h; sourceTree = "<group>"; };
		3C8F913213CDE2F300820FC5 /* TEScaleAnimation.m */ = {isa = PBXFileReference; fileEncoding = 4; lastKnownFileType = sourcecode.c.objc; path = TEScaleAnimation.m; sourceTree = "<group>"; };
		3C8F913613CDE2FD00820FC5 /* TERotateAnimation.h */ = {isa = PBXFileReference; fileEncoding = 4; lastKnownFileType = sourcecode.c.h; path = TERotateAnimation.h; sourceTree = "<group>"; };
		3C8F913713CDE2FD00820FC5 /* TERotateAnimation.m */ = {isa = PBXFileReference; fileEncoding = 4; lastKnownFileType = sourcecode.c.objc; path = TERotateAnimation.m; sourceTree = "<group>"; };
		3C8F913A13CDE30900820FC5 /* TETranslateAnimation.h */ = {isa = PBXFileReference; fileEncoding = 4; lastKnownFileType = sourcecode.c.h; path = TETranslateAnimation.h; sourceTree = "<group>"; };
		3C8F913B13CDE30900820FC5 /* TETranslateAnimation.m */ = {isa = PBXFileReference; fileEncoding = 4; lastKnownFileType = sourcecode.c.objc; path = TETranslateAnimation.m; sourceTree = "<group>"; };
		3CB0483813CBD5960029875B /* TauGame.app */ = {isa = PBXFileReference; explicitFileType = wrapper.application; includeInIndex = 0; path = TauGame.app; sourceTree = BUILT_PRODUCTS_DIR; };
		3CB0483C13CBD5960029875B /* UIKit.framework */ = {isa = PBXFileReference; lastKnownFileType = wrapper.framework; name = UIKit.framework; path = System/Library/Frameworks/UIKit.framework; sourceTree = SDKROOT; };
		3CB0483E13CBD5960029875B /* Foundation.framework */ = {isa = PBXFileReference; lastKnownFileType = wrapper.framework; name = Foundation.framework; path = System/Library/Frameworks/Foundation.framework; sourceTree = SDKROOT; };
		3CB0484013CBD5960029875B /* CoreGraphics.framework */ = {isa = PBXFileReference; lastKnownFileType = wrapper.framework; name = CoreGraphics.framework; path = System/Library/Frameworks/CoreGraphics.framework; sourceTree = SDKROOT; };
		3CB0484413CBD5960029875B /* TauGame-Info.plist */ = {isa = PBXFileReference; lastKnownFileType = text.plist.xml; path = "TauGame-Info.plist"; sourceTree = "<group>"; };
		3CB0484613CBD5960029875B /* en */ = {isa = PBXFileReference; lastKnownFileType = text.plist.strings; name = en; path = en.lproj/InfoPlist.strings; sourceTree = "<group>"; };
		3CB0484813CBD5960029875B /* main.m */ = {isa = PBXFileReference; lastKnownFileType = sourcecode.c.objc; path = main.m; sourceTree = "<group>"; };
		3CB0484A13CBD5960029875B /* TauGame-Prefix.pch */ = {isa = PBXFileReference; lastKnownFileType = sourcecode.c.h; path = "TauGame-Prefix.pch"; sourceTree = "<group>"; };
		3CB0484B13CBD5960029875B /* TauGameAppDelegate.h */ = {isa = PBXFileReference; lastKnownFileType = sourcecode.c.h; path = TauGameAppDelegate.h; sourceTree = "<group>"; };
		3CB0484C13CBD5960029875B /* TauGameAppDelegate.m */ = {isa = PBXFileReference; lastKnownFileType = sourcecode.c.objc; path = TauGameAppDelegate.m; sourceTree = "<group>"; };
		3CB0485313CBD5970029875B /* TauGameTests.octest */ = {isa = PBXFileReference; explicitFileType = wrapper.cfbundle; includeInIndex = 0; path = TauGameTests.octest; sourceTree = BUILT_PRODUCTS_DIR; };
		3CB0485413CBD5970029875B /* SenTestingKit.framework */ = {isa = PBXFileReference; lastKnownFileType = wrapper.framework; name = SenTestingKit.framework; path = Library/Frameworks/SenTestingKit.framework; sourceTree = DEVELOPER_DIR; };
		3CB0485D13CBD5970029875B /* TauGameTests-Info.plist */ = {isa = PBXFileReference; lastKnownFileType = text.plist.xml; path = "TauGameTests-Info.plist"; sourceTree = "<group>"; };
		3CB0485F13CBD5970029875B /* en */ = {isa = PBXFileReference; lastKnownFileType = text.plist.strings; name = en; path = en.lproj/InfoPlist.strings; sourceTree = "<group>"; };
		3CB0486113CBD5970029875B /* TauGameTests.h */ = {isa = PBXFileReference; lastKnownFileType = sourcecode.c.h; path = TauGameTests.h; sourceTree = "<group>"; };
		3CB0486313CBD5970029875B /* TauGameTests.m */ = {isa = PBXFileReference; lastKnownFileType = sourcecode.c.objc; path = TauGameTests.m; sourceTree = "<group>"; };
		3CB0486E13CBD5B80029875B /* TEDrawable.h */ = {isa = PBXFileReference; fileEncoding = 4; lastKnownFileType = sourcecode.c.h; path = TEDrawable.h; sourceTree = "<group>"; };
		3CB0486F13CBD5B80029875B /* TEDrawable.m */ = {isa = PBXFileReference; fileEncoding = 4; lastKnownFileType = sourcecode.c.objc; path = TEDrawable.m; sourceTree = "<group>"; };
		3CB0487113CBD5C70029875B /* TENode.h */ = {isa = PBXFileReference; fileEncoding = 4; lastKnownFileType = sourcecode.c.h; path = TENode.h; sourceTree = "<group>"; };
		3CB0487213CBD5C70029875B /* TENode.mm */ = {isa = PBXFileReference; fileEncoding = 4; lastKnownFileType = sourcecode.cpp.objcpp; path = TENode.mm; sourceTree = "<group>"; };
		3CB0487413CBD5D20029875B /* TEShape.h */ = {isa = PBXFileReference; fileEncoding = 4; lastKnownFileType = sourcecode.c.h; path = TEShape.h; sourceTree = "<group>"; };
		3CB0487513CBD5D20029875B /* TEShape.m */ = {isa = PBXFileReference; fileEncoding = 4; lastKnownFileType = sourcecode.c.objc; path = TEShape.m; sourceTree = "<group>"; };
		3CB0487713CBD5DF0029875B /* TETriangle.h */ = {isa = PBXFileReference; fileEncoding = 4; lastKnownFileType = sourcecode.c.h; path = TETriangle.h; sourceTree = "<group>"; };
		3CB0487813CBD5DF0029875B /* TETriangle.m */ = {isa = PBXFileReference; fileEncoding = 4; lastKnownFileType = sourcecode.c.objc; path = TETriangle.m; sourceTree = "<group>"; };
		3CB0487A13CBD5E90029875B /* TEEllipse.h */ = {isa = PBXFileReference; fileEncoding = 4; lastKnownFileType = sourcecode.c.h; path = TEEllipse.h; sourceTree = "<group>"; };
		3CB0487B13CBD5E90029875B /* TEEllipse.m */ = {isa = PBXFileReference; fileEncoding = 4; lastKnownFileType = sourcecode.c.objc; path = TEEllipse.m; sourceTree = "<group>"; };
		3CB0487D13CBD5F20029875B /* TERectangle.h */ = {isa = PBXFileReference; fileEncoding = 4; lastKnownFileType = sourcecode.c.h; path = TERectangle.h; sourceTree = "<group>"; };
		3CB0487E13CBD5F20029875B /* TERectangle.m */ = {isa = PBXFileReference; fileEncoding = 4; lastKnownFileType = sourcecode.c.objc; path = TERectangle.m; sourceTree = "<group>"; };
		3CB0488013CBD5FD0029875B /* TECharacter.h */ = {isa = PBXFileReference; fileEncoding = 4; lastKnownFileType = sourcecode.c.h; path = TECharacter.h; sourceTree = "<group>"; };
		3CB0488113CBD5FD0029875B /* TECharacter.m */ = {isa = PBXFileReference; fileEncoding = 4; lastKnownFileType = sourcecode.c.objc; path = TECharacter.m; sourceTree = "<group>"; };
		3CB0488613CBD6670029875B /* TauEngine.h */ = {isa = PBXFileReference; fileEncoding = 4; lastKnownFileType = sourcecode.c.h; path = TauEngine.h; sourceTree = "<group>"; };
		3CB0488913CBD6940029875B /* GLKit.framework */ = {isa = PBXFileReference; lastKnownFileType = wrapper.framework; name = GLKit.framework; path = System/Library/Frameworks/GLKit.framework; sourceTree = SDKROOT; };
		3CB0488A13CBD6940029875B /* OpenGLES.framework */ = {isa = PBXFileReference; lastKnownFileType = wrapper.framework; name = OpenGLES.framework; path = System/Library/Frameworks/OpenGLES.framework; sourceTree = SDKROOT; };
		3CB0488B13CBD6940029875B /* QuartzCore.framework */ = {isa = PBXFileReference; lastKnownFileType = wrapper.framework; name = QuartzCore.framework; path = System/Library/Frameworks/QuartzCore.framework; sourceTree = SDKROOT; };
		3CB0488F13CBDB440029875B /* TEScene.h */ = {isa = PBXFileReference; fileEncoding = 4; lastKnownFileType = sourcecode.c.h; path = TEScene.h; sourceTree = "<group>"; };
		3CB0489013CBDB440029875B /* TEScene.m */ = {isa = PBXFileReference; fileEncoding = 4; lastKnownFileType = sourcecode.c.objc; path = TEScene.m; sourceTree = "<group>"; };
		3CFC90D513D72F6F00100C21 /* TauEngine.m */ = {isa = PBXFileReference; fileEncoding = 4; lastKnownFileType = sourcecode.c.objc; path = TauEngine.m; sourceTree = "<group>"; };
/* End PBXFileReference section */

/* Begin PBXFrameworksBuildPhase section */
		3CB0483513CBD5960029875B /* Frameworks */ = {
			isa = PBXFrameworksBuildPhase;
			buildActionMask = 2147483647;
			files = (
				3CB0483D13CBD5960029875B /* UIKit.framework in Frameworks */,
				3CB0483F13CBD5960029875B /* Foundation.framework in Frameworks */,
				3CB0484113CBD5960029875B /* CoreGraphics.framework in Frameworks */,
				3CB0488C13CBD6940029875B /* GLKit.framework in Frameworks */,
				3CB0488D13CBD6940029875B /* OpenGLES.framework in Frameworks */,
				3CB0488E13CBD6940029875B /* QuartzCore.framework in Frameworks */,
				3C55079513CE0B8D00585C40 /* CoreMotion.framework in Frameworks */,
			);
			runOnlyForDeploymentPostprocessing = 0;
		};
		3CB0484F13CBD5970029875B /* Frameworks */ = {
			isa = PBXFrameworksBuildPhase;
			buildActionMask = 2147483647;
			files = (
				3CB0485513CBD5970029875B /* SenTestingKit.framework in Frameworks */,
				3CB0485613CBD5970029875B /* UIKit.framework in Frameworks */,
				3CB0485713CBD5970029875B /* Foundation.framework in Frameworks */,
				3CB0485813CBD5970029875B /* CoreGraphics.framework in Frameworks */,
				3C55079613CE0B8D00585C40 /* CoreMotion.framework in Frameworks */,
			);
			runOnlyForDeploymentPostprocessing = 0;
		};
/* End PBXFrameworksBuildPhase section */

/* Begin PBXGroup section */
		3C138B8C13CCAD94002FC701 /* Character Files */ = {
			isa = PBXGroup;
			children = (
				3C138B8D13CCAD9D002FC701 /* mage.json */,
				3C5507A013CE198900585C40 /* obstacle.json */,
				3C8A283713D70D6200BB0011 /* fighter.json */,
				3C6E948813D76D53000F7988 /* bullet.json */,
				3C01190313D85DDF004808DA /* baddie.json */,
			);
			name = "Character Files";
			sourceTree = "<group>";
		};
		3C2DE85813D9C2D2000237D2 /* Menu */ = {
			isa = PBXGroup;
			children = (
				3C2DE86413D9CB9D000237D2 /* MainMenuViewController.h */,
				3C2DE86513D9CB9D000237D2 /* MainMenuViewController.m */,
			);
			name = Menu;
			sourceTree = "<group>";
		};
		3C55065F13CE07B600585C40 /* External */ = {
			isa = PBXGroup;
			children = (
				3C5506FF13CE093100585C40 /* Box2D */,
			);
			name = External;
			sourceTree = "<group>";
		};
		3C5506FF13CE093100585C40 /* Box2D */ = {
			isa = PBXGroup;
			children = (
				3C55070013CE093100585C40 /* Box2D.h */,
				3C55070113CE093100585C40 /* Collision */,
				3C55071413CE093100585C40 /* Common */,
				3C55071D13CE093100585C40 /* Dynamics */,
			);
			name = Box2D;
			path = libs/Box2D;
			sourceTree = "<group>";
		};
		3C55070113CE093100585C40 /* Collision */ = {
			isa = PBXGroup;
			children = (
				3C55070213CE093100585C40 /* b2BroadPhase.cpp */,
				3C55070313CE093100585C40 /* b2BroadPhase.h */,
				3C55070413CE093100585C40 /* b2CollideCircle.cpp */,
				3C55070513CE093100585C40 /* b2CollidePolygon.cpp */,
				3C55070613CE093100585C40 /* b2Collision.cpp */,
				3C55070713CE093100585C40 /* b2Collision.h */,
				3C55070813CE093100585C40 /* b2Distance.cpp */,
				3C55070913CE093100585C40 /* b2Distance.h */,
				3C55070A13CE093100585C40 /* b2DynamicTree.cpp */,
				3C55070B13CE093100585C40 /* b2DynamicTree.h */,
				3C55070C13CE093100585C40 /* b2TimeOfImpact.cpp */,
				3C55070D13CE093100585C40 /* b2TimeOfImpact.h */,
				3C55070E13CE093100585C40 /* Shapes */,
			);
			path = Collision;
			sourceTree = "<group>";
		};
		3C55070E13CE093100585C40 /* Shapes */ = {
			isa = PBXGroup;
			children = (
				3C55070F13CE093100585C40 /* b2CircleShape.cpp */,
				3C55071013CE093100585C40 /* b2CircleShape.h */,
				3C55071113CE093100585C40 /* b2PolygonShape.cpp */,
				3C55071213CE093100585C40 /* b2PolygonShape.h */,
				3C55071313CE093100585C40 /* b2Shape.h */,
			);
			path = Shapes;
			sourceTree = "<group>";
		};
		3C55071413CE093100585C40 /* Common */ = {
			isa = PBXGroup;
			children = (
				3C55071513CE093100585C40 /* b2BlockAllocator.cpp */,
				3C55071613CE093100585C40 /* b2BlockAllocator.h */,
				3C55071713CE093100585C40 /* b2Math.cpp */,
				3C55071813CE093100585C40 /* b2Math.h */,
				3C55071913CE093100585C40 /* b2Settings.cpp */,
				3C55071A13CE093100585C40 /* b2Settings.h */,
				3C55071B13CE093100585C40 /* b2StackAllocator.cpp */,
				3C55071C13CE093100585C40 /* b2StackAllocator.h */,
			);
			path = Common;
			sourceTree = "<group>";
		};
		3C55071D13CE093100585C40 /* Dynamics */ = {
			isa = PBXGroup;
			children = (
				3C55071E13CE093100585C40 /* b2Body.cpp */,
				3C55071F13CE093100585C40 /* b2Body.h */,
				3C55072013CE093100585C40 /* b2ContactManager.cpp */,
				3C55072113CE093100585C40 /* b2ContactManager.h */,
				3C55072213CE093100585C40 /* b2Fixture.cpp */,
				3C55072313CE093100585C40 /* b2Fixture.h */,
				3C55072413CE093100585C40 /* b2Island.cpp */,
				3C55072513CE093100585C40 /* b2Island.h */,
				3C55072613CE093100585C40 /* b2TimeStep.h */,
				3C55072713CE093100585C40 /* b2World.cpp */,
				3C55072813CE093100585C40 /* b2World.h */,
				3C55072913CE093100585C40 /* b2WorldCallbacks.cpp */,
				3C55072A13CE093100585C40 /* b2WorldCallbacks.h */,
				3C55072B13CE093100585C40 /* Contacts */,
				3C55073913CE093100585C40 /* Joints */,
			);
			path = Dynamics;
			sourceTree = "<group>";
		};
		3C55072B13CE093100585C40 /* Contacts */ = {
			isa = PBXGroup;
			children = (
				3C55072C13CE093100585C40 /* b2CircleContact.cpp */,
				3C55072D13CE093100585C40 /* b2CircleContact.h */,
				3C55072E13CE093100585C40 /* b2Contact.cpp */,
				3C55072F13CE093100585C40 /* b2Contact.h */,
				3C55073013CE093100585C40 /* b2ContactSolver.cpp */,
				3C55073113CE093100585C40 /* b2ContactSolver.h */,
				3C55073213CE093100585C40 /* b2NullContact.h */,
				3C55073313CE093100585C40 /* b2PolygonAndCircleContact.cpp */,
				3C55073413CE093100585C40 /* b2PolygonAndCircleContact.h */,
				3C55073513CE093100585C40 /* b2PolygonContact.cpp */,
				3C55073613CE093100585C40 /* b2PolygonContact.h */,
				3C55073713CE093100585C40 /* b2TOISolver.cpp */,
				3C55073813CE093100585C40 /* b2TOISolver.h */,
			);
			path = Contacts;
			sourceTree = "<group>";
		};
		3C55073913CE093100585C40 /* Joints */ = {
			isa = PBXGroup;
			children = (
				3C55073A13CE093100585C40 /* b2DistanceJoint.cpp */,
				3C55073B13CE093100585C40 /* b2DistanceJoint.h */,
				3C55073C13CE093100585C40 /* b2FrictionJoint.cpp */,
				3C55073D13CE093100585C40 /* b2FrictionJoint.h */,
				3C55073E13CE093100585C40 /* b2GearJoint.cpp */,
				3C55073F13CE093100585C40 /* b2GearJoint.h */,
				3C55074013CE093100585C40 /* b2Joint.cpp */,
				3C55074113CE093100585C40 /* b2Joint.h */,
				3C55074213CE093100585C40 /* b2LineJoint.cpp */,
				3C55074313CE093100585C40 /* b2LineJoint.h */,
				3C55074413CE093100585C40 /* b2MouseJoint.cpp */,
				3C55074513CE093100585C40 /* b2MouseJoint.h */,
				3C55074613CE093100585C40 /* b2PrismaticJoint.cpp */,
				3C55074713CE093100585C40 /* b2PrismaticJoint.h */,
				3C55074813CE093100585C40 /* b2PulleyJoint.cpp */,
				3C55074913CE093100585C40 /* b2PulleyJoint.h */,
				3C55074A13CE093100585C40 /* b2RevoluteJoint.cpp */,
				3C55074B13CE093100585C40 /* b2RevoluteJoint.h */,
				3C55074C13CE093100585C40 /* b2WeldJoint.cpp */,
				3C55074D13CE093100585C40 /* b2WeldJoint.h */,
			);
			path = Joints;
			sourceTree = "<group>";
		};
		3C8A282413D70AC300BB0011 /* Fighter */ = {
			isa = PBXGroup;
			children = (
				3C2DE85813D9C2D2000237D2 /* Menu */,
				3C8A282B13D70C7E00BB0011 /* Scenes */,
				3C8A282A13D70C7300BB0011 /* Characters */,
				3C138B8C13CCAD94002FC701 /* Character Files */,
			);
			name = Fighter;
			sourceTree = "<group>";
		};
		3C8A282A13D70C7300BB0011 /* Characters */ = {
			isa = PBXGroup;
			children = (
				3C8A282613D70B4200BB0011 /* Fighter.h */,
				3C8A282713D70B4200BB0011 /* Fighter.m */,
				3C6E948A13D771A7000F7988 /* Bullet.h */,
				3C6E948B13D771A7000F7988 /* Bullet.m */,
				3C01190513D86090004808DA /* Baddie.h */,
				3C01190613D86090004808DA /* Baddie.m */,
			);
			name = Characters;
			sourceTree = "<group>";
		};
		3C8A282B13D70C7E00BB0011 /* Scenes */ = {
			isa = PBXGroup;
			children = (
				3C8A283013D70CBC00BB0011 /* AsteroidField.h */,
				3C8A283113D70CBC00BB0011 /* AsteroidField.m */,
			);
			name = Scenes;
			sourceTree = "<group>";
		};
		3CB0482D13CBD5960029875B = {
			isa = PBXGroup;
			children = (
				3CB0484213CBD5960029875B /* TauGame */,
				3CB0485B13CBD5970029875B /* TauGameTests */,
				3CB0483B13CBD5960029875B /* Frameworks */,
				3CB0483913CBD5960029875B /* Products */,
			);
			indentWidth = 2;
			sourceTree = "<group>";
			tabWidth = 2;
			wrapsLines = 0;
		};
		3CB0483913CBD5960029875B /* Products */ = {
			isa = PBXGroup;
			children = (
				3CB0483813CBD5960029875B /* TauGame.app */,
				3CB0485313CBD5970029875B /* TauGameTests.octest */,
			);
			name = Products;
			sourceTree = "<group>";
		};
		3CB0483B13CBD5960029875B /* Frameworks */ = {
			isa = PBXGroup;
			children = (
				3C55079413CE0B8D00585C40 /* CoreMotion.framework */,
				3CB0488913CBD6940029875B /* GLKit.framework */,
				3CB0488A13CBD6940029875B /* OpenGLES.framework */,
				3CB0488B13CBD6940029875B /* QuartzCore.framework */,
				3CB0483C13CBD5960029875B /* UIKit.framework */,
				3CB0483E13CBD5960029875B /* Foundation.framework */,
				3CB0484013CBD5960029875B /* CoreGraphics.framework */,
				3CB0485413CBD5970029875B /* SenTestingKit.framework */,
			);
			name = Frameworks;
			sourceTree = "<group>";
		};
		3CB0484213CBD5960029875B /* TauGame */ = {
			isa = PBXGroup;
			children = (
				3CB0486D13CBD5A10029875B /* TauEngine */,
				3C8A282413D70AC300BB0011 /* Fighter */,
				3CB0484B13CBD5960029875B /* TauGameAppDelegate.h */,
				3CB0484C13CBD5960029875B /* TauGameAppDelegate.m */,
				3CB0484313CBD5960029875B /* Supporting Files */,
			);
			path = TauGame;
			sourceTree = "<group>";
		};
		3CB0484313CBD5960029875B /* Supporting Files */ = {
			isa = PBXGroup;
			children = (
				3C2DE86713D9DA93000237D2 /* main-menu-background.jpg */,
				3CB0484413CBD5960029875B /* TauGame-Info.plist */,
				3CB0484513CBD5960029875B /* InfoPlist.strings */,
				3CB0484813CBD5960029875B /* main.m */,
				3CB0484A13CBD5960029875B /* TauGame-Prefix.pch */,
				3C2DE86913D9DAA3000237D2 /* credits.txt */,
			);
			name = "Supporting Files";
			sourceTree = "<group>";
		};
		3CB0485B13CBD5970029875B /* TauGameTests */ = {
			isa = PBXGroup;
			children = (
				3CB0486113CBD5970029875B /* TauGameTests.h */,
				3CB0486313CBD5970029875B /* TauGameTests.m */,
				3CB0485C13CBD5970029875B /* Supporting Files */,
			);
			path = TauGameTests;
			sourceTree = "<group>";
		};
		3CB0485C13CBD5970029875B /* Supporting Files */ = {
			isa = PBXGroup;
			children = (
				3CB0485D13CBD5970029875B /* TauGameTests-Info.plist */,
				3CB0485E13CBD5970029875B /* InfoPlist.strings */,
			);
			name = "Supporting Files";
			sourceTree = "<group>";
		};
		3CB0486D13CBD5A10029875B /* TauEngine */ = {
			isa = PBXGroup;
			children = (
				3C55065F13CE07B600585C40 /* External */,
				3CB0488613CBD6670029875B /* TauEngine.h */,
				3CFC90D513D72F6F00100C21 /* TauEngine.m */,
				3CB0486E13CBD5B80029875B /* TEDrawable.h */,
				3CB0486F13CBD5B80029875B /* TEDrawable.m */,
				3CB0487113CBD5C70029875B /* TENode.h */,
				3CB0487213CBD5C70029875B /* TENode.mm */,
				3CB0488013CBD5FD0029875B /* TECharacter.h */,
				3CB0488113CBD5FD0029875B /* TECharacter.m */,
				3CB0487413CBD5D20029875B /* TEShape.h */,
				3CB0487513CBD5D20029875B /* TEShape.m */,
				3CB0487713CBD5DF0029875B /* TETriangle.h */,
				3CB0487813CBD5DF0029875B /* TETriangle.m */,
				3CB0487A13CBD5E90029875B /* TEEllipse.h */,
				3CB0487B13CBD5E90029875B /* TEEllipse.m */,
				3CB0487D13CBD5F20029875B /* TERectangle.h */,
				3CB0487E13CBD5F20029875B /* TERectangle.m */,
				3C138B9013CCB15A002FC701 /* TECharacterLoader.h */,
				3C138B9113CCB15A002FC701 /* TECharacterLoader.mm */,
				3C138B9413CCC7DF002FC701 /* TEAnimation.h */,
				3C138B9513CCC7E0002FC701 /* TEAnimation.m */,
				3C8F913113CDE2F300820FC5 /* TEScaleAnimation.h */,
				3C8F913213CDE2F300820FC5 /* TEScaleAnimation.m */,
				3C8F913613CDE2FD00820FC5 /* TERotateAnimation.h */,
				3C8F913713CDE2FD00820FC5 /* TERotateAnimation.m */,
				3C8F913A13CDE30900820FC5 /* TETranslateAnimation.h */,
				3C8F913B13CDE30900820FC5 /* TETranslateAnimation.m */,
				3C5507A413CE237D00585C40 /* TECollisionDetector.h */,
				3C5507A513CE237D00585C40 /* TECollisionDetector.mm */,
				3C6B2A6313D47A6C00061EC7 /* TESceneController.h */,
				3C6B2A6413D47A6C00061EC7 /* TESceneController.m */,
				3CB0488F13CBDB440029875B /* TEScene.h */,
				3CB0489013CBDB440029875B /* TEScene.m */,
				3C56687E13D73D6F0011D69E /* TEAdjustedAttitude.h */,
				3C56687F13D73D6F0011D69E /* TEAdjustedAttitude.m */,
				3C6E948413D74DB6000F7988 /* TEAccelerometer.h */,
				3C6E948513D74DB6000F7988 /* TEAccelerometer.m */,
			);
			name = TauEngine;
			sourceTree = "<group>";
		};
/* End PBXGroup section */

/* Begin PBXNativeTarget section */
		3CB0483713CBD5960029875B /* TauGame */ = {
			isa = PBXNativeTarget;
			buildConfigurationList = 3CB0486713CBD5970029875B /* Build configuration list for PBXNativeTarget "TauGame" */;
			buildPhases = (
				3CB0483413CBD5960029875B /* Sources */,
				3CB0483513CBD5960029875B /* Frameworks */,
				3CB0483613CBD5960029875B /* Resources */,
			);
			buildRules = (
			);
			dependencies = (
			);
			name = TauGame;
			productName = TauGame;
			productReference = 3CB0483813CBD5960029875B /* TauGame.app */;
			productType = "com.apple.product-type.application";
		};
		3CB0485213CBD5970029875B /* TauGameTests */ = {
			isa = PBXNativeTarget;
			buildConfigurationList = 3CB0486A13CBD5970029875B /* Build configuration list for PBXNativeTarget "TauGameTests" */;
			buildPhases = (
				3CB0484E13CBD5970029875B /* Sources */,
				3CB0484F13CBD5970029875B /* Frameworks */,
				3CB0485013CBD5970029875B /* Resources */,
				3CB0485113CBD5970029875B /* ShellScript */,
			);
			buildRules = (
			);
			dependencies = (
				3CB0485A13CBD5970029875B /* PBXTargetDependency */,
			);
			name = TauGameTests;
			productName = TauGameTests;
			productReference = 3CB0485313CBD5970029875B /* TauGameTests.octest */;
			productType = "com.apple.product-type.bundle";
		};
/* End PBXNativeTarget section */

/* Begin PBXProject section */
		3CB0482F13CBD5960029875B /* Project object */ = {
			isa = PBXProject;
			attributes = {
				LastUpgradeCheck = 0420;
				ORGANIZATIONNAME = "Ian Terrell";
			};
			buildConfigurationList = 3CB0483213CBD5960029875B /* Build configuration list for PBXProject "TauGame" */;
			compatibilityVersion = "Xcode 3.2";
			developmentRegion = English;
			hasScannedForEncodings = 0;
			knownRegions = (
				en,
			);
			mainGroup = 3CB0482D13CBD5960029875B;
			productRefGroup = 3CB0483913CBD5960029875B /* Products */;
			projectDirPath = "";
			projectRoot = "";
			targets = (
				3CB0483713CBD5960029875B /* TauGame */,
				3CB0485213CBD5970029875B /* TauGameTests */,
			);
		};
/* End PBXProject section */

/* Begin PBXResourcesBuildPhase section */
		3CB0483613CBD5960029875B /* Resources */ = {
			isa = PBXResourcesBuildPhase;
			buildActionMask = 2147483647;
			files = (
				3C01190813D8612E004808DA /* baddie.json in Resources */,
				3C8A283A13D70D9E00BB0011 /* fighter.json in Resources */,
				3C5507A313CE19CB00585C40 /* obstacle.json in Resources */,
				3CB0484713CBD5960029875B /* InfoPlist.strings in Resources */,
				3C138B8E13CCAD9D002FC701 /* mage.json in Resources */,
				3C6E948913D76D53000F7988 /* bullet.json in Resources */,
				3C2DE86813D9DA93000237D2 /* main-menu-background.jpg in Resources */,
				3C2DE86A13D9DAA3000237D2 /* credits.txt in Resources */,
			);
			runOnlyForDeploymentPostprocessing = 0;
		};
		3CB0485013CBD5970029875B /* Resources */ = {
			isa = PBXResourcesBuildPhase;
			buildActionMask = 2147483647;
			files = (
				3CB0486013CBD5970029875B /* InfoPlist.strings in Resources */,
				3CB0486213CBD5970029875B /* TauGameTests.h in Resources */,
				3C138B8F13CCAD9D002FC701 /* mage.json in Resources */,
			);
			runOnlyForDeploymentPostprocessing = 0;
		};
/* End PBXResourcesBuildPhase section */

/* Begin PBXShellScriptBuildPhase section */
		3CB0485113CBD5970029875B /* ShellScript */ = {
			isa = PBXShellScriptBuildPhase;
			buildActionMask = 2147483647;
			files = (
			);
			inputPaths = (
			);
			outputPaths = (
			);
			runOnlyForDeploymentPostprocessing = 0;
			shellPath = /bin/sh;
			shellScript = "# Run the unit tests in this test bundle.\n\"${SYSTEM_DEVELOPER_DIR}/Tools/RunUnitTests\"\n";
		};
/* End PBXShellScriptBuildPhase section */

/* Begin PBXSourcesBuildPhase section */
		3CB0483413CBD5960029875B /* Sources */ = {
			isa = PBXSourcesBuildPhase;
			buildActionMask = 2147483647;
			files = (
				3CB0484913CBD5960029875B /* main.m in Sources */,
				3CB0484D13CBD5960029875B /* TauGameAppDelegate.m in Sources */,
				3CB0487013CBD5B80029875B /* TEDrawable.m in Sources */,
				3CB0487313CBD5C70029875B /* TENode.mm in Sources */,
				3CB0487613CBD5D20029875B /* TEShape.m in Sources */,
				3CB0487913CBD5DF0029875B /* TETriangle.m in Sources */,
				3CB0487C13CBD5E90029875B /* TEEllipse.m in Sources */,
				3CB0487F13CBD5F20029875B /* TERectangle.m in Sources */,
				3CB0488213CBD5FE0029875B /* TECharacter.m in Sources */,
				3CB0489113CBDB440029875B /* TEScene.m in Sources */,
				3C138B9213CCB15B002FC701 /* TECharacterLoader.mm in Sources */,
				3C138B9613CCC7E0002FC701 /* TEAnimation.m in Sources */,
				3C8F913313CDE2F300820FC5 /* TEScaleAnimation.m in Sources */,
				3C8F913813CDE2FD00820FC5 /* TERotateAnimation.m in Sources */,
				3C8F913C13CDE30900820FC5 /* TETranslateAnimation.m in Sources */,
				3C55074E13CE093100585C40 /* b2BroadPhase.cpp in Sources */,
				3C55075013CE093100585C40 /* b2CollideCircle.cpp in Sources */,
				3C55075213CE093100585C40 /* b2CollidePolygon.cpp in Sources */,
				3C55075413CE093100585C40 /* b2Collision.cpp in Sources */,
				3C55075613CE093100585C40 /* b2Distance.cpp in Sources */,
				3C55075813CE093100585C40 /* b2DynamicTree.cpp in Sources */,
				3C55075A13CE093100585C40 /* b2TimeOfImpact.cpp in Sources */,
				3C55075C13CE093100585C40 /* b2CircleShape.cpp in Sources */,
				3C55075E13CE093100585C40 /* b2PolygonShape.cpp in Sources */,
				3C55076013CE093100585C40 /* b2BlockAllocator.cpp in Sources */,
				3C55076213CE093100585C40 /* b2Math.cpp in Sources */,
				3C55076413CE093100585C40 /* b2Settings.cpp in Sources */,
				3C55076613CE093100585C40 /* b2StackAllocator.cpp in Sources */,
				3C55076813CE093100585C40 /* b2Body.cpp in Sources */,
				3C55076A13CE093100585C40 /* b2ContactManager.cpp in Sources */,
				3C55076C13CE093100585C40 /* b2Fixture.cpp in Sources */,
				3C55076E13CE093100585C40 /* b2Island.cpp in Sources */,
				3C55077013CE093100585C40 /* b2World.cpp in Sources */,
				3C55077213CE093100585C40 /* b2WorldCallbacks.cpp in Sources */,
				3C55077413CE093100585C40 /* b2CircleContact.cpp in Sources */,
				3C55077613CE093100585C40 /* b2Contact.cpp in Sources */,
				3C55077813CE093100585C40 /* b2ContactSolver.cpp in Sources */,
				3C55077A13CE093100585C40 /* b2PolygonAndCircleContact.cpp in Sources */,
				3C55077C13CE093100585C40 /* b2PolygonContact.cpp in Sources */,
				3C55077E13CE093100585C40 /* b2TOISolver.cpp in Sources */,
				3C55078013CE093100585C40 /* b2DistanceJoint.cpp in Sources */,
				3C55078213CE093100585C40 /* b2FrictionJoint.cpp in Sources */,
				3C55078413CE093100585C40 /* b2GearJoint.cpp in Sources */,
				3C55078613CE093100585C40 /* b2Joint.cpp in Sources */,
				3C55078813CE093100585C40 /* b2LineJoint.cpp in Sources */,
				3C55078A13CE093100585C40 /* b2MouseJoint.cpp in Sources */,
				3C55078C13CE093100585C40 /* b2PrismaticJoint.cpp in Sources */,
				3C55078E13CE093100585C40 /* b2PulleyJoint.cpp in Sources */,
				3C55079013CE093100585C40 /* b2RevoluteJoint.cpp in Sources */,
				3C55079213CE093100585C40 /* b2WeldJoint.cpp in Sources */,
				3C5507A613CE237D00585C40 /* TECollisionDetector.mm in Sources */,
				3C6B2A6513D47A6C00061EC7 /* TESceneController.m in Sources */,
				3C8A282813D70B4200BB0011 /* Fighter.m in Sources */,
				3C8A283213D70CBC00BB0011 /* AsteroidField.m in Sources */,
				3CFC90D613D72F6F00100C21 /* TauEngine.m in Sources */,
				3C56688013D73D700011D69E /* TEAdjustedAttitude.m in Sources */,
				3C6E948613D74DB6000F7988 /* TEAccelerometer.m in Sources */,
				3C6E948C13D771A7000F7988 /* Bullet.m in Sources */,
				3C01190713D86090004808DA /* Baddie.m in Sources */,
				3C2DE86613D9CB9D000237D2 /* MainMenuViewController.m in Sources */,
			);
			runOnlyForDeploymentPostprocessing = 0;
		};
		3CB0484E13CBD5970029875B /* Sources */ = {
			isa = PBXSourcesBuildPhase;
			buildActionMask = 2147483647;
			files = (
				3CB0486413CBD5970029875B /* TauGameTests.m in Sources */,
				3C138B9313CCB15B002FC701 /* TECharacterLoader.mm in Sources */,
				3C138B9713CCC7E0002FC701 /* TEAnimation.m in Sources */,
				3C8F913413CDE2F300820FC5 /* TEScaleAnimation.m in Sources */,
				3C8F913913CDE2FD00820FC5 /* TERotateAnimation.m in Sources */,
				3C8F913D13CDE30900820FC5 /* TETranslateAnimation.m in Sources */,
				3C55074F13CE093100585C40 /* b2BroadPhase.cpp in Sources */,
				3C55075113CE093100585C40 /* b2CollideCircle.cpp in Sources */,
				3C55075313CE093100585C40 /* b2CollidePolygon.cpp in Sources */,
				3C55075513CE093100585C40 /* b2Collision.cpp in Sources */,
				3C55075713CE093100585C40 /* b2Distance.cpp in Sources */,
				3C55075913CE093100585C40 /* b2DynamicTree.cpp in Sources */,
				3C55075B13CE093100585C40 /* b2TimeOfImpact.cpp in Sources */,
				3C55075D13CE093100585C40 /* b2CircleShape.cpp in Sources */,
				3C55075F13CE093100585C40 /* b2PolygonShape.cpp in Sources */,
				3C55076113CE093100585C40 /* b2BlockAllocator.cpp in Sources */,
				3C55076313CE093100585C40 /* b2Math.cpp in Sources */,
				3C55076513CE093100585C40 /* b2Settings.cpp in Sources */,
				3C55076713CE093100585C40 /* b2StackAllocator.cpp in Sources */,
				3C55076913CE093100585C40 /* b2Body.cpp in Sources */,
				3C55076B13CE093100585C40 /* b2ContactManager.cpp in Sources */,
				3C55076D13CE093100585C40 /* b2Fixture.cpp in Sources */,
				3C55076F13CE093100585C40 /* b2Island.cpp in Sources */,
				3C55077113CE093100585C40 /* b2World.cpp in Sources */,
				3C55077313CE093100585C40 /* b2WorldCallbacks.cpp in Sources */,
				3C55077513CE093100585C40 /* b2CircleContact.cpp in Sources */,
				3C55077713CE093100585C40 /* b2Contact.cpp in Sources */,
				3C55077913CE093100585C40 /* b2ContactSolver.cpp in Sources */,
				3C55077B13CE093100585C40 /* b2PolygonAndCircleContact.cpp in Sources */,
				3C55077D13CE093100585C40 /* b2PolygonContact.cpp in Sources */,
				3C55077F13CE093100585C40 /* b2TOISolver.cpp in Sources */,
				3C55078113CE093100585C40 /* b2DistanceJoint.cpp in Sources */,
				3C55078313CE093100585C40 /* b2FrictionJoint.cpp in Sources */,
				3C55078513CE093100585C40 /* b2GearJoint.cpp in Sources */,
				3C55078713CE093100585C40 /* b2Joint.cpp in Sources */,
				3C55078913CE093100585C40 /* b2LineJoint.cpp in Sources */,
				3C55078B13CE093100585C40 /* b2MouseJoint.cpp in Sources */,
				3C55078D13CE093100585C40 /* b2PrismaticJoint.cpp in Sources */,
				3C55078F13CE093100585C40 /* b2PulleyJoint.cpp in Sources */,
				3C55079113CE093100585C40 /* b2RevoluteJoint.cpp in Sources */,
				3C55079313CE093100585C40 /* b2WeldJoint.cpp in Sources */,
				3C5507A213CE198900585C40 /* obstacle.json in Sources */,
				3C5507A713CE237D00585C40 /* TECollisionDetector.mm in Sources */,
				3C6B2A6613D47A6C00061EC7 /* TESceneController.m in Sources */,
				3C8A282913D70B4200BB0011 /* Fighter.m in Sources */,
				3C8A283313D70CBC00BB0011 /* AsteroidField.m in Sources */,
				3C8A283913D70D6200BB0011 /* fighter.json in Sources */,
			);
			runOnlyForDeploymentPostprocessing = 0;
		};
/* End PBXSourcesBuildPhase section */

/* Begin PBXTargetDependency section */
		3CB0485A13CBD5970029875B /* PBXTargetDependency */ = {
			isa = PBXTargetDependency;
			target = 3CB0483713CBD5960029875B /* TauGame */;
			targetProxy = 3CB0485913CBD5970029875B /* PBXContainerItemProxy */;
		};
/* End PBXTargetDependency section */

/* Begin PBXVariantGroup section */
		3CB0484513CBD5960029875B /* InfoPlist.strings */ = {
			isa = PBXVariantGroup;
			children = (
				3CB0484613CBD5960029875B /* en */,
			);
			name = InfoPlist.strings;
			sourceTree = "<group>";
		};
		3CB0485E13CBD5970029875B /* InfoPlist.strings */ = {
			isa = PBXVariantGroup;
			children = (
				3CB0485F13CBD5970029875B /* en */,
			);
			name = InfoPlist.strings;
			sourceTree = "<group>";
		};
/* End PBXVariantGroup section */

/* Begin XCBuildConfiguration section */
		3CB0486513CBD5970029875B /* Debug */ = {
			isa = XCBuildConfiguration;
			buildSettings = {
				ALWAYS_SEARCH_USER_PATHS = NO;
				ARCHS = "$(ARCHS_STANDARD_32_BIT)";
				CLANG_ENABLE_OBJC_ARC = YES;
				"CODE_SIGN_IDENTITY[sdk=iphoneos*]" = "iPhone Developer";
				COPY_PHASE_STRIP = NO;
				GCC_C_LANGUAGE_STANDARD = gnu99;
				GCC_DYNAMIC_NO_PIC = NO;
				GCC_OPTIMIZATION_LEVEL = 0;
				GCC_PREPROCESSOR_DEFINITIONS = (
					"DEBUG=1",
					"$(inherited)",
				);
				GCC_SYMBOLS_PRIVATE_EXTERN = NO;
				GCC_VERSION = com.apple.compilers.llvm.clang.1_0;
				GCC_WARN_ABOUT_MISSING_PROTOTYPES = YES;
				GCC_WARN_ABOUT_RETURN_TYPE = YES;
				GCC_WARN_UNUSED_VARIABLE = YES;
				IPHONEOS_DEPLOYMENT_TARGET = 5.0;
				SDKROOT = iphoneos;
				TARGETED_DEVICE_FAMILY = "1,2";
			};
			name = Debug;
		};
		3CB0486613CBD5970029875B /* Release */ = {
			isa = XCBuildConfiguration;
			buildSettings = {
				ALWAYS_SEARCH_USER_PATHS = NO;
				ARCHS = "$(ARCHS_STANDARD_32_BIT)";
				CLANG_ENABLE_OBJC_ARC = YES;
				"CODE_SIGN_IDENTITY[sdk=iphoneos*]" = "iPhone Developer";
				COPY_PHASE_STRIP = YES;
				GCC_C_LANGUAGE_STANDARD = gnu99;
				GCC_VERSION = com.apple.compilers.llvm.clang.1_0;
				GCC_WARN_ABOUT_MISSING_PROTOTYPES = YES;
				GCC_WARN_ABOUT_RETURN_TYPE = YES;
				GCC_WARN_UNUSED_VARIABLE = YES;
				IPHONEOS_DEPLOYMENT_TARGET = 5.0;
				OTHER_CFLAGS = "-DNS_BLOCK_ASSERTIONS=1";
				SDKROOT = iphoneos;
				TARGETED_DEVICE_FAMILY = "1,2";
				VALIDATE_PRODUCT = YES;
			};
			name = Release;
		};
		3CB0486813CBD5970029875B /* Debug */ = {
			isa = XCBuildConfiguration;
			buildSettings = {
				CLANG_CXX_LANGUAGE_STANDARD = "compiler-default";
				CLANG_CXX_LIBRARY = "compiler-default";
				CLANG_WARN_OBJCPP_ARC_ABI = YES;
				GCC_PRECOMPILE_PREFIX_HEADER = YES;
				GCC_PREFIX_HEADER = "TauGame/TauGame-Prefix.pch";
				GCC_VERSION = com.apple.compilers.llvm.clang.1_0;
				HEADER_SEARCH_PATHS = (
					"libs/**",
					"./**",
				);
				INFOPLIST_FILE = "TauGame/TauGame-Info.plist";
				PRODUCT_NAME = "$(TARGET_NAME)";
				WRAPPER_EXTENSION = app;
			};
			name = Debug;
		};
		3CB0486913CBD5970029875B /* Release */ = {
			isa = XCBuildConfiguration;
			buildSettings = {
				CLANG_CXX_LANGUAGE_STANDARD = "compiler-default";
				CLANG_CXX_LIBRARY = "compiler-default";
				CLANG_WARN_OBJCPP_ARC_ABI = YES;
				GCC_PRECOMPILE_PREFIX_HEADER = YES;
				GCC_PREFIX_HEADER = "TauGame/TauGame-Prefix.pch";
				GCC_VERSION = com.apple.compilers.llvm.clang.1_0;
				HEADER_SEARCH_PATHS = (
					"libs/**",
					"./**",
				);
				INFOPLIST_FILE = "TauGame/TauGame-Info.plist";
				PRODUCT_NAME = "$(TARGET_NAME)";
				WRAPPER_EXTENSION = app;
			};
			name = Release;
		};
		3CB0486B13CBD5970029875B /* Debug */ = {
			isa = XCBuildConfiguration;
			buildSettings = {
				BUNDLE_LOADER = "$(BUILT_PRODUCTS_DIR)/TauGame.app/TauGame";
				FRAMEWORK_SEARCH_PATHS = (
					"$(SDKROOT)/Developer/Library/Frameworks",
					"$(DEVELOPER_LIBRARY_DIR)/Frameworks",
				);
				GCC_PRECOMPILE_PREFIX_HEADER = YES;
				GCC_PREFIX_HEADER = "TauGame/TauGame-Prefix.pch";
				INFOPLIST_FILE = "TauGameTests/TauGameTests-Info.plist";
				PRODUCT_NAME = "$(TARGET_NAME)";
				TEST_HOST = "$(BUNDLE_LOADER)";
				WRAPPER_EXTENSION = octest;
			};
			name = Debug;
		};
		3CB0486C13CBD5970029875B /* Release */ = {
			isa = XCBuildConfiguration;
			buildSettings = {
				BUNDLE_LOADER = "$(BUILT_PRODUCTS_DIR)/TauGame.app/TauGame";
				FRAMEWORK_SEARCH_PATHS = (
					"$(SDKROOT)/Developer/Library/Frameworks",
					"$(DEVELOPER_LIBRARY_DIR)/Frameworks",
				);
				GCC_PRECOMPILE_PREFIX_HEADER = YES;
				GCC_PREFIX_HEADER = "TauGame/TauGame-Prefix.pch";
				INFOPLIST_FILE = "TauGameTests/TauGameTests-Info.plist";
				PRODUCT_NAME = "$(TARGET_NAME)";
				TEST_HOST = "$(BUNDLE_LOADER)";
				WRAPPER_EXTENSION = octest;
			};
			name = Release;
		};
/* End XCBuildConfiguration section */

/* Begin XCConfigurationList section */
		3CB0483213CBD5960029875B /* Build configuration list for PBXProject "TauGame" */ = {
			isa = XCConfigurationList;
			buildConfigurations = (
				3CB0486513CBD5970029875B /* Debug */,
				3CB0486613CBD5970029875B /* Release */,
			);
			defaultConfigurationIsVisible = 0;
			defaultConfigurationName = Release;
		};
		3CB0486713CBD5970029875B /* Build configuration list for PBXNativeTarget "TauGame" */ = {
			isa = XCConfigurationList;
			buildConfigurations = (
				3CB0486813CBD5970029875B /* Debug */,
				3CB0486913CBD5970029875B /* Release */,
			);
			defaultConfigurationIsVisible = 0;
			defaultConfigurationName = Release;
		};
		3CB0486A13CBD5970029875B /* Build configuration list for PBXNativeTarget "TauGameTests" */ = {
			isa = XCConfigurationList;
			buildConfigurations = (
				3CB0486B13CBD5970029875B /* Debug */,
				3CB0486C13CBD5970029875B /* Release */,
			);
			defaultConfigurationIsVisible = 0;
			defaultConfigurationName = Release;
		};
/* End XCConfigurationList section */
	};
	rootObject = 3CB0482F13CBD5960029875B /* Project object */;
}
