// !$*UTF8*$!
{
	archiveVersion = 1;
	classes = {
	};
	objectVersion = 46;
	objects = {

/* Begin PBXBuildFile section */
		3CB0483D13CBD5960029875B /* UIKit.framework in Frameworks */ = {isa = PBXBuildFile; fileRef = 3CB0483C13CBD5960029875B /* UIKit.framework */; };
		3CB0483F13CBD5960029875B /* Foundation.framework in Frameworks */ = {isa = PBXBuildFile; fileRef = 3CB0483E13CBD5960029875B /* Foundation.framework */; };
		3CB0484113CBD5960029875B /* CoreGraphics.framework in Frameworks */ = {isa = PBXBuildFile; fileRef = 3CB0484013CBD5960029875B /* CoreGraphics.framework */; };
		3CB0484713CBD5960029875B /* InfoPlist.strings in Resources */ = {isa = PBXBuildFile; fileRef = 3CB0484513CBD5960029875B /* InfoPlist.strings */; };
		3CB0484913CBD5960029875B /* main.m in Sources */ = {isa = PBXBuildFile; fileRef = 3CB0484813CBD5960029875B /* main.m */; };
		3CB0484D13CBD5960029875B /* TauGameAppDelegate.m in Sources */ = {isa = PBXBuildFile; fileRef = 3CB0484C13CBD5960029875B /* TauGameAppDelegate.m */; };
		3CB0485513CBD5970029875B /* SenTestingKit.framework in Frameworks */ = {isa = PBXBuildFile; fileRef = 3CB0485413CBD5970029875B /* SenTestingKit.framework */; };
		3CB0485613CBD5970029875B /* UIKit.framework in Frameworks */ = {isa = PBXBuildFile; fileRef = 3CB0483C13CBD5960029875B /* UIKit.framework */; };
		3CB0485713CBD5970029875B /* Foundation.framework in Frameworks */ = {isa = PBXBuildFile; fileRef = 3CB0483E13CBD5960029875B /* Foundation.framework */; };
		3CB0485813CBD5970029875B /* CoreGraphics.framework in Frameworks */ = {isa = PBXBuildFile; fileRef = 3CB0484013CBD5960029875B /* CoreGraphics.framework */; };
		3CB0486013CBD5970029875B /* InfoPlist.strings in Resources */ = {isa = PBXBuildFile; fileRef = 3CB0485E13CBD5970029875B /* InfoPlist.strings */; };
		3CB0486213CBD5970029875B /* TauGameTests.h in Resources */ = {isa = PBXBuildFile; fileRef = 3CB0486113CBD5970029875B /* TauGameTests.h */; };
		3CB0486413CBD5970029875B /* TauGameTests.m in Sources */ = {isa = PBXBuildFile; fileRef = 3CB0486313CBD5970029875B /* TauGameTests.m */; };
/* End PBXBuildFile section */

/* Begin PBXContainerItemProxy section */
		3CB0485913CBD5970029875B /* PBXContainerItemProxy */ = {
			isa = PBXContainerItemProxy;
			containerPortal = 3CB0482F13CBD5960029875B /* Project object */;
			proxyType = 1;
			remoteGlobalIDString = 3CB0483713CBD5960029875B;
			remoteInfo = TauGame;
		};
/* End PBXContainerItemProxy section */

/* Begin PBXFileReference section */
		3CB0483813CBD5960029875B /* TauGame.app */ = {isa = PBXFileReference; explicitFileType = wrapper.application; includeInIndex = 0; path = TauGame.app; sourceTree = BUILT_PRODUCTS_DIR; };
		3CB0483C13CBD5960029875B /* UIKit.framework */ = {isa = PBXFileReference; lastKnownFileType = wrapper.framework; name = UIKit.framework; path = System/Library/Frameworks/UIKit.framework; sourceTree = SDKROOT; };
		3CB0483E13CBD5960029875B /* Foundation.framework */ = {isa = PBXFileReference; lastKnownFileType = wrapper.framework; name = Foundation.framework; path = System/Library/Frameworks/Foundation.framework; sourceTree = SDKROOT; };
		3CB0484013CBD5960029875B /* CoreGraphics.framework */ = {isa = PBXFileReference; lastKnownFileType = wrapper.framework; name = CoreGraphics.framework; path = System/Library/Frameworks/CoreGraphics.framework; sourceTree = SDKROOT; };
		3CB0484413CBD5960029875B /* TauGame-Info.plist */ = {isa = PBXFileReference; path = "TauGame-Info.plist"; sourceTree = "<group>"; };
		3CB0484613CBD5960029875B /* en */ = {isa = PBXFileReference; lastKnownFileType = text.plist.strings; name = en; path = en.lproj/InfoPlist.strings; sourceTree = "<group>"; };
		3CB0484813CBD5960029875B /* main.m */ = {isa = PBXFileReference; lastKnownFileType = sourcecode.c.objc; path = main.m; sourceTree = "<group>"; };
		3CB0484A13CBD5960029875B /* TauGame-Prefix.pch */ = {isa = PBXFileReference; path = "TauGame-Prefix.pch"; sourceTree = "<group>"; };
		3CB0484B13CBD5960029875B /* TauGameAppDelegate.h */ = {isa = PBXFileReference; path = TauGameAppDelegate.h; sourceTree = "<group>"; };
		3CB0484C13CBD5960029875B /* TauGameAppDelegate.m */ = {isa = PBXFileReference; lastKnownFileType = sourcecode.c.objc; path = TauGameAppDelegate.m; sourceTree = "<group>"; };
		3CB0485313CBD5970029875B /* TauGameTests.octest */ = {isa = PBXFileReference; explicitFileType = wrapper.cfbundle; includeInIndex = 0; path = TauGameTests.octest; sourceTree = BUILT_PRODUCTS_DIR; };
		3CB0485413CBD5970029875B /* SenTestingKit.framework */ = {isa = PBXFileReference; lastKnownFileType = wrapper.framework; name = SenTestingKit.framework; path = Library/Frameworks/SenTestingKit.framework; sourceTree = DEVELOPER_DIR; };
		3CB0485D13CBD5970029875B /* TauGameTests-Info.plist */ = {isa = PBXFileReference; path = "TauGameTests-Info.plist"; sourceTree = "<group>"; };
		3CB0485F13CBD5970029875B /* en */ = {isa = PBXFileReference; lastKnownFileType = text.plist.strings; name = en; path = en.lproj/InfoPlist.strings; sourceTree = "<group>"; };
		3CB0486113CBD5970029875B /* TauGameTests.h */ = {isa = PBXFileReference; lastKnownFileType = sourcecode.c.h; path = TauGameTests.h; sourceTree = "<group>"; };
		3CB0486313CBD5970029875B /* TauGameTests.m */ = {isa = PBXFileReference; lastKnownFileType = sourcecode.c.objc; path = TauGameTests.m; sourceTree = "<group>"; };
/* End PBXFileReference section */

/* Begin PBXFrameworksBuildPhase section */
		3CB0483513CBD5960029875B /* Frameworks */ = {
			isa = PBXFrameworksBuildPhase;
			buildActionMask = 2147483647;
			files = (
				3CB0483D13CBD5960029875B /* UIKit.framework in Frameworks */,
				3CB0483F13CBD5960029875B /* Foundation.framework in Frameworks */,
				3CB0484113CBD5960029875B /* CoreGraphics.framework in Frameworks */,
			);
			runOnlyForDeploymentPostprocessing = 0;
		};
		3CB0484F13CBD5970029875B /* Frameworks */ = {
			isa = PBXFrameworksBuildPhase;
			buildActionMask = 2147483647;
			files = (
				3CB0485513CBD5970029875B /* SenTestingKit.framework in Frameworks */,
				3CB0485613CBD5970029875B /* UIKit.framework in Frameworks */,
				3CB0485713CBD5970029875B /* Foundation.framework in Frameworks */,
				3CB0485813CBD5970029875B /* CoreGraphics.framework in Frameworks */,
			);
			runOnlyForDeploymentPostprocessing = 0;
		};
/* End PBXFrameworksBuildPhase section */

/* Begin PBXGroup section */
		3CB0482D13CBD5960029875B = {
			isa = PBXGroup;
			children = (
				3CB0484213CBD5960029875B /* TauGame */,
				3CB0485B13CBD5970029875B /* TauGameTests */,
				3CB0483B13CBD5960029875B /* Frameworks */,
				3CB0483913CBD5960029875B /* Products */,
			);
			sourceTree = "<group>";
		};
		3CB0483913CBD5960029875B /* Products */ = {
			isa = PBXGroup;
			children = (
				3CB0483813CBD5960029875B /* TauGame.app */,
				3CB0485313CBD5970029875B /* TauGameTests.octest */,
			);
			name = Products;
			sourceTree = "<group>";
		};
		3CB0483B13CBD5960029875B /* Frameworks */ = {
			isa = PBXGroup;
			children = (
				3CB0483C13CBD5960029875B /* UIKit.framework */,
				3CB0483E13CBD5960029875B /* Foundation.framework */,
				3CB0484013CBD5960029875B /* CoreGraphics.framework */,
				3CB0485413CBD5970029875B /* SenTestingKit.framework */,
			);
			name = Frameworks;
			sourceTree = "<group>";
		};
		3CB0484213CBD5960029875B /* TauGame */ = {
			isa = PBXGroup;
			children = (
				3CB0484B13CBD5960029875B /* TauGameAppDelegate.h */,
				3CB0484C13CBD5960029875B /* TauGameAppDelegate.m */,
				3CB0484313CBD5960029875B /* Supporting Files */,
			);
			path = TauGame;
			sourceTree = "<group>";
		};
		3CB0484313CBD5960029875B /* Supporting Files */ = {
			isa = PBXGroup;
			children = (
				3CB0484413CBD5960029875B /* TauGame-Info.plist */,
				3CB0484513CBD5960029875B /* InfoPlist.strings */,
				3CB0484813CBD5960029875B /* main.m */,
				3CB0484A13CBD5960029875B /* TauGame-Prefix.pch */,
			);
			name = "Supporting Files";
			sourceTree = "<group>";
		};
		3CB0485B13CBD5970029875B /* TauGameTests */ = {
			isa = PBXGroup;
			children = (
				3CB0486113CBD5970029875B /* TauGameTests.h */,
				3CB0486313CBD5970029875B /* TauGameTests.m */,
				3CB0485C13CBD5970029875B /* Supporting Files */,
			);
			path = TauGameTests;
			sourceTree = "<group>";
		};
		3CB0485C13CBD5970029875B /* Supporting Files */ = {
			isa = PBXGroup;
			children = (
				3CB0485D13CBD5970029875B /* TauGameTests-Info.plist */,
				3CB0485E13CBD5970029875B /* InfoPlist.strings */,
			);
			name = "Supporting Files";
			sourceTree = "<group>";
		};
/* End PBXGroup section */

/* Begin PBXNativeTarget section */
		3CB0483713CBD5960029875B /* TauGame */ = {
			isa = PBXNativeTarget;
			buildConfigurationList = 3CB0486713CBD5970029875B /* Build configuration list for PBXNativeTarget "TauGame" */;
			buildPhases = (
				3CB0483413CBD5960029875B /* Sources */,
				3CB0483513CBD5960029875B /* Frameworks */,
				3CB0483613CBD5960029875B /* Resources */,
			);
			buildRules = (
			);
			dependencies = (
			);
			name = TauGame;
			productName = TauGame;
			productReference = 3CB0483813CBD5960029875B /* TauGame.app */;
			productType = "com.apple.product-type.application";
		};
		3CB0485213CBD5970029875B /* TauGameTests */ = {
			isa = PBXNativeTarget;
			buildConfigurationList = 3CB0486A13CBD5970029875B /* Build configuration list for PBXNativeTarget "TauGameTests" */;
			buildPhases = (
				3CB0484E13CBD5970029875B /* Sources */,
				3CB0484F13CBD5970029875B /* Frameworks */,
				3CB0485013CBD5970029875B /* Resources */,
				3CB0485113CBD5970029875B /* ShellScript */,
			);
			buildRules = (
			);
			dependencies = (
				3CB0485A13CBD5970029875B /* PBXTargetDependency */,
			);
			name = TauGameTests;
			productName = TauGameTests;
			productReference = 3CB0485313CBD5970029875B /* TauGameTests.octest */;
			productType = "com.apple.product-type.bundle";
		};
/* End PBXNativeTarget section */

/* Begin PBXProject section */
		3CB0482F13CBD5960029875B /* Project object */ = {
			isa = PBXProject;
			attributes = {
				ORGANIZATIONNAME = "Ian Terrell";
			};
			buildConfigurationList = 3CB0483213CBD5960029875B /* Build configuration list for PBXProject "TauGame" */;
			compatibilityVersion = "Xcode 3.2";
			developmentRegion = English;
			hasScannedForEncodings = 0;
			knownRegions = (
				en,
			);
			mainGroup = 3CB0482D13CBD5960029875B;
			productRefGroup = 3CB0483913CBD5960029875B /* Products */;
			projectDirPath = "";
			projectRoot = "";
			targets = (
				3CB0483713CBD5960029875B /* TauGame */,
				3CB0485213CBD5970029875B /* TauGameTests */,
			);
		};
/* End PBXProject section */

/* Begin PBXResourcesBuildPhase section */
		3CB0483613CBD5960029875B /* Resources */ = {
			isa = PBXResourcesBuildPhase;
			buildActionMask = 2147483647;
			files = (
				3CB0484713CBD5960029875B /* InfoPlist.strings in Resources */,
			);
			runOnlyForDeploymentPostprocessing = 0;
		};
		3CB0485013CBD5970029875B /* Resources */ = {
			isa = PBXResourcesBuildPhase;
			buildActionMask = 2147483647;
			files = (
				3CB0486013CBD5970029875B /* InfoPlist.strings in Resources */,
				3CB0486213CBD5970029875B /* TauGameTests.h in Resources */,
			);
			runOnlyForDeploymentPostprocessing = 0;
		};
/* End PBXResourcesBuildPhase section */

/* Begin PBXShellScriptBuildPhase section */
		3CB0485113CBD5970029875B /* ShellScript */ = {
			isa = PBXShellScriptBuildPhase;
			buildActionMask = 2147483647;
			files = (
			);
			inputPaths = (
			);
			outputPaths = (
			);
			runOnlyForDeploymentPostprocessing = 0;
			shellPath = /bin/sh;
			shellScript = "# Run the unit tests in this test bundle.\n\"${SYSTEM_DEVELOPER_DIR}/Tools/RunUnitTests\"\n";
		};
/* End PBXShellScriptBuildPhase section */

/* Begin PBXSourcesBuildPhase section */
		3CB0483413CBD5960029875B /* Sources */ = {
			isa = PBXSourcesBuildPhase;
			buildActionMask = 2147483647;
			files = (
				3CB0484913CBD5960029875B /* main.m in Sources */,
				3CB0484D13CBD5960029875B /* TauGameAppDelegate.m in Sources */,
			);
			runOnlyForDeploymentPostprocessing = 0;
		};
		3CB0484E13CBD5970029875B /* Sources */ = {
			isa = PBXSourcesBuildPhase;
			buildActionMask = 2147483647;
			files = (
				3CB0486413CBD5970029875B /* TauGameTests.m in Sources */,
			);
			runOnlyForDeploymentPostprocessing = 0;
		};
/* End PBXSourcesBuildPhase section */

/* Begin PBXTargetDependency section */
		3CB0485A13CBD5970029875B /* PBXTargetDependency */ = {
			isa = PBXTargetDependency;
			target = 3CB0483713CBD5960029875B /* TauGame */;
			targetProxy = 3CB0485913CBD5970029875B /* PBXContainerItemProxy */;
		};
/* End PBXTargetDependency section */

/* Begin PBXVariantGroup section */
		3CB0484513CBD5960029875B /* InfoPlist.strings */ = {
			isa = PBXVariantGroup;
			children = (
				3CB0484613CBD5960029875B /* en */,
			);
			name = InfoPlist.strings;
			sourceTree = "<group>";
		};
		3CB0485E13CBD5970029875B /* InfoPlist.strings */ = {
			isa = PBXVariantGroup;
			children = (
				3CB0485F13CBD5970029875B /* en */,
			);
			name = InfoPlist.strings;
			sourceTree = "<group>";
		};
/* End PBXVariantGroup section */

/* Begin XCBuildConfiguration section */
		3CB0486513CBD5970029875B /* Debug */ = {
			isa = XCBuildConfiguration;
			buildSettings = {
				ALWAYS_SEARCH_USER_PATHS = NO;
				ARCHS = "$(ARCHS_STANDARD_32_BIT)";
				CLANG_ENABLE_OBJC_ARC = YES;
				"CODE_SIGN_IDENTITY[sdk=iphoneos*]" = "iPhone Developer";
				COPY_PHASE_STRIP = NO;
				GCC_C_LANGUAGE_STANDARD = gnu99;
				GCC_DYNAMIC_NO_PIC = NO;
				GCC_OPTIMIZATION_LEVEL = 0;
				GCC_PREPROCESSOR_DEFINITIONS = (
					"DEBUG=1",
					"$(inherited)",
				);
				GCC_SYMBOLS_PRIVATE_EXTERN = NO;
				GCC_VERSION = com.apple.compilers.llvm.clang.1_0;
				GCC_WARN_ABOUT_MISSING_PROTOTYPES = YES;
				GCC_WARN_ABOUT_RETURN_TYPE = YES;
				GCC_WARN_UNUSED_VARIABLE = YES;
				IPHONEOS_DEPLOYMENT_TARGET = 5.0;
				SDKROOT = iphoneos;
				TARGETED_DEVICE_FAMILY = "1,2";
			};
			name = Debug;
		};
		3CB0486613CBD5970029875B /* Release */ = {
			isa = XCBuildConfiguration;
			buildSettings = {
				ALWAYS_SEARCH_USER_PATHS = NO;
				ARCHS = "$(ARCHS_STANDARD_32_BIT)";
				CLANG_ENABLE_OBJC_ARC = YES;
				"CODE_SIGN_IDENTITY[sdk=iphoneos*]" = "iPhone Developer";
				COPY_PHASE_STRIP = YES;
				GCC_C_LANGUAGE_STANDARD = gnu99;
				GCC_VERSION = com.apple.compilers.llvm.clang.1_0;
				GCC_WARN_ABOUT_MISSING_PROTOTYPES = YES;
				GCC_WARN_ABOUT_RETURN_TYPE = YES;
				GCC_WARN_UNUSED_VARIABLE = YES;
				IPHONEOS_DEPLOYMENT_TARGET = 5.0;
				OTHER_CFLAGS = "-DNS_BLOCK_ASSERTIONS=1";
				SDKROOT = iphoneos;
				TARGETED_DEVICE_FAMILY = "1,2";
				VALIDATE_PRODUCT = YES;
			};
			name = Release;
		};
		3CB0486813CBD5970029875B /* Debug */ = {
			isa = XCBuildConfiguration;
			buildSettings = {
				GCC_PRECOMPILE_PREFIX_HEADER = YES;
				GCC_PREFIX_HEADER = "TauGame/TauGame-Prefix.pch";
				INFOPLIST_FILE = "TauGame/TauGame-Info.plist";
				PRODUCT_NAME = "$(TARGET_NAME)";
				WRAPPER_EXTENSION = app;
			};
			name = Debug;
		};
		3CB0486913CBD5970029875B /* Release */ = {
			isa = XCBuildConfiguration;
			buildSettings = {
				GCC_PRECOMPILE_PREFIX_HEADER = YES;
				GCC_PREFIX_HEADER = "TauGame/TauGame-Prefix.pch";
				INFOPLIST_FILE = "TauGame/TauGame-Info.plist";
				PRODUCT_NAME = "$(TARGET_NAME)";
				WRAPPER_EXTENSION = app;
			};
			name = Release;
		};
		3CB0486B13CBD5970029875B /* Debug */ = {
			isa = XCBuildConfiguration;
			buildSettings = {
				BUNDLE_LOADER = "$(BUILT_PRODUCTS_DIR)/TauGame.app/TauGame";
				FRAMEWORK_SEARCH_PATHS = (
					"$(SDKROOT)/Developer/Library/Frameworks",
					"$(DEVELOPER_LIBRARY_DIR)/Frameworks",
				);
				GCC_PRECOMPILE_PREFIX_HEADER = YES;
				GCC_PREFIX_HEADER = "TauGame/TauGame-Prefix.pch";
				INFOPLIST_FILE = "TauGameTests/TauGameTests-Info.plist";
				PRODUCT_NAME = "$(TARGET_NAME)";
				TEST_HOST = "$(BUNDLE_LOADER)";
				WRAPPER_EXTENSION = octest;
			};
			name = Debug;
		};
		3CB0486C13CBD5970029875B /* Release */ = {
			isa = XCBuildConfiguration;
			buildSettings = {
				BUNDLE_LOADER = "$(BUILT_PRODUCTS_DIR)/TauGame.app/TauGame";
				FRAMEWORK_SEARCH_PATHS = (
					"$(SDKROOT)/Developer/Library/Frameworks",
					"$(DEVELOPER_LIBRARY_DIR)/Frameworks",
				);
				GCC_PRECOMPILE_PREFIX_HEADER = YES;
				GCC_PREFIX_HEADER = "TauGame/TauGame-Prefix.pch";
				INFOPLIST_FILE = "TauGameTests/TauGameTests-Info.plist";
				PRODUCT_NAME = "$(TARGET_NAME)";
				TEST_HOST = "$(BUNDLE_LOADER)";
				WRAPPER_EXTENSION = octest;
			};
			name = Release;
		};
/* End XCBuildConfiguration section */

/* Begin XCConfigurationList section */
		3CB0483213CBD5960029875B /* Build configuration list for PBXProject "TauGame" */ = {
			isa = XCConfigurationList;
			buildConfigurations = (
				3CB0486513CBD5970029875B /* Debug */,
				3CB0486613CBD5970029875B /* Release */,
			);
			defaultConfigurationIsVisible = 0;
			defaultConfigurationName = Release;
		};
		3CB0486713CBD5970029875B /* Build configuration list for PBXNativeTarget "TauGame" */ = {
			isa = XCConfigurationList;
			buildConfigurations = (
				3CB0486813CBD5970029875B /* Debug */,
				3CB0486913CBD5970029875B /* Release */,
			);
			defaultConfigurationIsVisible = 0;
		};
		3CB0486A13CBD5970029875B /* Build configuration list for PBXNativeTarget "TauGameTests" */ = {
			isa = XCConfigurationList;
			buildConfigurations = (
				3CB0486B13CBD5970029875B /* Debug */,
				3CB0486C13CBD5970029875B /* Release */,
			);
			defaultConfigurationIsVisible = 0;
		};
/* End XCConfigurationList section */
	};
	rootObject = 3CB0482F13CBD5960029875B /* Project object */;
}
